// !$*UTF8*$!
{
	archiveVersion = 1;
	classes = {
	};
	objectVersion = 55;
	objects = {

/* Begin PBXBuildFile section */
		6693A64428348EE200164E4E /* AppDelegate.swift in Sources */ = {isa = PBXBuildFile; fileRef = 6693A64328348EE200164E4E /* AppDelegate.swift */; };
		6693A64628348EE200164E4E /* SceneDelegate.swift in Sources */ = {isa = PBXBuildFile; fileRef = 6693A64528348EE200164E4E /* SceneDelegate.swift */; };
		6693A64828348EE200164E4E /* ViewController.swift in Sources */ = {isa = PBXBuildFile; fileRef = 6693A64728348EE200164E4E /* ViewController.swift */; };
		6693A64B28348EE200164E4E /* Main.storyboard in Resources */ = {isa = PBXBuildFile; fileRef = 6693A64928348EE200164E4E /* Main.storyboard */; };
		6693A64D28348EE400164E4E /* Assets.xcassets in Resources */ = {isa = PBXBuildFile; fileRef = 6693A64C28348EE400164E4E /* Assets.xcassets */; };
		6693A65028348EE400164E4E /* LaunchScreen.storyboard in Resources */ = {isa = PBXBuildFile; fileRef = 6693A64E28348EE400164E4E /* LaunchScreen.storyboard */; };
		6693A65B28348EE400164E4E /* NoneAFTests.swift in Sources */ = {isa = PBXBuildFile; fileRef = 6693A65A28348EE400164E4E /* NoneAFTests.swift */; };
		6693A66528348EE400164E4E /* NoneAFUITests.swift in Sources */ = {isa = PBXBuildFile; fileRef = 6693A66428348EE400164E4E /* NoneAFUITests.swift */; };
		6693A66728348EE400164E4E /* NoneAFUITestsLaunchTests.swift in Sources */ = {isa = PBXBuildFile; fileRef = 6693A66628348EE400164E4E /* NoneAFUITestsLaunchTests.swift */; };
		6693A67428348F0B00164E4E /* ServiceManager.swift in Sources */ = {isa = PBXBuildFile; fileRef = 6693A67328348F0B00164E4E /* ServiceManager.swift */; };
		6693A6762834AE1000164E4E /* ParseModel.swift in Sources */ = {isa = PBXBuildFile; fileRef = 6693A6752834AE1000164E4E /* ParseModel.swift */; };
		6693A6782834AFD700164E4E /* ApiManager.swift in Sources */ = {isa = PBXBuildFile; fileRef = 6693A6772834AFD700164E4E /* ApiManager.swift */; };
/* End PBXBuildFile section */

/* Begin PBXContainerItemProxy section */
		6693A65728348EE400164E4E /* PBXContainerItemProxy */ = {
			isa = PBXContainerItemProxy;
			containerPortal = 6693A63828348EE200164E4E /* Project object */;
			proxyType = 1;
			remoteGlobalIDString = 6693A63F28348EE200164E4E;
			remoteInfo = NoneAF;
		};
		6693A66128348EE400164E4E /* PBXContainerItemProxy */ = {
			isa = PBXContainerItemProxy;
			containerPortal = 6693A63828348EE200164E4E /* Project object */;
			proxyType = 1;
			remoteGlobalIDString = 6693A63F28348EE200164E4E;
			remoteInfo = NoneAF;
		};
/* End PBXContainerItemProxy section */

/* Begin PBXFileReference section */
		6693A64028348EE200164E4E /* NoneAF.app */ = {isa = PBXFileReference; explicitFileType = wrapper.application; includeInIndex = 0; path = NoneAF.app; sourceTree = BUILT_PRODUCTS_DIR; };
		6693A64328348EE200164E4E /* AppDelegate.swift */ = {isa = PBXFileReference; lastKnownFileType = sourcecode.swift; path = AppDelegate.swift; sourceTree = "<group>"; };
		6693A64528348EE200164E4E /* SceneDelegate.swift */ = {isa = PBXFileReference; lastKnownFileType = sourcecode.swift; path = SceneDelegate.swift; sourceTree = "<group>"; };
		6693A64728348EE200164E4E /* ViewController.swift */ = {isa = PBXFileReference; lastKnownFileType = sourcecode.swift; path = ViewController.swift; sourceTree = "<group>"; };
		6693A64A28348EE200164E4E /* Base */ = {isa = PBXFileReference; lastKnownFileType = file.storyboard; name = Base; path = Base.lproj/Main.storyboard; sourceTree = "<group>"; };
		6693A64C28348EE400164E4E /* Assets.xcassets */ = {isa = PBXFileReference; lastKnownFileType = folder.assetcatalog; path = Assets.xcassets; sourceTree = "<group>"; };
		6693A64F28348EE400164E4E /* Base */ = {isa = PBXFileReference; lastKnownFileType = file.storyboard; name = Base; path = Base.lproj/LaunchScreen.storyboard; sourceTree = "<group>"; };
		6693A65128348EE400164E4E /* Info.plist */ = {isa = PBXFileReference; lastKnownFileType = text.plist.xml; path = Info.plist; sourceTree = "<group>"; };
		6693A65628348EE400164E4E /* NoneAFTests.xctest */ = {isa = PBXFileReference; explicitFileType = wrapper.cfbundle; includeInIndex = 0; path = NoneAFTests.xctest; sourceTree = BUILT_PRODUCTS_DIR; };
		6693A65A28348EE400164E4E /* NoneAFTests.swift */ = {isa = PBXFileReference; lastKnownFileType = sourcecode.swift; path = NoneAFTests.swift; sourceTree = "<group>"; };
		6693A66028348EE400164E4E /* NoneAFUITests.xctest */ = {isa = PBXFileReference; explicitFileType = wrapper.cfbundle; includeInIndex = 0; path = NoneAFUITests.xctest; sourceTree = BUILT_PRODUCTS_DIR; };
		6693A66428348EE400164E4E /* NoneAFUITests.swift */ = {isa = PBXFileReference; lastKnownFileType = sourcecode.swift; path = NoneAFUITests.swift; sourceTree = "<group>"; };
		6693A66628348EE400164E4E /* NoneAFUITestsLaunchTests.swift */ = {isa = PBXFileReference; lastKnownFileType = sourcecode.swift; path = NoneAFUITestsLaunchTests.swift; sourceTree = "<group>"; };
		6693A67328348F0B00164E4E /* ServiceManager.swift */ = {isa = PBXFileReference; lastKnownFileType = sourcecode.swift; path = ServiceManager.swift; sourceTree = "<group>"; };
		6693A6752834AE1000164E4E /* ParseModel.swift */ = {isa = PBXFileReference; lastKnownFileType = sourcecode.swift; path = ParseModel.swift; sourceTree = "<group>"; };
		6693A6772834AFD700164E4E /* ApiManager.swift */ = {isa = PBXFileReference; lastKnownFileType = sourcecode.swift; path = ApiManager.swift; sourceTree = "<group>"; };
/* End PBXFileReference section */

/* Begin PBXFrameworksBuildPhase section */
		6693A63D28348EE200164E4E /* Frameworks */ = {
			isa = PBXFrameworksBuildPhase;
			buildActionMask = 2147483647;
			files = (
			);
			runOnlyForDeploymentPostprocessing = 0;
		};
		6693A65328348EE400164E4E /* Frameworks */ = {
			isa = PBXFrameworksBuildPhase;
			buildActionMask = 2147483647;
			files = (
			);
			runOnlyForDeploymentPostprocessing = 0;
		};
		6693A65D28348EE400164E4E /* Frameworks */ = {
			isa = PBXFrameworksBuildPhase;
			buildActionMask = 2147483647;
			files = (
			);
			runOnlyForDeploymentPostprocessing = 0;
		};
/* End PBXFrameworksBuildPhase section */

/* Begin PBXGroup section */
		6693A63728348EE200164E4E = {
			isa = PBXGroup;
			children = (
				6693A64228348EE200164E4E /* NoneAF */,
				6693A65928348EE400164E4E /* NoneAFTests */,
				6693A66328348EE400164E4E /* NoneAFUITests */,
				6693A64128348EE200164E4E /* Products */,
			);
			sourceTree = "<group>";
		};
		6693A64128348EE200164E4E /* Products */ = {
			isa = PBXGroup;
			children = (
				6693A64028348EE200164E4E /* NoneAF.app */,
				6693A65628348EE400164E4E /* NoneAFTests.xctest */,
				6693A66028348EE400164E4E /* NoneAFUITests.xctest */,
			);
			name = Products;
			sourceTree = "<group>";
		};
		6693A64228348EE200164E4E /* NoneAF */ = {
			isa = PBXGroup;
			children = (
				6693A64328348EE200164E4E /* AppDelegate.swift */,
				6693A64528348EE200164E4E /* SceneDelegate.swift */,
				6693A64728348EE200164E4E /* ViewController.swift */,
				6693A67328348F0B00164E4E /* ServiceManager.swift */,
				6693A6772834AFD700164E4E /* ApiManager.swift */,
				6693A6752834AE1000164E4E /* ParseModel.swift */,
				6693A64928348EE200164E4E /* Main.storyboard */,
				6693A64C28348EE400164E4E /* Assets.xcassets */,
				6693A64E28348EE400164E4E /* LaunchScreen.storyboard */,
				6693A65128348EE400164E4E /* Info.plist */,
			);
			path = NoneAF;
			sourceTree = "<group>";
		};
		6693A65928348EE400164E4E /* NoneAFTests */ = {
			isa = PBXGroup;
			children = (
				6693A65A28348EE400164E4E /* NoneAFTests.swift */,
			);
			path = NoneAFTests;
			sourceTree = "<group>";
		};
		6693A66328348EE400164E4E /* NoneAFUITests */ = {
			isa = PBXGroup;
			children = (
				6693A66428348EE400164E4E /* NoneAFUITests.swift */,
				6693A66628348EE400164E4E /* NoneAFUITestsLaunchTests.swift */,
			);
			path = NoneAFUITests;
			sourceTree = "<group>";
		};
/* End PBXGroup section */

/* Begin PBXNativeTarget section */
		6693A63F28348EE200164E4E /* NoneAF */ = {
			isa = PBXNativeTarget;
			buildConfigurationList = 6693A66A28348EE400164E4E /* Build configuration list for PBXNativeTarget "NoneAF" */;
			buildPhases = (
				6693A63C28348EE200164E4E /* Sources */,
				6693A63D28348EE200164E4E /* Frameworks */,
				6693A63E28348EE200164E4E /* Resources */,
			);
			buildRules = (
			);
			dependencies = (
			);
			name = NoneAF;
			productName = NoneAF;
			productReference = 6693A64028348EE200164E4E /* NoneAF.app */;
			productType = "com.apple.product-type.application";
		};
		6693A65528348EE400164E4E /* NoneAFTests */ = {
			isa = PBXNativeTarget;
			buildConfigurationList = 6693A66D28348EE400164E4E /* Build configuration list for PBXNativeTarget "NoneAFTests" */;
			buildPhases = (
				6693A65228348EE400164E4E /* Sources */,
				6693A65328348EE400164E4E /* Frameworks */,
				6693A65428348EE400164E4E /* Resources */,
			);
			buildRules = (
			);
			dependencies = (
				6693A65828348EE400164E4E /* PBXTargetDependency */,
			);
			name = NoneAFTests;
			productName = NoneAFTests;
			productReference = 6693A65628348EE400164E4E /* NoneAFTests.xctest */;
			productType = "com.apple.product-type.bundle.unit-test";
		};
		6693A65F28348EE400164E4E /* NoneAFUITests */ = {
			isa = PBXNativeTarget;
			buildConfigurationList = 6693A67028348EE400164E4E /* Build configuration list for PBXNativeTarget "NoneAFUITests" */;
			buildPhases = (
				6693A65C28348EE400164E4E /* Sources */,
				6693A65D28348EE400164E4E /* Frameworks */,
				6693A65E28348EE400164E4E /* Resources */,
			);
			buildRules = (
			);
			dependencies = (
				6693A66228348EE400164E4E /* PBXTargetDependency */,
			);
			name = NoneAFUITests;
			productName = NoneAFUITests;
			productReference = 6693A66028348EE400164E4E /* NoneAFUITests.xctest */;
			productType = "com.apple.product-type.bundle.ui-testing";
		};
/* End PBXNativeTarget section */

/* Begin PBXProject section */
		6693A63828348EE200164E4E /* Project object */ = {
			isa = PBXProject;
			attributes = {
				BuildIndependentTargetsInParallel = 1;
				LastSwiftUpdateCheck = 1330;
				LastUpgradeCheck = 1330;
				TargetAttributes = {
					6693A63F28348EE200164E4E = {
						CreatedOnToolsVersion = 13.3;
					};
					6693A65528348EE400164E4E = {
						CreatedOnToolsVersion = 13.3;
						TestTargetID = 6693A63F28348EE200164E4E;
					};
					6693A65F28348EE400164E4E = {
						CreatedOnToolsVersion = 13.3;
						TestTargetID = 6693A63F28348EE200164E4E;
					};
				};
			};
			buildConfigurationList = 6693A63B28348EE200164E4E /* Build configuration list for PBXProject "NoneAF" */;
			compatibilityVersion = "Xcode 13.0";
			developmentRegion = en;
			hasScannedForEncodings = 0;
			knownRegions = (
				en,
				Base,
			);
			mainGroup = 6693A63728348EE200164E4E;
			productRefGroup = 6693A64128348EE200164E4E /* Products */;
			projectDirPath = "";
			projectRoot = "";
			targets = (
				6693A63F28348EE200164E4E /* NoneAF */,
				6693A65528348EE400164E4E /* NoneAFTests */,
				6693A65F28348EE400164E4E /* NoneAFUITests */,
			);
		};
/* End PBXProject section */

/* Begin PBXResourcesBuildPhase section */
		6693A63E28348EE200164E4E /* Resources */ = {
			isa = PBXResourcesBuildPhase;
			buildActionMask = 2147483647;
			files = (
				6693A65028348EE400164E4E /* LaunchScreen.storyboard in Resources */,
				6693A64D28348EE400164E4E /* Assets.xcassets in Resources */,
				6693A64B28348EE200164E4E /* Main.storyboard in Resources */,
			);
			runOnlyForDeploymentPostprocessing = 0;
		};
		6693A65428348EE400164E4E /* Resources */ = {
			isa = PBXResourcesBuildPhase;
			buildActionMask = 2147483647;
			files = (
			);
			runOnlyForDeploymentPostprocessing = 0;
		};
		6693A65E28348EE400164E4E /* Resources */ = {
			isa = PBXResourcesBuildPhase;
			buildActionMask = 2147483647;
			files = (
			);
			runOnlyForDeploymentPostprocessing = 0;
		};
/* End PBXResourcesBuildPhase section */

/* Begin PBXSourcesBuildPhase section */
		6693A63C28348EE200164E4E /* Sources */ = {
			isa = PBXSourcesBuildPhase;
			buildActionMask = 2147483647;
			files = (
				6693A64828348EE200164E4E /* ViewController.swift in Sources */,
				6693A64428348EE200164E4E /* AppDelegate.swift in Sources */,
				6693A6762834AE1000164E4E /* ParseModel.swift in Sources */,
				6693A64628348EE200164E4E /* SceneDelegate.swift in Sources */,
				6693A6782834AFD700164E4E /* ApiManager.swift in Sources */,
				6693A67428348F0B00164E4E /* ServiceManager.swift in Sources */,
			);
			runOnlyForDeploymentPostprocessing = 0;
		};
		6693A65228348EE400164E4E /* Sources */ = {
			isa = PBXSourcesBuildPhase;
			buildActionMask = 2147483647;
			files = (
				6693A65B28348EE400164E4E /* NoneAFTests.swift in Sources */,
			);
			runOnlyForDeploymentPostprocessing = 0;
		};
		6693A65C28348EE400164E4E /* Sources */ = {
			isa = PBXSourcesBuildPhase;
			buildActionMask = 2147483647;
			files = (
				6693A66528348EE400164E4E /* NoneAFUITests.swift in Sources */,
				6693A66728348EE400164E4E /* NoneAFUITestsLaunchTests.swift in Sources */,
			);
			runOnlyForDeploymentPostprocessing = 0;
		};
/* End PBXSourcesBuildPhase section */

/* Begin PBXTargetDependency section */
		6693A65828348EE400164E4E /* PBXTargetDependency */ = {
			isa = PBXTargetDependency;
			target = 6693A63F28348EE200164E4E /* NoneAF */;
			targetProxy = 6693A65728348EE400164E4E /* PBXContainerItemProxy */;
		};
		6693A66228348EE400164E4E /* PBXTargetDependency */ = {
			isa = PBXTargetDependency;
			target = 6693A63F28348EE200164E4E /* NoneAF */;
			targetProxy = 6693A66128348EE400164E4E /* PBXContainerItemProxy */;
		};
/* End PBXTargetDependency section */

/* Begin PBXVariantGroup section */
		6693A64928348EE200164E4E /* Main.storyboard */ = {
			isa = PBXVariantGroup;
			children = (
				6693A64A28348EE200164E4E /* Base */,
			);
			name = Main.storyboard;
			sourceTree = "<group>";
		};
		6693A64E28348EE400164E4E /* LaunchScreen.storyboard */ = {
			isa = PBXVariantGroup;
			children = (
				6693A64F28348EE400164E4E /* Base */,
			);
			name = LaunchScreen.storyboard;
			sourceTree = "<group>";
		};
/* End PBXVariantGroup section */

/* Begin XCBuildConfiguration section */
		6693A66828348EE400164E4E /* Debug */ = {
			isa = XCBuildConfiguration;
			buildSettings = {
				ALWAYS_SEARCH_USER_PATHS = NO;
				CLANG_ANALYZER_NONNULL = YES;
				CLANG_ANALYZER_NUMBER_OBJECT_CONVERSION = YES_AGGRESSIVE;
				CLANG_CXX_LANGUAGE_STANDARD = "gnu++17";
				CLANG_ENABLE_MODULES = YES;
				CLANG_ENABLE_OBJC_ARC = YES;
				CLANG_ENABLE_OBJC_WEAK = YES;
				CLANG_WARN_BLOCK_CAPTURE_AUTORELEASING = YES;
				CLANG_WARN_BOOL_CONVERSION = YES;
				CLANG_WARN_COMMA = YES;
				CLANG_WARN_CONSTANT_CONVERSION = YES;
				CLANG_WARN_DEPRECATED_OBJC_IMPLEMENTATIONS = YES;
				CLANG_WARN_DIRECT_OBJC_ISA_USAGE = YES_ERROR;
				CLANG_WARN_DOCUMENTATION_COMMENTS = YES;
				CLANG_WARN_EMPTY_BODY = YES;
				CLANG_WARN_ENUM_CONVERSION = YES;
				CLANG_WARN_INFINITE_RECURSION = YES;
				CLANG_WARN_INT_CONVERSION = YES;
				CLANG_WARN_NON_LITERAL_NULL_CONVERSION = YES;
				CLANG_WARN_OBJC_IMPLICIT_RETAIN_SELF = YES;
				CLANG_WARN_OBJC_LITERAL_CONVERSION = YES;
				CLANG_WARN_OBJC_ROOT_CLASS = YES_ERROR;
				CLANG_WARN_QUOTED_INCLUDE_IN_FRAMEWORK_HEADER = YES;
				CLANG_WARN_RANGE_LOOP_ANALYSIS = YES;
				CLANG_WARN_STRICT_PROTOTYPES = YES;
				CLANG_WARN_SUSPICIOUS_MOVE = YES;
				CLANG_WARN_UNGUARDED_AVAILABILITY = YES_AGGRESSIVE;
				CLANG_WARN_UNREACHABLE_CODE = YES;
				CLANG_WARN__DUPLICATE_METHOD_MATCH = YES;
				COPY_PHASE_STRIP = NO;
				DEBUG_INFORMATION_FORMAT = dwarf;
				ENABLE_STRICT_OBJC_MSGSEND = YES;
				ENABLE_TESTABILITY = YES;
				GCC_C_LANGUAGE_STANDARD = gnu11;
				GCC_DYNAMIC_NO_PIC = NO;
				GCC_NO_COMMON_BLOCKS = YES;
				GCC_OPTIMIZATION_LEVEL = 0;
				GCC_PREPROCESSOR_DEFINITIONS = (
					"DEBUG=1",
					"$(inherited)",
				);
				GCC_WARN_64_TO_32_BIT_CONVERSION = YES;
				GCC_WARN_ABOUT_RETURN_TYPE = YES_ERROR;
				GCC_WARN_UNDECLARED_SELECTOR = YES;
				GCC_WARN_UNINITIALIZED_AUTOS = YES_AGGRESSIVE;
				GCC_WARN_UNUSED_FUNCTION = YES;
				GCC_WARN_UNUSED_VARIABLE = YES;
				IPHONEOS_DEPLOYMENT_TARGET = 15.4;
				MTL_ENABLE_DEBUG_INFO = INCLUDE_SOURCE;
				MTL_FAST_MATH = YES;
				ONLY_ACTIVE_ARCH = YES;
				SDKROOT = iphoneos;
				SWIFT_ACTIVE_COMPILATION_CONDITIONS = DEBUG;
				SWIFT_OPTIMIZATION_LEVEL = "-Onone";
			};
			name = Debug;
		};
		6693A66928348EE400164E4E /* Release */ = {
			isa = XCBuildConfiguration;
			buildSettings = {
				ALWAYS_SEARCH_USER_PATHS = NO;
				CLANG_ANALYZER_NONNULL = YES;
				CLANG_ANALYZER_NUMBER_OBJECT_CONVERSION = YES_AGGRESSIVE;
				CLANG_CXX_LANGUAGE_STANDARD = "gnu++17";
				CLANG_ENABLE_MODULES = YES;
				CLANG_ENABLE_OBJC_ARC = YES;
				CLANG_ENABLE_OBJC_WEAK = YES;
				CLANG_WARN_BLOCK_CAPTURE_AUTORELEASING = YES;
				CLANG_WARN_BOOL_CONVERSION = YES;
				CLANG_WARN_COMMA = YES;
				CLANG_WARN_CONSTANT_CONVERSION = YES;
				CLANG_WARN_DEPRECATED_OBJC_IMPLEMENTATIONS = YES;
				CLANG_WARN_DIRECT_OBJC_ISA_USAGE = YES_ERROR;
				CLANG_WARN_DOCUMENTATION_COMMENTS = YES;
				CLANG_WARN_EMPTY_BODY = YES;
				CLANG_WARN_ENUM_CONVERSION = YES;
				CLANG_WARN_INFINITE_RECURSION = YES;
				CLANG_WARN_INT_CONVERSION = YES;
				CLANG_WARN_NON_LITERAL_NULL_CONVERSION = YES;
				CLANG_WARN_OBJC_IMPLICIT_RETAIN_SELF = YES;
				CLANG_WARN_OBJC_LITERAL_CONVERSION = YES;
				CLANG_WARN_OBJC_ROOT_CLASS = YES_ERROR;
				CLANG_WARN_QUOTED_INCLUDE_IN_FRAMEWORK_HEADER = YES;
				CLANG_WARN_RANGE_LOOP_ANALYSIS = YES;
				CLANG_WARN_STRICT_PROTOTYPES = YES;
				CLANG_WARN_SUSPICIOUS_MOVE = YES;
				CLANG_WARN_UNGUARDED_AVAILABILITY = YES_AGGRESSIVE;
				CLANG_WARN_UNREACHABLE_CODE = YES;
				CLANG_WARN__DUPLICATE_METHOD_MATCH = YES;
				COPY_PHASE_STRIP = NO;
				DEBUG_INFORMATION_FORMAT = "dwarf-with-dsym";
				ENABLE_NS_ASSERTIONS = NO;
				ENABLE_STRICT_OBJC_MSGSEND = YES;
				GCC_C_LANGUAGE_STANDARD = gnu11;
				GCC_NO_COMMON_BLOCKS = YES;
				GCC_WARN_64_TO_32_BIT_CONVERSION = YES;
				GCC_WARN_ABOUT_RETURN_TYPE = YES_ERROR;
				GCC_WARN_UNDECLARED_SELECTOR = YES;
				GCC_WARN_UNINITIALIZED_AUTOS = YES_AGGRESSIVE;
				GCC_WARN_UNUSED_FUNCTION = YES;
				GCC_WARN_UNUSED_VARIABLE = YES;
				IPHONEOS_DEPLOYMENT_TARGET = 15.4;
				MTL_ENABLE_DEBUG_INFO = NO;
				MTL_FAST_MATH = YES;
				SDKROOT = iphoneos;
				SWIFT_COMPILATION_MODE = wholemodule;
				SWIFT_OPTIMIZATION_LEVEL = "-O";
				VALIDATE_PRODUCT = YES;
			};
			name = Release;
		};
		6693A66B28348EE400164E4E /* Debug */ = {
			isa = XCBuildConfiguration;
			buildSettings = {
				ASSETCATALOG_COMPILER_APPICON_NAME = AppIcon;
				ASSETCATALOG_COMPILER_GLOBAL_ACCENT_COLOR_NAME = AccentColor;
				CODE_SIGN_STYLE = Automatic;
				CURRENT_PROJECT_VERSION = 1;
				DEVELOPMENT_TEAM = 4LSK5RV54C;
				GENERATE_INFOPLIST_FILE = YES;
				INFOPLIST_FILE = NoneAF/Info.plist;
				INFOPLIST_KEY_UIApplicationSupportsIndirectInputEvents = YES;
				INFOPLIST_KEY_UILaunchStoryboardName = LaunchScreen;
				INFOPLIST_KEY_UIMainStoryboardFile = Main;
				INFOPLIST_KEY_UISupportedInterfaceOrientations_iPad = "UIInterfaceOrientationPortrait UIInterfaceOrientationPortraitUpsideDown UIInterfaceOrientationLandscapeLeft UIInterfaceOrientationLandscapeRight";
				INFOPLIST_KEY_UISupportedInterfaceOrientations_iPhone = "UIInterfaceOrientationPortrait UIInterfaceOrientationLandscapeLeft UIInterfaceOrientationLandscapeRight";
				LD_RUNPATH_SEARCH_PATHS = (
					"$(inherited)",
					"@executable_path/Frameworks",
				);
				MARKETING_VERSION = 1.0;
				PRODUCT_BUNDLE_IDENTIFIER = com.yeong.NoneAF;
				PRODUCT_NAME = "$(TARGET_NAME)";
				SWIFT_EMIT_LOC_STRINGS = YES;
				SWIFT_VERSION = 5.0;
				TARGETED_DEVICE_FAMILY = "1,2";
			};
			name = Debug;
		};
		6693A66C28348EE400164E4E /* Release */ = {
			isa = XCBuildConfiguration;
			buildSettings = {
				ASSETCATALOG_COMPILER_APPICON_NAME = AppIcon;
				ASSETCATALOG_COMPILER_GLOBAL_ACCENT_COLOR_NAME = AccentColor;
				CODE_SIGN_STYLE = Automatic;
				CURRENT_PROJECT_VERSION = 1;
				DEVELOPMENT_TEAM = 4LSK5RV54C;
				GENERATE_INFOPLIST_FILE = YES;
				INFOPLIST_FILE = NoneAF/Info.plist;
				INFOPLIST_KEY_UIApplicationSupportsIndirectInputEvents = YES;
				INFOPLIST_KEY_UILaunchStoryboardName = LaunchScreen;
				INFOPLIST_KEY_UIMainStoryboardFile = Main;
				INFOPLIST_KEY_UISupportedInterfaceOrientations_iPad = "UIInterfaceOrientationPortrait UIInterfaceOrientationPortraitUpsideDown UIInterfaceOrientationLandscapeLeft UIInterfaceOrientationLandscapeRight";
				INFOPLIST_KEY_UISupportedInterfaceOrientations_iPhone = "UIInterfaceOrientationPortrait UIInterfaceOrientationLandscapeLeft UIInterfaceOrientationLandscapeRight";
				LD_RUNPATH_SEARCH_PATHS = (
					"$(inherited)",
					"@executable_path/Frameworks",
				);
				MARKETING_VERSION = 1.0;
				PRODUCT_BUNDLE_IDENTIFIER = com.yeong.NoneAF;
				PRODUCT_NAME = "$(TARGET_NAME)";
				SWIFT_EMIT_LOC_STRINGS = YES;
				SWIFT_VERSION = 5.0;
				TARGETED_DEVICE_FAMILY = "1,2";
			};
			name = Release;
		};
		6693A66E28348EE400164E4E /* Debug */ = {
			isa = XCBuildConfiguration;
			buildSettings = {
				ALWAYS_EMBED_SWIFT_STANDARD_LIBRARIES = YES;
				BUNDLE_LOADER = "$(TEST_HOST)";
				CODE_SIGN_STYLE = Automatic;
				CURRENT_PROJECT_VERSION = 1;
				DEVELOPMENT_TEAM = 4LSK5RV54C;
				GENERATE_INFOPLIST_FILE = YES;
				IPHONEOS_DEPLOYMENT_TARGET = 15.4;
				MARKETING_VERSION = 1.0;
				PRODUCT_BUNDLE_IDENTIFIER = com.yeong.NoneAFTests;
				PRODUCT_NAME = "$(TARGET_NAME)";
				SWIFT_EMIT_LOC_STRINGS = NO;
				SWIFT_VERSION = 5.0;
				TARGETED_DEVICE_FAMILY = "1,2";
				TEST_HOST = "$(BUILT_PRODUCTS_DIR)/NoneAF.app/NoneAF";
			};
			name = Debug;
		};
		6693A66F28348EE400164E4E /* Release */ = {
			isa = XCBuildConfiguration;
			buildSettings = {
				ALWAYS_EMBED_SWIFT_STANDARD_LIBRARIES = YES;
				BUNDLE_LOADER = "$(TEST_HOST)";
				CODE_SIGN_STYLE = Automatic;
				CURRENT_PROJECT_VERSION = 1;
				DEVELOPMENT_TEAM = 4LSK5RV54C;
				GENERATE_INFOPLIST_FILE = YES;
				IPHONEOS_DEPLOYMENT_TARGET = 15.4;
				MARKETING_VERSION = 1.0;
				PRODUCT_BUNDLE_IDENTIFIER = com.yeong.NoneAFTests;
				PRODUCT_NAME = "$(TARGET_NAME)";
				SWIFT_EMIT_LOC_STRINGS = NO;
				SWIFT_VERSION = 5.0;
				TARGETED_DEVICE_FAMILY = "1,2";
				TEST_HOST = "$(BUILT_PRODUCTS_DIR)/NoneAF.app/NoneAF";
			};
			name = Release;
		};
		6693A67128348EE400164E4E /* Debug */ = {
			isa = XCBuildConfiguration;
			buildSettings = {
				ALWAYS_EMBED_SWIFT_STANDARD_LIBRARIES = YES;
				CODE_SIGN_STYLE = Automatic;
				CURRENT_PROJECT_VERSION = 1;
				DEVELOPMENT_TEAM = 4LSK5RV54C;
				GENERATE_INFOPLIST_FILE = YES;
				MARKETING_VERSION = 1.0;
				PRODUCT_BUNDLE_IDENTIFIER = com.yeong.NoneAFUITests;
				PRODUCT_NAME = "$(TARGET_NAME)";
				SWIFT_EMIT_LOC_STRINGS = NO;
				SWIFT_VERSION = 5.0;
				TARGETED_DEVICE_FAMILY = "1,2";
				TEST_TARGET_NAME = NoneAF;
			};
			name = Debug;
		};
		6693A67228348EE400164E4E /* Release */ = {
			isa = XCBuildConfiguration;
			buildSettings = {
				ALWAYS_EMBED_SWIFT_STANDARD_LIBRARIES = YES;
				CODE_SIGN_STYLE = Automatic;
				CURRENT_PROJECT_VERSION = 1;
				DEVELOPMENT_TEAM = 4LSK5RV54C;
				GENERATE_INFOPLIST_FILE = YES;
				MARKETING_VERSION = 1.0;
				PRODUCT_BUNDLE_IDENTIFIER = com.yeong.NoneAFUITests;
				PRODUCT_NAME = "$(TARGET_NAME)";
				SWIFT_EMIT_LOC_STRINGS = NO;
				SWIFT_VERSION = 5.0;
				TARGETED_DEVICE_FAMILY = "1,2";
				TEST_TARGET_NAME = NoneAF;
			};
			name = Release;
		};
/* End XCBuildConfiguration section */

/* Begin XCConfigurationList section */
		6693A63B28348EE200164E4E /* Build configuration list for PBXProject "NoneAF" */ = {
			isa = XCConfigurationList;
			buildConfigurations = (
				6693A66828348EE400164E4E /* Debug */,
				6693A66928348EE400164E4E /* Release */,
			);
			defaultConfigurationIsVisible = 0;
			defaultConfigurationName = Release;
		};
		6693A66A28348EE400164E4E /* Build configuration list for PBXNativeTarget "NoneAF" */ = {
			isa = XCConfigurationList;
			buildConfigurations = (
				6693A66B28348EE400164E4E /* Debug */,
				6693A66C28348EE400164E4E /* Release */,
			);
			defaultConfigurationIsVisible = 0;
			defaultConfigurationName = Release;
		};
		6693A66D28348EE400164E4E /* Build configuration list for PBXNativeTarget "NoneAFTests" */ = {
			isa = XCConfigurationList;
			buildConfigurations = (
				6693A66E28348EE400164E4E /* Debug */,
				6693A66F28348EE400164E4E /* Release */,
			);
			defaultConfigurationIsVisible = 0;
			defaultConfigurationName = Release;
		};
		6693A67028348EE400164E4E /* Build configuration list for PBXNativeTarget "NoneAFUITests" */ = {
			isa = XCConfigurationList;
			buildConfigurations = (
				6693A67128348EE400164E4E /* Debug */,
				6693A67228348EE400164E4E /* Release */,
			);
			defaultConfigurationIsVisible = 0;
			defaultConfigurationName = Release;
		};
/* End XCConfigurationList section */
	};
	rootObject = 6693A63828348EE200164E4E /* Project object */;
}
