// !$*UTF8*$!
{
	archiveVersion = 1;
	classes = {
	};
	objectVersion = 55;
	objects = {

/* Begin PBXBuildFile section */
		6693A5F8283216D800164E4E /* AppDelegate.swift in Sources */ = {isa = PBXBuildFile; fileRef = 6693A5F7283216D800164E4E /* AppDelegate.swift */; };
		6693A5FA283216D800164E4E /* SceneDelegate.swift in Sources */ = {isa = PBXBuildFile; fileRef = 6693A5F9283216D800164E4E /* SceneDelegate.swift */; };
		6693A5FC283216D800164E4E /* ViewController.swift in Sources */ = {isa = PBXBuildFile; fileRef = 6693A5FB283216D800164E4E /* ViewController.swift */; };
		6693A601283216D900164E4E /* Assets.xcassets in Resources */ = {isa = PBXBuildFile; fileRef = 6693A600283216D900164E4E /* Assets.xcassets */; };
		6693A604283216D900164E4E /* LaunchScreen.storyboard in Resources */ = {isa = PBXBuildFile; fileRef = 6693A602283216D900164E4E /* LaunchScreen.storyboard */; };
		6693A60F283216D900164E4E /* Camera_demoTests.swift in Sources */ = {isa = PBXBuildFile; fileRef = 6693A60E283216D900164E4E /* Camera_demoTests.swift */; };
		6693A619283216D900164E4E /* Camera_demoUITests.swift in Sources */ = {isa = PBXBuildFile; fileRef = 6693A618283216D900164E4E /* Camera_demoUITests.swift */; };
		6693A61B283216D900164E4E /* Camera_demoUITestsLaunchTests.swift in Sources */ = {isa = PBXBuildFile; fileRef = 6693A61A283216D900164E4E /* Camera_demoUITestsLaunchTests.swift */; };
		6693A62C28321C1700164E4E /* Main.storyboard in Resources */ = {isa = PBXBuildFile; fileRef = 6693A62B28321C1700164E4E /* Main.storyboard */; };
/* End PBXBuildFile section */

/* Begin PBXContainerItemProxy section */
		6693A60B283216D900164E4E /* PBXContainerItemProxy */ = {
			isa = PBXContainerItemProxy;
			containerPortal = 6693A5EC283216D800164E4E /* Project object */;
			proxyType = 1;
			remoteGlobalIDString = 6693A5F3283216D800164E4E;
			remoteInfo = Camera_demo;
		};
		6693A615283216D900164E4E /* PBXContainerItemProxy */ = {
			isa = PBXContainerItemProxy;
			containerPortal = 6693A5EC283216D800164E4E /* Project object */;
			proxyType = 1;
			remoteGlobalIDString = 6693A5F3283216D800164E4E;
			remoteInfo = Camera_demo;
		};
/* End PBXContainerItemProxy section */

/* Begin PBXFileReference section */
		6693A5F4283216D800164E4E /* Camera_demo.app */ = {isa = PBXFileReference; explicitFileType = wrapper.application; includeInIndex = 0; path = Camera_demo.app; sourceTree = BUILT_PRODUCTS_DIR; };
		6693A5F7283216D800164E4E /* AppDelegate.swift */ = {isa = PBXFileReference; lastKnownFileType = sourcecode.swift; path = AppDelegate.swift; sourceTree = "<group>"; };
		6693A5F9283216D800164E4E /* SceneDelegate.swift */ = {isa = PBXFileReference; lastKnownFileType = sourcecode.swift; path = SceneDelegate.swift; sourceTree = "<group>"; };
		6693A5FB283216D800164E4E /* ViewController.swift */ = {isa = PBXFileReference; lastKnownFileType = sourcecode.swift; path = ViewController.swift; sourceTree = "<group>"; };
		6693A600283216D900164E4E /* Assets.xcassets */ = {isa = PBXFileReference; lastKnownFileType = folder.assetcatalog; path = Assets.xcassets; sourceTree = "<group>"; };
		6693A603283216D900164E4E /* Base */ = {isa = PBXFileReference; lastKnownFileType = file.storyboard; name = Base; path = Base.lproj/LaunchScreen.storyboard; sourceTree = "<group>"; };
		6693A605283216D900164E4E /* Info.plist */ = {isa = PBXFileReference; lastKnownFileType = text.plist.xml; path = Info.plist; sourceTree = "<group>"; };
		6693A60A283216D900164E4E /* Camera_demoTests.xctest */ = {isa = PBXFileReference; explicitFileType = wrapper.cfbundle; includeInIndex = 0; path = Camera_demoTests.xctest; sourceTree = BUILT_PRODUCTS_DIR; };
		6693A60E283216D900164E4E /* Camera_demoTests.swift */ = {isa = PBXFileReference; lastKnownFileType = sourcecode.swift; path = Camera_demoTests.swift; sourceTree = "<group>"; };
		6693A614283216D900164E4E /* Camera_demoUITests.xctest */ = {isa = PBXFileReference; explicitFileType = wrapper.cfbundle; includeInIndex = 0; path = Camera_demoUITests.xctest; sourceTree = BUILT_PRODUCTS_DIR; };
		6693A618283216D900164E4E /* Camera_demoUITests.swift */ = {isa = PBXFileReference; lastKnownFileType = sourcecode.swift; path = Camera_demoUITests.swift; sourceTree = "<group>"; };
		6693A61A283216D900164E4E /* Camera_demoUITestsLaunchTests.swift */ = {isa = PBXFileReference; lastKnownFileType = sourcecode.swift; path = Camera_demoUITestsLaunchTests.swift; sourceTree = "<group>"; };
		6693A62B28321C1700164E4E /* Main.storyboard */ = {isa = PBXFileReference; fileEncoding = 4; lastKnownFileType = file.storyboard; path = Main.storyboard; sourceTree = "<group>"; };
/* End PBXFileReference section */

/* Begin PBXFrameworksBuildPhase section */
		6693A5F1283216D800164E4E /* Frameworks */ = {
			isa = PBXFrameworksBuildPhase;
			buildActionMask = 2147483647;
			files = (
			);
			runOnlyForDeploymentPostprocessing = 0;
		};
		6693A607283216D900164E4E /* Frameworks */ = {
			isa = PBXFrameworksBuildPhase;
			buildActionMask = 2147483647;
			files = (
			);
			runOnlyForDeploymentPostprocessing = 0;
		};
		6693A611283216D900164E4E /* Frameworks */ = {
			isa = PBXFrameworksBuildPhase;
			buildActionMask = 2147483647;
			files = (
			);
			runOnlyForDeploymentPostprocessing = 0;
		};
/* End PBXFrameworksBuildPhase section */

/* Begin PBXGroup section */
		6693A5EB283216D800164E4E = {
			isa = PBXGroup;
			children = (
				6693A5F6283216D800164E4E /* Camera_demo */,
				6693A60D283216D900164E4E /* Camera_demoTests */,
				6693A617283216D900164E4E /* Camera_demoUITests */,
				6693A5F5283216D800164E4E /* Products */,
			);
			sourceTree = "<group>";
		};
		6693A5F5283216D800164E4E /* Products */ = {
			isa = PBXGroup;
			children = (
				6693A5F4283216D800164E4E /* Camera_demo.app */,
				6693A60A283216D900164E4E /* Camera_demoTests.xctest */,
				6693A614283216D900164E4E /* Camera_demoUITests.xctest */,
			);
			name = Products;
			sourceTree = "<group>";
		};
		6693A5F6283216D800164E4E /* Camera_demo */ = {
			isa = PBXGroup;
			children = (
				6693A5F7283216D800164E4E /* AppDelegate.swift */,
				6693A5F9283216D800164E4E /* SceneDelegate.swift */,
				6693A5FB283216D800164E4E /* ViewController.swift */,
				6693A62B28321C1700164E4E /* Main.storyboard */,
				6693A600283216D900164E4E /* Assets.xcassets */,
				6693A602283216D900164E4E /* LaunchScreen.storyboard */,
				6693A605283216D900164E4E /* Info.plist */,
			);
			path = Camera_demo;
			sourceTree = "<group>";
		};
		6693A60D283216D900164E4E /* Camera_demoTests */ = {
			isa = PBXGroup;
			children = (
				6693A60E283216D900164E4E /* Camera_demoTests.swift */,
			);
			path = Camera_demoTests;
			sourceTree = "<group>";
		};
		6693A617283216D900164E4E /* Camera_demoUITests */ = {
			isa = PBXGroup;
			children = (
				6693A618283216D900164E4E /* Camera_demoUITests.swift */,
				6693A61A283216D900164E4E /* Camera_demoUITestsLaunchTests.swift */,
			);
			path = Camera_demoUITests;
			sourceTree = "<group>";
		};
/* End PBXGroup section */

/* Begin PBXNativeTarget section */
		6693A5F3283216D800164E4E /* Camera_demo */ = {
			isa = PBXNativeTarget;
			buildConfigurationList = 6693A61E283216D900164E4E /* Build configuration list for PBXNativeTarget "Camera_demo" */;
			buildPhases = (
				6693A5F0283216D800164E4E /* Sources */,
				6693A5F1283216D800164E4E /* Frameworks */,
				6693A5F2283216D800164E4E /* Resources */,
			);
			buildRules = (
			);
			dependencies = (
			);
			name = Camera_demo;
			productName = Camera_demo;
			productReference = 6693A5F4283216D800164E4E /* Camera_demo.app */;
			productType = "com.apple.product-type.application";
		};
		6693A609283216D900164E4E /* Camera_demoTests */ = {
			isa = PBXNativeTarget;
			buildConfigurationList = 6693A621283216D900164E4E /* Build configuration list for PBXNativeTarget "Camera_demoTests" */;
			buildPhases = (
				6693A606283216D900164E4E /* Sources */,
				6693A607283216D900164E4E /* Frameworks */,
				6693A608283216D900164E4E /* Resources */,
			);
			buildRules = (
			);
			dependencies = (
				6693A60C283216D900164E4E /* PBXTargetDependency */,
			);
			name = Camera_demoTests;
			productName = Camera_demoTests;
			productReference = 6693A60A283216D900164E4E /* Camera_demoTests.xctest */;
			productType = "com.apple.product-type.bundle.unit-test";
		};
		6693A613283216D900164E4E /* Camera_demoUITests */ = {
			isa = PBXNativeTarget;
			buildConfigurationList = 6693A624283216D900164E4E /* Build configuration list for PBXNativeTarget "Camera_demoUITests" */;
			buildPhases = (
				6693A610283216D900164E4E /* Sources */,
				6693A611283216D900164E4E /* Frameworks */,
				6693A612283216D900164E4E /* Resources */,
			);
			buildRules = (
			);
			dependencies = (
				6693A616283216D900164E4E /* PBXTargetDependency */,
			);
			name = Camera_demoUITests;
			productName = Camera_demoUITests;
			productReference = 6693A614283216D900164E4E /* Camera_demoUITests.xctest */;
			productType = "com.apple.product-type.bundle.ui-testing";
		};
/* End PBXNativeTarget section */

/* Begin PBXProject section */
		6693A5EC283216D800164E4E /* Project object */ = {
			isa = PBXProject;
			attributes = {
				BuildIndependentTargetsInParallel = 1;
				LastSwiftUpdateCheck = 1330;
				LastUpgradeCheck = 1330;
				TargetAttributes = {
					6693A5F3283216D800164E4E = {
						CreatedOnToolsVersion = 13.3;
					};
					6693A609283216D900164E4E = {
						CreatedOnToolsVersion = 13.3;
						TestTargetID = 6693A5F3283216D800164E4E;
					};
					6693A613283216D900164E4E = {
						CreatedOnToolsVersion = 13.3;
						TestTargetID = 6693A5F3283216D800164E4E;
					};
				};
			};
			buildConfigurationList = 6693A5EF283216D800164E4E /* Build configuration list for PBXProject "Camera_demo" */;
			compatibilityVersion = "Xcode 13.0";
			developmentRegion = en;
			hasScannedForEncodings = 0;
			knownRegions = (
				en,
				Base,
			);
			mainGroup = 6693A5EB283216D800164E4E;
			productRefGroup = 6693A5F5283216D800164E4E /* Products */;
			projectDirPath = "";
			projectRoot = "";
			targets = (
				6693A5F3283216D800164E4E /* Camera_demo */,
				6693A609283216D900164E4E /* Camera_demoTests */,
				6693A613283216D900164E4E /* Camera_demoUITests */,
			);
		};
/* End PBXProject section */

/* Begin PBXResourcesBuildPhase section */
		6693A5F2283216D800164E4E /* Resources */ = {
			isa = PBXResourcesBuildPhase;
			buildActionMask = 2147483647;
			files = (
				6693A62C28321C1700164E4E /* Main.storyboard in Resources */,
				6693A604283216D900164E4E /* LaunchScreen.storyboard in Resources */,
				6693A601283216D900164E4E /* Assets.xcassets in Resources */,
			);
			runOnlyForDeploymentPostprocessing = 0;
		};
		6693A608283216D900164E4E /* Resources */ = {
			isa = PBXResourcesBuildPhase;
			buildActionMask = 2147483647;
			files = (
			);
			runOnlyForDeploymentPostprocessing = 0;
		};
		6693A612283216D900164E4E /* Resources */ = {
			isa = PBXResourcesBuildPhase;
			buildActionMask = 2147483647;
			files = (
			);
			runOnlyForDeploymentPostprocessing = 0;
		};
/* End PBXResourcesBuildPhase section */

/* Begin PBXSourcesBuildPhase section */
		6693A5F0283216D800164E4E /* Sources */ = {
			isa = PBXSourcesBuildPhase;
			buildActionMask = 2147483647;
			files = (
				6693A5FC283216D800164E4E /* ViewController.swift in Sources */,
				6693A5F8283216D800164E4E /* AppDelegate.swift in Sources */,
				6693A5FA283216D800164E4E /* SceneDelegate.swift in Sources */,
			);
			runOnlyForDeploymentPostprocessing = 0;
		};
		6693A606283216D900164E4E /* Sources */ = {
			isa = PBXSourcesBuildPhase;
			buildActionMask = 2147483647;
			files = (
				6693A60F283216D900164E4E /* Camera_demoTests.swift in Sources */,
			);
			runOnlyForDeploymentPostprocessing = 0;
		};
		6693A610283216D900164E4E /* Sources */ = {
			isa = PBXSourcesBuildPhase;
			buildActionMask = 2147483647;
			files = (
				6693A61B283216D900164E4E /* Camera_demoUITestsLaunchTests.swift in Sources */,
				6693A619283216D900164E4E /* Camera_demoUITests.swift in Sources */,
			);
			runOnlyForDeploymentPostprocessing = 0;
		};
/* End PBXSourcesBuildPhase section */

/* Begin PBXTargetDependency section */
		6693A60C283216D900164E4E /* PBXTargetDependency */ = {
			isa = PBXTargetDependency;
			target = 6693A5F3283216D800164E4E /* Camera_demo */;
			targetProxy = 6693A60B283216D900164E4E /* PBXContainerItemProxy */;
		};
		6693A616283216D900164E4E /* PBXTargetDependency */ = {
			isa = PBXTargetDependency;
			target = 6693A5F3283216D800164E4E /* Camera_demo */;
			targetProxy = 6693A615283216D900164E4E /* PBXContainerItemProxy */;
		};
/* End PBXTargetDependency section */

/* Begin PBXVariantGroup section */
		6693A602283216D900164E4E /* LaunchScreen.storyboard */ = {
			isa = PBXVariantGroup;
			children = (
				6693A603283216D900164E4E /* Base */,
			);
			name = LaunchScreen.storyboard;
			sourceTree = "<group>";
		};
/* End PBXVariantGroup section */

/* Begin XCBuildConfiguration section */
		6693A61C283216D900164E4E /* Debug */ = {
			isa = XCBuildConfiguration;
			buildSettings = {
				ALWAYS_SEARCH_USER_PATHS = NO;
				CLANG_ANALYZER_NONNULL = YES;
				CLANG_ANALYZER_NUMBER_OBJECT_CONVERSION = YES_AGGRESSIVE;
				CLANG_CXX_LANGUAGE_STANDARD = "gnu++17";
				CLANG_ENABLE_MODULES = YES;
				CLANG_ENABLE_OBJC_ARC = YES;
				CLANG_ENABLE_OBJC_WEAK = YES;
				CLANG_WARN_BLOCK_CAPTURE_AUTORELEASING = YES;
				CLANG_WARN_BOOL_CONVERSION = YES;
				CLANG_WARN_COMMA = YES;
				CLANG_WARN_CONSTANT_CONVERSION = YES;
				CLANG_WARN_DEPRECATED_OBJC_IMPLEMENTATIONS = YES;
				CLANG_WARN_DIRECT_OBJC_ISA_USAGE = YES_ERROR;
				CLANG_WARN_DOCUMENTATION_COMMENTS = YES;
				CLANG_WARN_EMPTY_BODY = YES;
				CLANG_WARN_ENUM_CONVERSION = YES;
				CLANG_WARN_INFINITE_RECURSION = YES;
				CLANG_WARN_INT_CONVERSION = YES;
				CLANG_WARN_NON_LITERAL_NULL_CONVERSION = YES;
				CLANG_WARN_OBJC_IMPLICIT_RETAIN_SELF = YES;
				CLANG_WARN_OBJC_LITERAL_CONVERSION = YES;
				CLANG_WARN_OBJC_ROOT_CLASS = YES_ERROR;
				CLANG_WARN_QUOTED_INCLUDE_IN_FRAMEWORK_HEADER = YES;
				CLANG_WARN_RANGE_LOOP_ANALYSIS = YES;
				CLANG_WARN_STRICT_PROTOTYPES = YES;
				CLANG_WARN_SUSPICIOUS_MOVE = YES;
				CLANG_WARN_UNGUARDED_AVAILABILITY = YES_AGGRESSIVE;
				CLANG_WARN_UNREACHABLE_CODE = YES;
				CLANG_WARN__DUPLICATE_METHOD_MATCH = YES;
				COPY_PHASE_STRIP = NO;
				DEBUG_INFORMATION_FORMAT = dwarf;
				ENABLE_STRICT_OBJC_MSGSEND = YES;
				ENABLE_TESTABILITY = YES;
				GCC_C_LANGUAGE_STANDARD = gnu11;
				GCC_DYNAMIC_NO_PIC = NO;
				GCC_NO_COMMON_BLOCKS = YES;
				GCC_OPTIMIZATION_LEVEL = 0;
				GCC_PREPROCESSOR_DEFINITIONS = (
					"DEBUG=1",
					"$(inherited)",
				);
				GCC_WARN_64_TO_32_BIT_CONVERSION = YES;
				GCC_WARN_ABOUT_RETURN_TYPE = YES_ERROR;
				GCC_WARN_UNDECLARED_SELECTOR = YES;
				GCC_WARN_UNINITIALIZED_AUTOS = YES_AGGRESSIVE;
				GCC_WARN_UNUSED_FUNCTION = YES;
				GCC_WARN_UNUSED_VARIABLE = YES;
				IPHONEOS_DEPLOYMENT_TARGET = 15.4;
				MTL_ENABLE_DEBUG_INFO = INCLUDE_SOURCE;
				MTL_FAST_MATH = YES;
				ONLY_ACTIVE_ARCH = YES;
				SDKROOT = iphoneos;
				SWIFT_ACTIVE_COMPILATION_CONDITIONS = DEBUG;
				SWIFT_OPTIMIZATION_LEVEL = "-Onone";
			};
			name = Debug;
		};
		6693A61D283216D900164E4E /* Release */ = {
			isa = XCBuildConfiguration;
			buildSettings = {
				ALWAYS_SEARCH_USER_PATHS = NO;
				CLANG_ANALYZER_NONNULL = YES;
				CLANG_ANALYZER_NUMBER_OBJECT_CONVERSION = YES_AGGRESSIVE;
				CLANG_CXX_LANGUAGE_STANDARD = "gnu++17";
				CLANG_ENABLE_MODULES = YES;
				CLANG_ENABLE_OBJC_ARC = YES;
				CLANG_ENABLE_OBJC_WEAK = YES;
				CLANG_WARN_BLOCK_CAPTURE_AUTORELEASING = YES;
				CLANG_WARN_BOOL_CONVERSION = YES;
				CLANG_WARN_COMMA = YES;
				CLANG_WARN_CONSTANT_CONVERSION = YES;
				CLANG_WARN_DEPRECATED_OBJC_IMPLEMENTATIONS = YES;
				CLANG_WARN_DIRECT_OBJC_ISA_USAGE = YES_ERROR;
				CLANG_WARN_DOCUMENTATION_COMMENTS = YES;
				CLANG_WARN_EMPTY_BODY = YES;
				CLANG_WARN_ENUM_CONVERSION = YES;
				CLANG_WARN_INFINITE_RECURSION = YES;
				CLANG_WARN_INT_CONVERSION = YES;
				CLANG_WARN_NON_LITERAL_NULL_CONVERSION = YES;
				CLANG_WARN_OBJC_IMPLICIT_RETAIN_SELF = YES;
				CLANG_WARN_OBJC_LITERAL_CONVERSION = YES;
				CLANG_WARN_OBJC_ROOT_CLASS = YES_ERROR;
				CLANG_WARN_QUOTED_INCLUDE_IN_FRAMEWORK_HEADER = YES;
				CLANG_WARN_RANGE_LOOP_ANALYSIS = YES;
				CLANG_WARN_STRICT_PROTOTYPES = YES;
				CLANG_WARN_SUSPICIOUS_MOVE = YES;
				CLANG_WARN_UNGUARDED_AVAILABILITY = YES_AGGRESSIVE;
				CLANG_WARN_UNREACHABLE_CODE = YES;
				CLANG_WARN__DUPLICATE_METHOD_MATCH = YES;
				COPY_PHASE_STRIP = NO;
				DEBUG_INFORMATION_FORMAT = "dwarf-with-dsym";
				ENABLE_NS_ASSERTIONS = NO;
				ENABLE_STRICT_OBJC_MSGSEND = YES;
				GCC_C_LANGUAGE_STANDARD = gnu11;
				GCC_NO_COMMON_BLOCKS = YES;
				GCC_WARN_64_TO_32_BIT_CONVERSION = YES;
				GCC_WARN_ABOUT_RETURN_TYPE = YES_ERROR;
				GCC_WARN_UNDECLARED_SELECTOR = YES;
				GCC_WARN_UNINITIALIZED_AUTOS = YES_AGGRESSIVE;
				GCC_WARN_UNUSED_FUNCTION = YES;
				GCC_WARN_UNUSED_VARIABLE = YES;
				IPHONEOS_DEPLOYMENT_TARGET = 15.4;
				MTL_ENABLE_DEBUG_INFO = NO;
				MTL_FAST_MATH = YES;
				SDKROOT = iphoneos;
				SWIFT_COMPILATION_MODE = wholemodule;
				SWIFT_OPTIMIZATION_LEVEL = "-O";
				VALIDATE_PRODUCT = YES;
			};
			name = Release;
		};
		6693A61F283216D900164E4E /* Debug */ = {
			isa = XCBuildConfiguration;
			buildSettings = {
				ASSETCATALOG_COMPILER_APPICON_NAME = AppIcon;
				ASSETCATALOG_COMPILER_GLOBAL_ACCENT_COLOR_NAME = AccentColor;
				CODE_SIGN_STYLE = Automatic;
				CURRENT_PROJECT_VERSION = 1;
				DEVELOPMENT_TEAM = 4LSK5RV54C;
				GENERATE_INFOPLIST_FILE = YES;
				INFOPLIST_FILE = Camera_demo/Info.plist;
				INFOPLIST_KEY_UIApplicationSupportsIndirectInputEvents = YES;
				INFOPLIST_KEY_UILaunchStoryboardName = LaunchScreen;
				INFOPLIST_KEY_UIMainStoryboardFile = Main;
				INFOPLIST_KEY_UISupportedInterfaceOrientations_iPad = "UIInterfaceOrientationPortrait UIInterfaceOrientationPortraitUpsideDown UIInterfaceOrientationLandscapeLeft UIInterfaceOrientationLandscapeRight";
				INFOPLIST_KEY_UISupportedInterfaceOrientations_iPhone = "UIInterfaceOrientationPortrait UIInterfaceOrientationLandscapeLeft UIInterfaceOrientationLandscapeRight";
				IPHONEOS_DEPLOYMENT_TARGET = 13.0;
				LD_RUNPATH_SEARCH_PATHS = (
					"$(inherited)",
					"@executable_path/Frameworks",
				);
				MARKETING_VERSION = 1.0;
				PRODUCT_BUNDLE_IDENTIFIER = "com.yeong.Camera-demo";
				PRODUCT_NAME = "$(TARGET_NAME)";
				SWIFT_EMIT_LOC_STRINGS = YES;
				SWIFT_VERSION = 5.0;
				TARGETED_DEVICE_FAMILY = "1,2";
			};
			name = Debug;
		};
		6693A620283216D900164E4E /* Release */ = {
			isa = XCBuildConfiguration;
			buildSettings = {
				ASSETCATALOG_COMPILER_APPICON_NAME = AppIcon;
				ASSETCATALOG_COMPILER_GLOBAL_ACCENT_COLOR_NAME = AccentColor;
				CODE_SIGN_STYLE = Automatic;
				CURRENT_PROJECT_VERSION = 1;
				DEVELOPMENT_TEAM = 4LSK5RV54C;
				GENERATE_INFOPLIST_FILE = YES;
				INFOPLIST_FILE = Camera_demo/Info.plist;
				INFOPLIST_KEY_UIApplicationSupportsIndirectInputEvents = YES;
				INFOPLIST_KEY_UILaunchStoryboardName = LaunchScreen;
				INFOPLIST_KEY_UIMainStoryboardFile = Main;
				INFOPLIST_KEY_UISupportedInterfaceOrientations_iPad = "UIInterfaceOrientationPortrait UIInterfaceOrientationPortraitUpsideDown UIInterfaceOrientationLandscapeLeft UIInterfaceOrientationLandscapeRight";
				INFOPLIST_KEY_UISupportedInterfaceOrientations_iPhone = "UIInterfaceOrientationPortrait UIInterfaceOrientationLandscapeLeft UIInterfaceOrientationLandscapeRight";
				IPHONEOS_DEPLOYMENT_TARGET = 13.0;
				LD_RUNPATH_SEARCH_PATHS = (
					"$(inherited)",
					"@executable_path/Frameworks",
				);
				MARKETING_VERSION = 1.0;
				PRODUCT_BUNDLE_IDENTIFIER = "com.yeong.Camera-demo";
				PRODUCT_NAME = "$(TARGET_NAME)";
				SWIFT_EMIT_LOC_STRINGS = YES;
				SWIFT_VERSION = 5.0;
				TARGETED_DEVICE_FAMILY = "1,2";
			};
			name = Release;
		};
		6693A622283216D900164E4E /* Debug */ = {
			isa = XCBuildConfiguration;
			buildSettings = {
				ALWAYS_EMBED_SWIFT_STANDARD_LIBRARIES = YES;
				BUNDLE_LOADER = "$(TEST_HOST)";
				CODE_SIGN_STYLE = Automatic;
				CURRENT_PROJECT_VERSION = 1;
				DEVELOPMENT_TEAM = 4LSK5RV54C;
				GENERATE_INFOPLIST_FILE = YES;
				IPHONEOS_DEPLOYMENT_TARGET = 15.4;
				MARKETING_VERSION = 1.0;
				PRODUCT_BUNDLE_IDENTIFIER = "com.yeong.Camera-demoTests";
				PRODUCT_NAME = "$(TARGET_NAME)";
				SWIFT_EMIT_LOC_STRINGS = NO;
				SWIFT_VERSION = 5.0;
				TARGETED_DEVICE_FAMILY = "1,2";
				TEST_HOST = "$(BUILT_PRODUCTS_DIR)/Camera_demo.app/Camera_demo";
			};
			name = Debug;
		};
		6693A623283216D900164E4E /* Release */ = {
			isa = XCBuildConfiguration;
			buildSettings = {
				ALWAYS_EMBED_SWIFT_STANDARD_LIBRARIES = YES;
				BUNDLE_LOADER = "$(TEST_HOST)";
				CODE_SIGN_STYLE = Automatic;
				CURRENT_PROJECT_VERSION = 1;
				DEVELOPMENT_TEAM = 4LSK5RV54C;
				GENERATE_INFOPLIST_FILE = YES;
				IPHONEOS_DEPLOYMENT_TARGET = 15.4;
				MARKETING_VERSION = 1.0;
				PRODUCT_BUNDLE_IDENTIFIER = "com.yeong.Camera-demoTests";
				PRODUCT_NAME = "$(TARGET_NAME)";
				SWIFT_EMIT_LOC_STRINGS = NO;
				SWIFT_VERSION = 5.0;
				TARGETED_DEVICE_FAMILY = "1,2";
				TEST_HOST = "$(BUILT_PRODUCTS_DIR)/Camera_demo.app/Camera_demo";
			};
			name = Release;
		};
		6693A625283216D900164E4E /* Debug */ = {
			isa = XCBuildConfiguration;
			buildSettings = {
				ALWAYS_EMBED_SWIFT_STANDARD_LIBRARIES = YES;
				CODE_SIGN_STYLE = Automatic;
				CURRENT_PROJECT_VERSION = 1;
				DEVELOPMENT_TEAM = 4LSK5RV54C;
				GENERATE_INFOPLIST_FILE = YES;
				MARKETING_VERSION = 1.0;
				PRODUCT_BUNDLE_IDENTIFIER = "com.yeong.Camera-demoUITests";
				PRODUCT_NAME = "$(TARGET_NAME)";
				SWIFT_EMIT_LOC_STRINGS = NO;
				SWIFT_VERSION = 5.0;
				TARGETED_DEVICE_FAMILY = "1,2";
				TEST_TARGET_NAME = Camera_demo;
			};
			name = Debug;
		};
		6693A626283216D900164E4E /* Release */ = {
			isa = XCBuildConfiguration;
			buildSettings = {
				ALWAYS_EMBED_SWIFT_STANDARD_LIBRARIES = YES;
				CODE_SIGN_STYLE = Automatic;
				CURRENT_PROJECT_VERSION = 1;
				DEVELOPMENT_TEAM = 4LSK5RV54C;
				GENERATE_INFOPLIST_FILE = YES;
				MARKETING_VERSION = 1.0;
				PRODUCT_BUNDLE_IDENTIFIER = "com.yeong.Camera-demoUITests";
				PRODUCT_NAME = "$(TARGET_NAME)";
				SWIFT_EMIT_LOC_STRINGS = NO;
				SWIFT_VERSION = 5.0;
				TARGETED_DEVICE_FAMILY = "1,2";
				TEST_TARGET_NAME = Camera_demo;
			};
			name = Release;
		};
/* End XCBuildConfiguration section */

/* Begin XCConfigurationList section */
		6693A5EF283216D800164E4E /* Build configuration list for PBXProject "Camera_demo" */ = {
			isa = XCConfigurationList;
			buildConfigurations = (
				6693A61C283216D900164E4E /* Debug */,
				6693A61D283216D900164E4E /* Release */,
			);
			defaultConfigurationIsVisible = 0;
			defaultConfigurationName = Release;
		};
		6693A61E283216D900164E4E /* Build configuration list for PBXNativeTarget "Camera_demo" */ = {
			isa = XCConfigurationList;
			buildConfigurations = (
				6693A61F283216D900164E4E /* Debug */,
				6693A620283216D900164E4E /* Release */,
			);
			defaultConfigurationIsVisible = 0;
			defaultConfigurationName = Release;
		};
		6693A621283216D900164E4E /* Build configuration list for PBXNativeTarget "Camera_demoTests" */ = {
			isa = XCConfigurationList;
			buildConfigurations = (
				6693A622283216D900164E4E /* Debug */,
				6693A623283216D900164E4E /* Release */,
			);
			defaultConfigurationIsVisible = 0;
			defaultConfigurationName = Release;
		};
		6693A624283216D900164E4E /* Build configuration list for PBXNativeTarget "Camera_demoUITests" */ = {
			isa = XCConfigurationList;
			buildConfigurations = (
				6693A625283216D900164E4E /* Debug */,
				6693A626283216D900164E4E /* Release */,
			);
			defaultConfigurationIsVisible = 0;
			defaultConfigurationName = Release;
		};
/* End XCConfigurationList section */
	};
	rootObject = 6693A5EC283216D800164E4E /* Project object */;
}
