// !$*UTF8*$!
{
	archiveVersion = 1;
	classes = {
	};
	objectVersion = 55;
	objects = {

/* Begin PBXBuildFile section */
		6693A5F8283216D800164E4E /* AppDelegate.swift in Sources */ = {isa = PBXBuildFile; fileRef = 6693A5F7283216D800164E4E /* AppDelegate.swift */; };
		6693A5FA283216D800164E4E /* SceneDelegate.swift in Sources */ = {isa = PBXBuildFile; fileRef = 6693A5F9283216D800164E4E /* SceneDelegate.swift */; };
		6693A5FC283216D800164E4E /* ViewController.swift in Sources */ = {isa = PBXBuildFile; fileRef = 6693A5FB283216D800164E4E /* ViewController.swift */; };
		6693A601283216D900164E4E /* Assets.xcassets in Resources */ = {isa = PBXBuildFile; fileRef = 6693A600283216D900164E4E /* Assets.xcassets */; };
		6693A604283216D900164E4E /* LaunchScreen.storyboard in Resources */ = {isa = PBXBuildFile; fileRef = 6693A602283216D900164E4E /* LaunchScreen.storyboard */; };
		6693A60F283216D900164E4E /* Camera_demoTests.swift in Sources */ = {isa = PBXBuildFile; fileRef = 6693A60E283216D900164E4E /* Camera_demoTests.swift */; };
		6693A619283216D900164E4E /* Camera_demoUITests.swift in Sources */ = {isa = PBXBuildFile; fileRef = 6693A618283216D900164E4E /* Camera_demoUITests.swift */; };
		6693A61B283216D900164E4E /* Camera_demoUITestsLaunchTests.swift in Sources */ = {isa = PBXBuildFile; fileRef = 6693A61A283216D900164E4E /* Camera_demoUITestsLaunchTests.swift */; };
		6693A62C28321C1700164E4E /* Main.storyboard in Resources */ = {isa = PBXBuildFile; fileRef = 6693A62B28321C1700164E4E /* Main.storyboard */; };
		6693A62E28323E5900164E4E /* Permission.swift in Sources */ = {isa = PBXBuildFile; fileRef = 6693A62D28323E5900164E4E /* Permission.swift */; };
		8DCF62320E96E268E66499D3 /* Pods_Camera_demo_Camera_demoUITests.framework in Frameworks */ = {isa = PBXBuildFile; fileRef = FF2DB0910BC68FFAD9FDFB81 /* Pods_Camera_demo_Camera_demoUITests.framework */; };
		E2374AD9687ECDA058F243FF /* Pods_Camera_demoTests.framework in Frameworks */ = {isa = PBXBuildFile; fileRef = 9651CE0A24E87FD6F55BFB2A /* Pods_Camera_demoTests.framework */; };
		E80C81E88C7082BEC31C93EE /* Pods_Camera_demo.framework in Frameworks */ = {isa = PBXBuildFile; fileRef = B8E3A0DD2C00EBEEF692DCB9 /* Pods_Camera_demo.framework */; };
/* End PBXBuildFile section */

/* Begin PBXContainerItemProxy section */
		6693A60B283216D900164E4E /* PBXContainerItemProxy */ = {
			isa = PBXContainerItemProxy;
			containerPortal = 6693A5EC283216D800164E4E /* Project object */;
			proxyType = 1;
			remoteGlobalIDString = 6693A5F3283216D800164E4E;
			remoteInfo = Camera_demo;
		};
		6693A615283216D900164E4E /* PBXContainerItemProxy */ = {
			isa = PBXContainerItemProxy;
			containerPortal = 6693A5EC283216D800164E4E /* Project object */;
			proxyType = 1;
			remoteGlobalIDString = 6693A5F3283216D800164E4E;
			remoteInfo = Camera_demo;
		};
/* End PBXContainerItemProxy section */

/* Begin PBXFileReference section */
		59C997C5C527A1DE7CF2ACDF /* Pods-Camera_demo-Camera_demoUITests.debug.xcconfig */ = {isa = PBXFileReference; includeInIndex = 1; lastKnownFileType = text.xcconfig; name = "Pods-Camera_demo-Camera_demoUITests.debug.xcconfig"; path = "Target Support Files/Pods-Camera_demo-Camera_demoUITests/Pods-Camera_demo-Camera_demoUITests.debug.xcconfig"; sourceTree = "<group>"; };
		6693A5F4283216D800164E4E /* Camera_demo.app */ = {isa = PBXFileReference; explicitFileType = wrapper.application; includeInIndex = 0; path = Camera_demo.app; sourceTree = BUILT_PRODUCTS_DIR; };
		6693A5F7283216D800164E4E /* AppDelegate.swift */ = {isa = PBXFileReference; lastKnownFileType = sourcecode.swift; path = AppDelegate.swift; sourceTree = "<group>"; };
		6693A5F9283216D800164E4E /* SceneDelegate.swift */ = {isa = PBXFileReference; lastKnownFileType = sourcecode.swift; path = SceneDelegate.swift; sourceTree = "<group>"; };
		6693A5FB283216D800164E4E /* ViewController.swift */ = {isa = PBXFileReference; lastKnownFileType = sourcecode.swift; path = ViewController.swift; sourceTree = "<group>"; };
		6693A600283216D900164E4E /* Assets.xcassets */ = {isa = PBXFileReference; lastKnownFileType = folder.assetcatalog; path = Assets.xcassets; sourceTree = "<group>"; };
		6693A603283216D900164E4E /* Base */ = {isa = PBXFileReference; lastKnownFileType = file.storyboard; name = Base; path = Base.lproj/LaunchScreen.storyboard; sourceTree = "<group>"; };
		6693A605283216D900164E4E /* Info.plist */ = {isa = PBXFileReference; lastKnownFileType = text.plist.xml; path = Info.plist; sourceTree = "<group>"; };
		6693A60A283216D900164E4E /* Camera_demoTests.xctest */ = {isa = PBXFileReference; explicitFileType = wrapper.cfbundle; includeInIndex = 0; path = Camera_demoTests.xctest; sourceTree = BUILT_PRODUCTS_DIR; };
		6693A60E283216D900164E4E /* Camera_demoTests.swift */ = {isa = PBXFileReference; lastKnownFileType = sourcecode.swift; path = Camera_demoTests.swift; sourceTree = "<group>"; };
		6693A614283216D900164E4E /* Camera_demoUITests.xctest */ = {isa = PBXFileReference; explicitFileType = wrapper.cfbundle; includeInIndex = 0; path = Camera_demoUITests.xctest; sourceTree = BUILT_PRODUCTS_DIR; };
		6693A618283216D900164E4E /* Camera_demoUITests.swift */ = {isa = PBXFileReference; lastKnownFileType = sourcecode.swift; path = Camera_demoUITests.swift; sourceTree = "<group>"; };
		6693A61A283216D900164E4E /* Camera_demoUITestsLaunchTests.swift */ = {isa = PBXFileReference; lastKnownFileType = sourcecode.swift; path = Camera_demoUITestsLaunchTests.swift; sourceTree = "<group>"; };
		6693A62B28321C1700164E4E /* Main.storyboard */ = {isa = PBXFileReference; fileEncoding = 4; lastKnownFileType = file.storyboard; path = Main.storyboard; sourceTree = "<group>"; };
		6693A62D28323E5900164E4E /* Permission.swift */ = {isa = PBXFileReference; lastKnownFileType = sourcecode.swift; path = Permission.swift; sourceTree = "<group>"; };
		9651CE0A24E87FD6F55BFB2A /* Pods_Camera_demoTests.framework */ = {isa = PBXFileReference; explicitFileType = wrapper.framework; includeInIndex = 0; path = Pods_Camera_demoTests.framework; sourceTree = BUILT_PRODUCTS_DIR; };
		AF511D558AC7EC2E0F269D40 /* Pods-Camera_demo.release.xcconfig */ = {isa = PBXFileReference; includeInIndex = 1; lastKnownFileType = text.xcconfig; name = "Pods-Camera_demo.release.xcconfig"; path = "Target Support Files/Pods-Camera_demo/Pods-Camera_demo.release.xcconfig"; sourceTree = "<group>"; };
		B42E94DDCDF60AB2391F8B37 /* Pods-Camera_demo-Camera_demoUITests.release.xcconfig */ = {isa = PBXFileReference; includeInIndex = 1; lastKnownFileType = text.xcconfig; name = "Pods-Camera_demo-Camera_demoUITests.release.xcconfig"; path = "Target Support Files/Pods-Camera_demo-Camera_demoUITests/Pods-Camera_demo-Camera_demoUITests.release.xcconfig"; sourceTree = "<group>"; };
		B8E3A0DD2C00EBEEF692DCB9 /* Pods_Camera_demo.framework */ = {isa = PBXFileReference; explicitFileType = wrapper.framework; includeInIndex = 0; path = Pods_Camera_demo.framework; sourceTree = BUILT_PRODUCTS_DIR; };
		C0EB100F3467BC37E2CD1241 /* Pods-Camera_demoTests.debug.xcconfig */ = {isa = PBXFileReference; includeInIndex = 1; lastKnownFileType = text.xcconfig; name = "Pods-Camera_demoTests.debug.xcconfig"; path = "Target Support Files/Pods-Camera_demoTests/Pods-Camera_demoTests.debug.xcconfig"; sourceTree = "<group>"; };
		E27DC10046C8F0005ABBAC6D /* Pods-Camera_demoTests.release.xcconfig */ = {isa = PBXFileReference; includeInIndex = 1; lastKnownFileType = text.xcconfig; name = "Pods-Camera_demoTests.release.xcconfig"; path = "Target Support Files/Pods-Camera_demoTests/Pods-Camera_demoTests.release.xcconfig"; sourceTree = "<group>"; };
		E5413F244E0A897F7E967D3E /* Pods-Camera_demo.debug.xcconfig */ = {isa = PBXFileReference; includeInIndex = 1; lastKnownFileType = text.xcconfig; name = "Pods-Camera_demo.debug.xcconfig"; path = "Target Support Files/Pods-Camera_demo/Pods-Camera_demo.debug.xcconfig"; sourceTree = "<group>"; };
		FF2DB0910BC68FFAD9FDFB81 /* Pods_Camera_demo_Camera_demoUITests.framework */ = {isa = PBXFileReference; explicitFileType = wrapper.framework; includeInIndex = 0; path = Pods_Camera_demo_Camera_demoUITests.framework; sourceTree = BUILT_PRODUCTS_DIR; };
/* End PBXFileReference section */

/* Begin PBXFrameworksBuildPhase section */
		6693A5F1283216D800164E4E /* Frameworks */ = {
			isa = PBXFrameworksBuildPhase;
			buildActionMask = 2147483647;
			files = (
				E80C81E88C7082BEC31C93EE /* Pods_Camera_demo.framework in Frameworks */,
			);
			runOnlyForDeploymentPostprocessing = 0;
		};
		6693A607283216D900164E4E /* Frameworks */ = {
			isa = PBXFrameworksBuildPhase;
			buildActionMask = 2147483647;
			files = (
				E2374AD9687ECDA058F243FF /* Pods_Camera_demoTests.framework in Frameworks */,
			);
			runOnlyForDeploymentPostprocessing = 0;
		};
		6693A611283216D900164E4E /* Frameworks */ = {
			isa = PBXFrameworksBuildPhase;
			buildActionMask = 2147483647;
			files = (
				8DCF62320E96E268E66499D3 /* Pods_Camera_demo_Camera_demoUITests.framework in Frameworks */,
			);
			runOnlyForDeploymentPostprocessing = 0;
		};
/* End PBXFrameworksBuildPhase section */

/* Begin PBXGroup section */
		6693A5EB283216D800164E4E = {
			isa = PBXGroup;
			children = (
				6693A5F6283216D800164E4E /* Camera_demo */,
				6693A60D283216D900164E4E /* Camera_demoTests */,
				6693A617283216D900164E4E /* Camera_demoUITests */,
				6693A5F5283216D800164E4E /* Products */,
				DA8E912AADE8F99ACF2D5529 /* Pods */,
				78F55F218D240FEFD0F61211 /* Frameworks */,
			);
			sourceTree = "<group>";
		};
		6693A5F5283216D800164E4E /* Products */ = {
			isa = PBXGroup;
			children = (
				6693A5F4283216D800164E4E /* Camera_demo.app */,
				6693A60A283216D900164E4E /* Camera_demoTests.xctest */,
				6693A614283216D900164E4E /* Camera_demoUITests.xctest */,
			);
			name = Products;
			sourceTree = "<group>";
		};
		6693A5F6283216D800164E4E /* Camera_demo */ = {
			isa = PBXGroup;
			children = (
				6693A5F7283216D800164E4E /* AppDelegate.swift */,
				6693A5F9283216D800164E4E /* SceneDelegate.swift */,
				6693A5FB283216D800164E4E /* ViewController.swift */,
				6693A62D28323E5900164E4E /* Permission.swift */,
				6693A62B28321C1700164E4E /* Main.storyboard */,
				6693A600283216D900164E4E /* Assets.xcassets */,
				6693A602283216D900164E4E /* LaunchScreen.storyboard */,
				6693A605283216D900164E4E /* Info.plist */,
			);
			path = Camera_demo;
			sourceTree = "<group>";
		};
		6693A60D283216D900164E4E /* Camera_demoTests */ = {
			isa = PBXGroup;
			children = (
				6693A60E283216D900164E4E /* Camera_demoTests.swift */,
			);
			path = Camera_demoTests;
			sourceTree = "<group>";
		};
		6693A617283216D900164E4E /* Camera_demoUITests */ = {
			isa = PBXGroup;
			children = (
				6693A618283216D900164E4E /* Camera_demoUITests.swift */,
				6693A61A283216D900164E4E /* Camera_demoUITestsLaunchTests.swift */,
			);
			path = Camera_demoUITests;
			sourceTree = "<group>";
		};
		78F55F218D240FEFD0F61211 /* Frameworks */ = {
			isa = PBXGroup;
			children = (
				B8E3A0DD2C00EBEEF692DCB9 /* Pods_Camera_demo.framework */,
				FF2DB0910BC68FFAD9FDFB81 /* Pods_Camera_demo_Camera_demoUITests.framework */,
				9651CE0A24E87FD6F55BFB2A /* Pods_Camera_demoTests.framework */,
			);
			name = Frameworks;
			sourceTree = "<group>";
		};
		DA8E912AADE8F99ACF2D5529 /* Pods */ = {
			isa = PBXGroup;
			children = (
				E5413F244E0A897F7E967D3E /* Pods-Camera_demo.debug.xcconfig */,
				AF511D558AC7EC2E0F269D40 /* Pods-Camera_demo.release.xcconfig */,
				59C997C5C527A1DE7CF2ACDF /* Pods-Camera_demo-Camera_demoUITests.debug.xcconfig */,
				B42E94DDCDF60AB2391F8B37 /* Pods-Camera_demo-Camera_demoUITests.release.xcconfig */,
				C0EB100F3467BC37E2CD1241 /* Pods-Camera_demoTests.debug.xcconfig */,
				E27DC10046C8F0005ABBAC6D /* Pods-Camera_demoTests.release.xcconfig */,
			);
			path = Pods;
			sourceTree = "<group>";
		};
/* End PBXGroup section */

/* Begin PBXNativeTarget section */
		6693A5F3283216D800164E4E /* Camera_demo */ = {
			isa = PBXNativeTarget;
			buildConfigurationList = 6693A61E283216D900164E4E /* Build configuration list for PBXNativeTarget "Camera_demo" */;
			buildPhases = (
				E42151B6F2EE62EFFA7D8B14 /* [CP] Check Pods Manifest.lock */,
				6693A5F0283216D800164E4E /* Sources */,
				6693A5F1283216D800164E4E /* Frameworks */,
				6693A5F2283216D800164E4E /* Resources */,
				091B000EA303060DDBE6FF9D /* [CP] Embed Pods Frameworks */,
			);
			buildRules = (
			);
			dependencies = (
			);
			name = Camera_demo;
			productName = Camera_demo;
			productReference = 6693A5F4283216D800164E4E /* Camera_demo.app */;
			productType = "com.apple.product-type.application";
		};
		6693A609283216D900164E4E /* Camera_demoTests */ = {
			isa = PBXNativeTarget;
			buildConfigurationList = 6693A621283216D900164E4E /* Build configuration list for PBXNativeTarget "Camera_demoTests" */;
			buildPhases = (
				4B96460B587EC6DA6CD6BBA5 /* [CP] Check Pods Manifest.lock */,
				6693A606283216D900164E4E /* Sources */,
				6693A607283216D900164E4E /* Frameworks */,
				6693A608283216D900164E4E /* Resources */,
			);
			buildRules = (
			);
			dependencies = (
				6693A60C283216D900164E4E /* PBXTargetDependency */,
			);
			name = Camera_demoTests;
			productName = Camera_demoTests;
			productReference = 6693A60A283216D900164E4E /* Camera_demoTests.xctest */;
			productType = "com.apple.product-type.bundle.unit-test";
		};
		6693A613283216D900164E4E /* Camera_demoUITests */ = {
			isa = PBXNativeTarget;
			buildConfigurationList = 6693A624283216D900164E4E /* Build configuration list for PBXNativeTarget "Camera_demoUITests" */;
			buildPhases = (
				585F5121EE3C00226C2A9660 /* [CP] Check Pods Manifest.lock */,
				6693A610283216D900164E4E /* Sources */,
				6693A611283216D900164E4E /* Frameworks */,
				6693A612283216D900164E4E /* Resources */,
				5CCDAA8523D5D655D2CBB1F6 /* [CP] Embed Pods Frameworks */,
			);
			buildRules = (
			);
			dependencies = (
				6693A616283216D900164E4E /* PBXTargetDependency */,
			);
			name = Camera_demoUITests;
			productName = Camera_demoUITests;
			productReference = 6693A614283216D900164E4E /* Camera_demoUITests.xctest */;
			productType = "com.apple.product-type.bundle.ui-testing";
		};
/* End PBXNativeTarget section */

/* Begin PBXProject section */
		6693A5EC283216D800164E4E /* Project object */ = {
			isa = PBXProject;
			attributes = {
				BuildIndependentTargetsInParallel = 1;
				LastSwiftUpdateCheck = 1330;
				LastUpgradeCheck = 1330;
				TargetAttributes = {
					6693A5F3283216D800164E4E = {
						CreatedOnToolsVersion = 13.3;
					};
					6693A609283216D900164E4E = {
						CreatedOnToolsVersion = 13.3;
						TestTargetID = 6693A5F3283216D800164E4E;
					};
					6693A613283216D900164E4E = {
						CreatedOnToolsVersion = 13.3;
						TestTargetID = 6693A5F3283216D800164E4E;
					};
				};
			};
			buildConfigurationList = 6693A5EF283216D800164E4E /* Build configuration list for PBXProject "Camera_demo" */;
			compatibilityVersion = "Xcode 13.0";
			developmentRegion = en;
			hasScannedForEncodings = 0;
			knownRegions = (
				en,
				Base,
			);
			mainGroup = 6693A5EB283216D800164E4E;
			productRefGroup = 6693A5F5283216D800164E4E /* Products */;
			projectDirPath = "";
			projectRoot = "";
			targets = (
				6693A5F3283216D800164E4E /* Camera_demo */,
				6693A609283216D900164E4E /* Camera_demoTests */,
				6693A613283216D900164E4E /* Camera_demoUITests */,
			);
		};
/* End PBXProject section */

/* Begin PBXResourcesBuildPhase section */
		6693A5F2283216D800164E4E /* Resources */ = {
			isa = PBXResourcesBuildPhase;
			buildActionMask = 2147483647;
			files = (
				6693A62C28321C1700164E4E /* Main.storyboard in Resources */,
				6693A604283216D900164E4E /* LaunchScreen.storyboard in Resources */,
				6693A601283216D900164E4E /* Assets.xcassets in Resources */,
			);
			runOnlyForDeploymentPostprocessing = 0;
		};
		6693A608283216D900164E4E /* Resources */ = {
			isa = PBXResourcesBuildPhase;
			buildActionMask = 2147483647;
			files = (
			);
			runOnlyForDeploymentPostprocessing = 0;
		};
		6693A612283216D900164E4E /* Resources */ = {
			isa = PBXResourcesBuildPhase;
			buildActionMask = 2147483647;
			files = (
			);
			runOnlyForDeploymentPostprocessing = 0;
		};
/* End PBXResourcesBuildPhase section */

/* Begin PBXShellScriptBuildPhase section */
		091B000EA303060DDBE6FF9D /* [CP] Embed Pods Frameworks */ = {
			isa = PBXShellScriptBuildPhase;
			buildActionMask = 2147483647;
			files = (
			);
			inputFileListPaths = (
				"${PODS_ROOT}/Target Support Files/Pods-Camera_demo/Pods-Camera_demo-frameworks-${CONFIGURATION}-input-files.xcfilelist",
			);
			name = "[CP] Embed Pods Frameworks";
			outputFileListPaths = (
				"${PODS_ROOT}/Target Support Files/Pods-Camera_demo/Pods-Camera_demo-frameworks-${CONFIGURATION}-output-files.xcfilelist",
			);
			runOnlyForDeploymentPostprocessing = 0;
			shellPath = /bin/sh;
			shellScript = "\"${PODS_ROOT}/Target Support Files/Pods-Camera_demo/Pods-Camera_demo-frameworks.sh\"\n";
			showEnvVarsInLog = 0;
		};
		4B96460B587EC6DA6CD6BBA5 /* [CP] Check Pods Manifest.lock */ = {
			isa = PBXShellScriptBuildPhase;
			buildActionMask = 2147483647;
			files = (
			);
			inputFileListPaths = (
			);
			inputPaths = (
				"${PODS_PODFILE_DIR_PATH}/Podfile.lock",
				"${PODS_ROOT}/Manifest.lock",
			);
			name = "[CP] Check Pods Manifest.lock";
			outputFileListPaths = (
			);
			outputPaths = (
				"$(DERIVED_FILE_DIR)/Pods-Camera_demoTests-checkManifestLockResult.txt",
			);
			runOnlyForDeploymentPostprocessing = 0;
			shellPath = /bin/sh;
			shellScript = "diff \"${PODS_PODFILE_DIR_PATH}/Podfile.lock\" \"${PODS_ROOT}/Manifest.lock\" > /dev/null\nif [ $? != 0 ] ; then\n    # print error to STDERR\n    echo \"error: The sandbox is not in sync with the Podfile.lock. Run 'pod install' or update your CocoaPods installation.\" >&2\n    exit 1\nfi\n# This output is used by Xcode 'outputs' to avoid re-running this script phase.\necho \"SUCCESS\" > \"${SCRIPT_OUTPUT_FILE_0}\"\n";
			showEnvVarsInLog = 0;
		};
		585F5121EE3C00226C2A9660 /* [CP] Check Pods Manifest.lock */ = {
			isa = PBXShellScriptBuildPhase;
			buildActionMask = 2147483647;
			files = (
			);
			inputFileListPaths = (
			);
			inputPaths = (
				"${PODS_PODFILE_DIR_PATH}/Podfile.lock",
				"${PODS_ROOT}/Manifest.lock",
			);
			name = "[CP] Check Pods Manifest.lock";
			outputFileListPaths = (
			);
			outputPaths = (
				"$(DERIVED_FILE_DIR)/Pods-Camera_demo-Camera_demoUITests-checkManifestLockResult.txt",
			);
			runOnlyForDeploymentPostprocessing = 0;
			shellPath = /bin/sh;
			shellScript = "diff \"${PODS_PODFILE_DIR_PATH}/Podfile.lock\" \"${PODS_ROOT}/Manifest.lock\" > /dev/null\nif [ $? != 0 ] ; then\n    # print error to STDERR\n    echo \"error: The sandbox is not in sync with the Podfile.lock. Run 'pod install' or update your CocoaPods installation.\" >&2\n    exit 1\nfi\n# This output is used by Xcode 'outputs' to avoid re-running this script phase.\necho \"SUCCESS\" > \"${SCRIPT_OUTPUT_FILE_0}\"\n";
			showEnvVarsInLog = 0;
		};
		5CCDAA8523D5D655D2CBB1F6 /* [CP] Embed Pods Frameworks */ = {
			isa = PBXShellScriptBuildPhase;
			buildActionMask = 2147483647;
			files = (
			);
			inputFileListPaths = (
				"${PODS_ROOT}/Target Support Files/Pods-Camera_demo-Camera_demoUITests/Pods-Camera_demo-Camera_demoUITests-frameworks-${CONFIGURATION}-input-files.xcfilelist",
			);
			name = "[CP] Embed Pods Frameworks";
			outputFileListPaths = (
				"${PODS_ROOT}/Target Support Files/Pods-Camera_demo-Camera_demoUITests/Pods-Camera_demo-Camera_demoUITests-frameworks-${CONFIGURATION}-output-files.xcfilelist",
			);
			runOnlyForDeploymentPostprocessing = 0;
			shellPath = /bin/sh;
			shellScript = "\"${PODS_ROOT}/Target Support Files/Pods-Camera_demo-Camera_demoUITests/Pods-Camera_demo-Camera_demoUITests-frameworks.sh\"\n";
			showEnvVarsInLog = 0;
		};
		E42151B6F2EE62EFFA7D8B14 /* [CP] Check Pods Manifest.lock */ = {
			isa = PBXShellScriptBuildPhase;
			buildActionMask = 2147483647;
			files = (
			);
			inputFileListPaths = (
			);
			inputPaths = (
				"${PODS_PODFILE_DIR_PATH}/Podfile.lock",
				"${PODS_ROOT}/Manifest.lock",
			);
			name = "[CP] Check Pods Manifest.lock";
			outputFileListPaths = (
			);
			outputPaths = (
				"$(DERIVED_FILE_DIR)/Pods-Camera_demo-checkManifestLockResult.txt",
			);
			runOnlyForDeploymentPostprocessing = 0;
			shellPath = /bin/sh;
			shellScript = "diff \"${PODS_PODFILE_DIR_PATH}/Podfile.lock\" \"${PODS_ROOT}/Manifest.lock\" > /dev/null\nif [ $? != 0 ] ; then\n    # print error to STDERR\n    echo \"error: The sandbox is not in sync with the Podfile.lock. Run 'pod install' or update your CocoaPods installation.\" >&2\n    exit 1\nfi\n# This output is used by Xcode 'outputs' to avoid re-running this script phase.\necho \"SUCCESS\" > \"${SCRIPT_OUTPUT_FILE_0}\"\n";
			showEnvVarsInLog = 0;
		};
/* End PBXShellScriptBuildPhase section */

/* Begin PBXSourcesBuildPhase section */
		6693A5F0283216D800164E4E /* Sources */ = {
			isa = PBXSourcesBuildPhase;
			buildActionMask = 2147483647;
			files = (
				6693A62E28323E5900164E4E /* Permission.swift in Sources */,
				6693A5FC283216D800164E4E /* ViewController.swift in Sources */,
				6693A5F8283216D800164E4E /* AppDelegate.swift in Sources */,
				6693A5FA283216D800164E4E /* SceneDelegate.swift in Sources */,
			);
			runOnlyForDeploymentPostprocessing = 0;
		};
		6693A606283216D900164E4E /* Sources */ = {
			isa = PBXSourcesBuildPhase;
			buildActionMask = 2147483647;
			files = (
				6693A60F283216D900164E4E /* Camera_demoTests.swift in Sources */,
			);
			runOnlyForDeploymentPostprocessing = 0;
		};
		6693A610283216D900164E4E /* Sources */ = {
			isa = PBXSourcesBuildPhase;
			buildActionMask = 2147483647;
			files = (
				6693A61B283216D900164E4E /* Camera_demoUITestsLaunchTests.swift in Sources */,
				6693A619283216D900164E4E /* Camera_demoUITests.swift in Sources */,
			);
			runOnlyForDeploymentPostprocessing = 0;
		};
/* End PBXSourcesBuildPhase section */

/* Begin PBXTargetDependency section */
		6693A60C283216D900164E4E /* PBXTargetDependency */ = {
			isa = PBXTargetDependency;
			target = 6693A5F3283216D800164E4E /* Camera_demo */;
			targetProxy = 6693A60B283216D900164E4E /* PBXContainerItemProxy */;
		};
		6693A616283216D900164E4E /* PBXTargetDependency */ = {
			isa = PBXTargetDependency;
			target = 6693A5F3283216D800164E4E /* Camera_demo */;
			targetProxy = 6693A615283216D900164E4E /* PBXContainerItemProxy */;
		};
/* End PBXTargetDependency section */

/* Begin PBXVariantGroup section */
		6693A602283216D900164E4E /* LaunchScreen.storyboard */ = {
			isa = PBXVariantGroup;
			children = (
				6693A603283216D900164E4E /* Base */,
			);
			name = LaunchScreen.storyboard;
			sourceTree = "<group>";
		};
/* End PBXVariantGroup section */

/* Begin XCBuildConfiguration section */
		6693A61C283216D900164E4E /* Debug */ = {
			isa = XCBuildConfiguration;
			buildSettings = {
				ALWAYS_SEARCH_USER_PATHS = NO;
				CLANG_ANALYZER_NONNULL = YES;
				CLANG_ANALYZER_NUMBER_OBJECT_CONVERSION = YES_AGGRESSIVE;
				CLANG_CXX_LANGUAGE_STANDARD = "gnu++17";
				CLANG_ENABLE_MODULES = YES;
				CLANG_ENABLE_OBJC_ARC = YES;
				CLANG_ENABLE_OBJC_WEAK = YES;
				CLANG_WARN_BLOCK_CAPTURE_AUTORELEASING = YES;
				CLANG_WARN_BOOL_CONVERSION = YES;
				CLANG_WARN_COMMA = YES;
				CLANG_WARN_CONSTANT_CONVERSION = YES;
				CLANG_WARN_DEPRECATED_OBJC_IMPLEMENTATIONS = YES;
				CLANG_WARN_DIRECT_OBJC_ISA_USAGE = YES_ERROR;
				CLANG_WARN_DOCUMENTATION_COMMENTS = YES;
				CLANG_WARN_EMPTY_BODY = YES;
				CLANG_WARN_ENUM_CONVERSION = YES;
				CLANG_WARN_INFINITE_RECURSION = YES;
				CLANG_WARN_INT_CONVERSION = YES;
				CLANG_WARN_NON_LITERAL_NULL_CONVERSION = YES;
				CLANG_WARN_OBJC_IMPLICIT_RETAIN_SELF = YES;
				CLANG_WARN_OBJC_LITERAL_CONVERSION = YES;
				CLANG_WARN_OBJC_ROOT_CLASS = YES_ERROR;
				CLANG_WARN_QUOTED_INCLUDE_IN_FRAMEWORK_HEADER = YES;
				CLANG_WARN_RANGE_LOOP_ANALYSIS = YES;
				CLANG_WARN_STRICT_PROTOTYPES = YES;
				CLANG_WARN_SUSPICIOUS_MOVE = YES;
				CLANG_WARN_UNGUARDED_AVAILABILITY = YES_AGGRESSIVE;
				CLANG_WARN_UNREACHABLE_CODE = YES;
				CLANG_WARN__DUPLICATE_METHOD_MATCH = YES;
				COPY_PHASE_STRIP = NO;
				DEBUG_INFORMATION_FORMAT = dwarf;
				ENABLE_STRICT_OBJC_MSGSEND = YES;
				ENABLE_TESTABILITY = YES;
				GCC_C_LANGUAGE_STANDARD = gnu11;
				GCC_DYNAMIC_NO_PIC = NO;
				GCC_NO_COMMON_BLOCKS = YES;
				GCC_OPTIMIZATION_LEVEL = 0;
				GCC_PREPROCESSOR_DEFINITIONS = (
					"DEBUG=1",
					"$(inherited)",
				);
				GCC_WARN_64_TO_32_BIT_CONVERSION = YES;
				GCC_WARN_ABOUT_RETURN_TYPE = YES_ERROR;
				GCC_WARN_UNDECLARED_SELECTOR = YES;
				GCC_WARN_UNINITIALIZED_AUTOS = YES_AGGRESSIVE;
				GCC_WARN_UNUSED_FUNCTION = YES;
				GCC_WARN_UNUSED_VARIABLE = YES;
				IPHONEOS_DEPLOYMENT_TARGET = 15.4;
				MTL_ENABLE_DEBUG_INFO = INCLUDE_SOURCE;
				MTL_FAST_MATH = YES;
				ONLY_ACTIVE_ARCH = YES;
				SDKROOT = iphoneos;
				SWIFT_ACTIVE_COMPILATION_CONDITIONS = DEBUG;
				SWIFT_OPTIMIZATION_LEVEL = "-Onone";
			};
			name = Debug;
		};
		6693A61D283216D900164E4E /* Release */ = {
			isa = XCBuildConfiguration;
			buildSettings = {
				ALWAYS_SEARCH_USER_PATHS = NO;
				CLANG_ANALYZER_NONNULL = YES;
				CLANG_ANALYZER_NUMBER_OBJECT_CONVERSION = YES_AGGRESSIVE;
				CLANG_CXX_LANGUAGE_STANDARD = "gnu++17";
				CLANG_ENABLE_MODULES = YES;
				CLANG_ENABLE_OBJC_ARC = YES;
				CLANG_ENABLE_OBJC_WEAK = YES;
				CLANG_WARN_BLOCK_CAPTURE_AUTORELEASING = YES;
				CLANG_WARN_BOOL_CONVERSION = YES;
				CLANG_WARN_COMMA = YES;
				CLANG_WARN_CONSTANT_CONVERSION = YES;
				CLANG_WARN_DEPRECATED_OBJC_IMPLEMENTATIONS = YES;
				CLANG_WARN_DIRECT_OBJC_ISA_USAGE = YES_ERROR;
				CLANG_WARN_DOCUMENTATION_COMMENTS = YES;
				CLANG_WARN_EMPTY_BODY = YES;
				CLANG_WARN_ENUM_CONVERSION = YES;
				CLANG_WARN_INFINITE_RECURSION = YES;
				CLANG_WARN_INT_CONVERSION = YES;
				CLANG_WARN_NON_LITERAL_NULL_CONVERSION = YES;
				CLANG_WARN_OBJC_IMPLICIT_RETAIN_SELF = YES;
				CLANG_WARN_OBJC_LITERAL_CONVERSION = YES;
				CLANG_WARN_OBJC_ROOT_CLASS = YES_ERROR;
				CLANG_WARN_QUOTED_INCLUDE_IN_FRAMEWORK_HEADER = YES;
				CLANG_WARN_RANGE_LOOP_ANALYSIS = YES;
				CLANG_WARN_STRICT_PROTOTYPES = YES;
				CLANG_WARN_SUSPICIOUS_MOVE = YES;
				CLANG_WARN_UNGUARDED_AVAILABILITY = YES_AGGRESSIVE;
				CLANG_WARN_UNREACHABLE_CODE = YES;
				CLANG_WARN__DUPLICATE_METHOD_MATCH = YES;
				COPY_PHASE_STRIP = NO;
				DEBUG_INFORMATION_FORMAT = "dwarf-with-dsym";
				ENABLE_NS_ASSERTIONS = NO;
				ENABLE_STRICT_OBJC_MSGSEND = YES;
				GCC_C_LANGUAGE_STANDARD = gnu11;
				GCC_NO_COMMON_BLOCKS = YES;
				GCC_WARN_64_TO_32_BIT_CONVERSION = YES;
				GCC_WARN_ABOUT_RETURN_TYPE = YES_ERROR;
				GCC_WARN_UNDECLARED_SELECTOR = YES;
				GCC_WARN_UNINITIALIZED_AUTOS = YES_AGGRESSIVE;
				GCC_WARN_UNUSED_FUNCTION = YES;
				GCC_WARN_UNUSED_VARIABLE = YES;
				IPHONEOS_DEPLOYMENT_TARGET = 15.4;
				MTL_ENABLE_DEBUG_INFO = NO;
				MTL_FAST_MATH = YES;
				SDKROOT = iphoneos;
				SWIFT_COMPILATION_MODE = wholemodule;
				SWIFT_OPTIMIZATION_LEVEL = "-O";
				VALIDATE_PRODUCT = YES;
			};
			name = Release;
		};
		6693A61F283216D900164E4E /* Debug */ = {
			isa = XCBuildConfiguration;
			baseConfigurationReference = E5413F244E0A897F7E967D3E /* Pods-Camera_demo.debug.xcconfig */;
			buildSettings = {
				ASSETCATALOG_COMPILER_APPICON_NAME = AppIcon;
				ASSETCATALOG_COMPILER_GLOBAL_ACCENT_COLOR_NAME = AccentColor;
				CODE_SIGN_STYLE = Automatic;
				CURRENT_PROJECT_VERSION = 1;
				DEVELOPMENT_TEAM = 4LSK5RV54C;
				GENERATE_INFOPLIST_FILE = YES;
				INFOPLIST_FILE = Camera_demo/Info.plist;
				INFOPLIST_KEY_UIApplicationSupportsIndirectInputEvents = YES;
				INFOPLIST_KEY_UILaunchStoryboardName = LaunchScreen;
				INFOPLIST_KEY_UIMainStoryboardFile = Main;
				INFOPLIST_KEY_UISupportedInterfaceOrientations_iPad = "UIInterfaceOrientationPortrait UIInterfaceOrientationPortraitUpsideDown UIInterfaceOrientationLandscapeLeft UIInterfaceOrientationLandscapeRight";
				INFOPLIST_KEY_UISupportedInterfaceOrientations_iPhone = "UIInterfaceOrientationPortrait UIInterfaceOrientationLandscapeLeft UIInterfaceOrientationLandscapeRight";
				IPHONEOS_DEPLOYMENT_TARGET = 13.0;
				LD_RUNPATH_SEARCH_PATHS = (
					"$(inherited)",
					"@executable_path/Frameworks",
				);
				MARKETING_VERSION = 1.0;
				PRODUCT_BUNDLE_IDENTIFIER = "com.yeong.Camera-Demo";
				PRODUCT_NAME = "$(TARGET_NAME)";
				SWIFT_EMIT_LOC_STRINGS = YES;
				SWIFT_VERSION = 5.0;
				TARGETED_DEVICE_FAMILY = "1,2";
			};
			name = Debug;
		};
		6693A620283216D900164E4E /* Release */ = {
			isa = XCBuildConfiguration;
			baseConfigurationReference = AF511D558AC7EC2E0F269D40 /* Pods-Camera_demo.release.xcconfig */;
			buildSettings = {
				ASSETCATALOG_COMPILER_APPICON_NAME = AppIcon;
				ASSETCATALOG_COMPILER_GLOBAL_ACCENT_COLOR_NAME = AccentColor;
				CODE_SIGN_STYLE = Automatic;
				CURRENT_PROJECT_VERSION = 1;
				DEVELOPMENT_TEAM = 4LSK5RV54C;
				GENERATE_INFOPLIST_FILE = YES;
				INFOPLIST_FILE = Camera_demo/Info.plist;
				INFOPLIST_KEY_UIApplicationSupportsIndirectInputEvents = YES;
				INFOPLIST_KEY_UILaunchStoryboardName = LaunchScreen;
				INFOPLIST_KEY_UIMainStoryboardFile = Main;
				INFOPLIST_KEY_UISupportedInterfaceOrientations_iPad = "UIInterfaceOrientationPortrait UIInterfaceOrientationPortraitUpsideDown UIInterfaceOrientationLandscapeLeft UIInterfaceOrientationLandscapeRight";
				INFOPLIST_KEY_UISupportedInterfaceOrientations_iPhone = "UIInterfaceOrientationPortrait UIInterfaceOrientationLandscapeLeft UIInterfaceOrientationLandscapeRight";
				IPHONEOS_DEPLOYMENT_TARGET = 13.0;
				LD_RUNPATH_SEARCH_PATHS = (
					"$(inherited)",
					"@executable_path/Frameworks",
				);
				MARKETING_VERSION = 1.0;
				PRODUCT_BUNDLE_IDENTIFIER = "com.yeong.Camera-Demo";
				PRODUCT_NAME = "$(TARGET_NAME)";
				SWIFT_EMIT_LOC_STRINGS = YES;
				SWIFT_VERSION = 5.0;
				TARGETED_DEVICE_FAMILY = "1,2";
			};
			name = Release;
		};
		6693A622283216D900164E4E /* Debug */ = {
			isa = XCBuildConfiguration;
			baseConfigurationReference = C0EB100F3467BC37E2CD1241 /* Pods-Camera_demoTests.debug.xcconfig */;
			buildSettings = {
				ALWAYS_EMBED_SWIFT_STANDARD_LIBRARIES = YES;
				BUNDLE_LOADER = "$(TEST_HOST)";
				CODE_SIGN_STYLE = Automatic;
				CURRENT_PROJECT_VERSION = 1;
				DEVELOPMENT_TEAM = 4LSK5RV54C;
				GENERATE_INFOPLIST_FILE = YES;
				IPHONEOS_DEPLOYMENT_TARGET = 15.4;
				MARKETING_VERSION = 1.0;
				PRODUCT_BUNDLE_IDENTIFIER = "com.yeong.Camera-demoTests";
				PRODUCT_NAME = "$(TARGET_NAME)";
				SWIFT_EMIT_LOC_STRINGS = NO;
				SWIFT_VERSION = 5.0;
				TARGETED_DEVICE_FAMILY = "1,2";
				TEST_HOST = "$(BUILT_PRODUCTS_DIR)/Camera_demo.app/Camera_demo";
			};
			name = Debug;
		};
		6693A623283216D900164E4E /* Release */ = {
			isa = XCBuildConfiguration;
			baseConfigurationReference = E27DC10046C8F0005ABBAC6D /* Pods-Camera_demoTests.release.xcconfig */;
			buildSettings = {
				ALWAYS_EMBED_SWIFT_STANDARD_LIBRARIES = YES;
				BUNDLE_LOADER = "$(TEST_HOST)";
				CODE_SIGN_STYLE = Automatic;
				CURRENT_PROJECT_VERSION = 1;
				DEVELOPMENT_TEAM = 4LSK5RV54C;
				GENERATE_INFOPLIST_FILE = YES;
				IPHONEOS_DEPLOYMENT_TARGET = 15.4;
				MARKETING_VERSION = 1.0;
				PRODUCT_BUNDLE_IDENTIFIER = "com.yeong.Camera-demoTests";
				PRODUCT_NAME = "$(TARGET_NAME)";
				SWIFT_EMIT_LOC_STRINGS = NO;
				SWIFT_VERSION = 5.0;
				TARGETED_DEVICE_FAMILY = "1,2";
				TEST_HOST = "$(BUILT_PRODUCTS_DIR)/Camera_demo.app/Camera_demo";
			};
			name = Release;
		};
		6693A625283216D900164E4E /* Debug */ = {
			isa = XCBuildConfiguration;
			baseConfigurationReference = 59C997C5C527A1DE7CF2ACDF /* Pods-Camera_demo-Camera_demoUITests.debug.xcconfig */;
			buildSettings = {
				ALWAYS_EMBED_SWIFT_STANDARD_LIBRARIES = YES;
				CODE_SIGN_STYLE = Automatic;
				CURRENT_PROJECT_VERSION = 1;
				DEVELOPMENT_TEAM = 4LSK5RV54C;
				GENERATE_INFOPLIST_FILE = YES;
				MARKETING_VERSION = 1.0;
				PRODUCT_BUNDLE_IDENTIFIER = "com.yeong.Camera-demoUITests";
				PRODUCT_NAME = "$(TARGET_NAME)";
				SWIFT_EMIT_LOC_STRINGS = NO;
				SWIFT_VERSION = 5.0;
				TARGETED_DEVICE_FAMILY = "1,2";
				TEST_TARGET_NAME = Camera_demo;
			};
			name = Debug;
		};
		6693A626283216D900164E4E /* Release */ = {
			isa = XCBuildConfiguration;
			baseConfigurationReference = B42E94DDCDF60AB2391F8B37 /* Pods-Camera_demo-Camera_demoUITests.release.xcconfig */;
			buildSettings = {
				ALWAYS_EMBED_SWIFT_STANDARD_LIBRARIES = YES;
				CODE_SIGN_STYLE = Automatic;
				CURRENT_PROJECT_VERSION = 1;
				DEVELOPMENT_TEAM = 4LSK5RV54C;
				GENERATE_INFOPLIST_FILE = YES;
				MARKETING_VERSION = 1.0;
				PRODUCT_BUNDLE_IDENTIFIER = "com.yeong.Camera-demoUITests";
				PRODUCT_NAME = "$(TARGET_NAME)";
				SWIFT_EMIT_LOC_STRINGS = NO;
				SWIFT_VERSION = 5.0;
				TARGETED_DEVICE_FAMILY = "1,2";
				TEST_TARGET_NAME = Camera_demo;
			};
			name = Release;
		};
/* End XCBuildConfiguration section */

/* Begin XCConfigurationList section */
		6693A5EF283216D800164E4E /* Build configuration list for PBXProject "Camera_demo" */ = {
			isa = XCConfigurationList;
			buildConfigurations = (
				6693A61C283216D900164E4E /* Debug */,
				6693A61D283216D900164E4E /* Release */,
			);
			defaultConfigurationIsVisible = 0;
			defaultConfigurationName = Release;
		};
		6693A61E283216D900164E4E /* Build configuration list for PBXNativeTarget "Camera_demo" */ = {
			isa = XCConfigurationList;
			buildConfigurations = (
				6693A61F283216D900164E4E /* Debug */,
				6693A620283216D900164E4E /* Release */,
			);
			defaultConfigurationIsVisible = 0;
			defaultConfigurationName = Release;
		};
		6693A621283216D900164E4E /* Build configuration list for PBXNativeTarget "Camera_demoTests" */ = {
			isa = XCConfigurationList;
			buildConfigurations = (
				6693A622283216D900164E4E /* Debug */,
				6693A623283216D900164E4E /* Release */,
			);
			defaultConfigurationIsVisible = 0;
			defaultConfigurationName = Release;
		};
		6693A624283216D900164E4E /* Build configuration list for PBXNativeTarget "Camera_demoUITests" */ = {
			isa = XCConfigurationList;
			buildConfigurations = (
				6693A625283216D900164E4E /* Debug */,
				6693A626283216D900164E4E /* Release */,
			);
			defaultConfigurationIsVisible = 0;
			defaultConfigurationName = Release;
		};
/* End XCConfigurationList section */
	};
	rootObject = 6693A5EC283216D800164E4E /* Project object */;
}
