// !$*UTF8*$!
{
	archiveVersion = 1;
	classes = {
	};
	objectVersion = 55;
	objects = {

/* Begin PBXBuildFile section */
		6693A6D0283F437200164E4E /* AppDelegate.swift in Sources */ = {isa = PBXBuildFile; fileRef = 6693A6CF283F437200164E4E /* AppDelegate.swift */; };
		6693A6D2283F437200164E4E /* SceneDelegate.swift in Sources */ = {isa = PBXBuildFile; fileRef = 6693A6D1283F437200164E4E /* SceneDelegate.swift */; };
		6693A6D4283F437200164E4E /* ViewController.swift in Sources */ = {isa = PBXBuildFile; fileRef = 6693A6D3283F437200164E4E /* ViewController.swift */; };
		6693A6D7283F437200164E4E /* Main.storyboard in Resources */ = {isa = PBXBuildFile; fileRef = 6693A6D5283F437200164E4E /* Main.storyboard */; };
		6693A6D9283F437300164E4E /* Assets.xcassets in Resources */ = {isa = PBXBuildFile; fileRef = 6693A6D8283F437300164E4E /* Assets.xcassets */; };
		6693A6DC283F437300164E4E /* LaunchScreen.storyboard in Resources */ = {isa = PBXBuildFile; fileRef = 6693A6DA283F437300164E4E /* LaunchScreen.storyboard */; };
		6693A6E7283F437300164E4E /* Handmade_AnimaitonTests.swift in Sources */ = {isa = PBXBuildFile; fileRef = 6693A6E6283F437300164E4E /* Handmade_AnimaitonTests.swift */; };
		6693A6F1283F437300164E4E /* Handmade_AnimaitonUITests.swift in Sources */ = {isa = PBXBuildFile; fileRef = 6693A6F0283F437300164E4E /* Handmade_AnimaitonUITests.swift */; };
		6693A6F3283F437300164E4E /* Handmade_AnimaitonUITestsLaunchTests.swift in Sources */ = {isa = PBXBuildFile; fileRef = 6693A6F2283F437300164E4E /* Handmade_AnimaitonUITestsLaunchTests.swift */; };
		6693A70028408DD600164E4E /* publicExample_CAShapeLayer.swift in Sources */ = {isa = PBXBuildFile; fileRef = 6693A6FF28408DD600164E4E /* publicExample_CAShapeLayer.swift */; };
		6693A70528408F0500164E4E /* CAView.swift in Sources */ = {isa = PBXBuildFile; fileRef = 6693A70428408F0500164E4E /* CAView.swift */; };
		6693A70728409E3F00164E4E /* Bell_CA.swift in Sources */ = {isa = PBXBuildFile; fileRef = 6693A70628409E3F00164E4E /* Bell_CA.swift */; };
		6EB87696DE18C0ABEB3A20FD /* Pods_Handmade_AnimaitonTests.framework in Frameworks */ = {isa = PBXBuildFile; fileRef = 4999D3C04802D7B288E765C8 /* Pods_Handmade_AnimaitonTests.framework */; };
		872CD9D96DE9AA8932BFF4FF /* Pods_Handmade_Animaiton.framework in Frameworks */ = {isa = PBXBuildFile; fileRef = 6941161DE3BA1DBA3E676020 /* Pods_Handmade_Animaiton.framework */; };
		CAEDA72DAD09894157286447 /* Pods_Handmade_Animaiton_Handmade_AnimaitonUITests.framework in Frameworks */ = {isa = PBXBuildFile; fileRef = 4FD5F6F4965673A337C1E149 /* Pods_Handmade_Animaiton_Handmade_AnimaitonUITests.framework */; };
/* End PBXBuildFile section */

/* Begin PBXContainerItemProxy section */
		6693A6E3283F437300164E4E /* PBXContainerItemProxy */ = {
			isa = PBXContainerItemProxy;
			containerPortal = 6693A6C4283F437200164E4E /* Project object */;
			proxyType = 1;
			remoteGlobalIDString = 6693A6CB283F437200164E4E;
			remoteInfo = Handmade_Animaiton;
		};
		6693A6ED283F437300164E4E /* PBXContainerItemProxy */ = {
			isa = PBXContainerItemProxy;
			containerPortal = 6693A6C4283F437200164E4E /* Project object */;
			proxyType = 1;
			remoteGlobalIDString = 6693A6CB283F437200164E4E;
			remoteInfo = Handmade_Animaiton;
		};
/* End PBXContainerItemProxy section */

/* Begin PBXFileReference section */
		1907FC232E63A2ACEA37A05F /* Pods-Handmade_Animaiton.debug.xcconfig */ = {isa = PBXFileReference; includeInIndex = 1; lastKnownFileType = text.xcconfig; name = "Pods-Handmade_Animaiton.debug.xcconfig"; path = "Target Support Files/Pods-Handmade_Animaiton/Pods-Handmade_Animaiton.debug.xcconfig"; sourceTree = "<group>"; };
		3E06943EF8F035738925A9AC /* Pods-Handmade_Animaiton-Handmade_AnimaitonUITests.release.xcconfig */ = {isa = PBXFileReference; includeInIndex = 1; lastKnownFileType = text.xcconfig; name = "Pods-Handmade_Animaiton-Handmade_AnimaitonUITests.release.xcconfig"; path = "Target Support Files/Pods-Handmade_Animaiton-Handmade_AnimaitonUITests/Pods-Handmade_Animaiton-Handmade_AnimaitonUITests.release.xcconfig"; sourceTree = "<group>"; };
		443AE6ADAE70971C0C92A691 /* Pods-Handmade_Animaiton.release.xcconfig */ = {isa = PBXFileReference; includeInIndex = 1; lastKnownFileType = text.xcconfig; name = "Pods-Handmade_Animaiton.release.xcconfig"; path = "Target Support Files/Pods-Handmade_Animaiton/Pods-Handmade_Animaiton.release.xcconfig"; sourceTree = "<group>"; };
		4999D3C04802D7B288E765C8 /* Pods_Handmade_AnimaitonTests.framework */ = {isa = PBXFileReference; explicitFileType = wrapper.framework; includeInIndex = 0; path = Pods_Handmade_AnimaitonTests.framework; sourceTree = BUILT_PRODUCTS_DIR; };
		4E02CAB1880F7F2C8CC66697 /* Pods-Handmade_AnimaitonTests.release.xcconfig */ = {isa = PBXFileReference; includeInIndex = 1; lastKnownFileType = text.xcconfig; name = "Pods-Handmade_AnimaitonTests.release.xcconfig"; path = "Target Support Files/Pods-Handmade_AnimaitonTests/Pods-Handmade_AnimaitonTests.release.xcconfig"; sourceTree = "<group>"; };
		4FD5F6F4965673A337C1E149 /* Pods_Handmade_Animaiton_Handmade_AnimaitonUITests.framework */ = {isa = PBXFileReference; explicitFileType = wrapper.framework; includeInIndex = 0; path = Pods_Handmade_Animaiton_Handmade_AnimaitonUITests.framework; sourceTree = BUILT_PRODUCTS_DIR; };
		667E0397B81FEA613BAA4636 /* Pods-Handmade_AnimaitonTests.debug.xcconfig */ = {isa = PBXFileReference; includeInIndex = 1; lastKnownFileType = text.xcconfig; name = "Pods-Handmade_AnimaitonTests.debug.xcconfig"; path = "Target Support Files/Pods-Handmade_AnimaitonTests/Pods-Handmade_AnimaitonTests.debug.xcconfig"; sourceTree = "<group>"; };
		6693A6CC283F437200164E4E /* Handmade_Animaiton.app */ = {isa = PBXFileReference; explicitFileType = wrapper.application; includeInIndex = 0; path = Handmade_Animaiton.app; sourceTree = BUILT_PRODUCTS_DIR; };
		6693A6CF283F437200164E4E /* AppDelegate.swift */ = {isa = PBXFileReference; lastKnownFileType = sourcecode.swift; path = AppDelegate.swift; sourceTree = "<group>"; };
		6693A6D1283F437200164E4E /* SceneDelegate.swift */ = {isa = PBXFileReference; lastKnownFileType = sourcecode.swift; path = SceneDelegate.swift; sourceTree = "<group>"; };
		6693A6D3283F437200164E4E /* ViewController.swift */ = {isa = PBXFileReference; lastKnownFileType = sourcecode.swift; path = ViewController.swift; sourceTree = "<group>"; };
		6693A6D6283F437200164E4E /* Base */ = {isa = PBXFileReference; lastKnownFileType = file.storyboard; name = Base; path = Base.lproj/Main.storyboard; sourceTree = "<group>"; };
		6693A6D8283F437300164E4E /* Assets.xcassets */ = {isa = PBXFileReference; lastKnownFileType = folder.assetcatalog; path = Assets.xcassets; sourceTree = "<group>"; };
		6693A6DB283F437300164E4E /* Base */ = {isa = PBXFileReference; lastKnownFileType = file.storyboard; name = Base; path = Base.lproj/LaunchScreen.storyboard; sourceTree = "<group>"; };
		6693A6DD283F437300164E4E /* Info.plist */ = {isa = PBXFileReference; lastKnownFileType = text.plist.xml; path = Info.plist; sourceTree = "<group>"; };
		6693A6E2283F437300164E4E /* Handmade_AnimaitonTests.xctest */ = {isa = PBXFileReference; explicitFileType = wrapper.cfbundle; includeInIndex = 0; path = Handmade_AnimaitonTests.xctest; sourceTree = BUILT_PRODUCTS_DIR; };
		6693A6E6283F437300164E4E /* Handmade_AnimaitonTests.swift */ = {isa = PBXFileReference; lastKnownFileType = sourcecode.swift; path = Handmade_AnimaitonTests.swift; sourceTree = "<group>"; };
		6693A6EC283F437300164E4E /* Handmade_AnimaitonUITests.xctest */ = {isa = PBXFileReference; explicitFileType = wrapper.cfbundle; includeInIndex = 0; path = Handmade_AnimaitonUITests.xctest; sourceTree = BUILT_PRODUCTS_DIR; };
		6693A6F0283F437300164E4E /* Handmade_AnimaitonUITests.swift */ = {isa = PBXFileReference; lastKnownFileType = sourcecode.swift; path = Handmade_AnimaitonUITests.swift; sourceTree = "<group>"; };
		6693A6F2283F437300164E4E /* Handmade_AnimaitonUITestsLaunchTests.swift */ = {isa = PBXFileReference; lastKnownFileType = sourcecode.swift; path = Handmade_AnimaitonUITestsLaunchTests.swift; sourceTree = "<group>"; };
		6693A6FF28408DD600164E4E /* publicExample_CAShapeLayer.swift */ = {isa = PBXFileReference; lastKnownFileType = sourcecode.swift; path = publicExample_CAShapeLayer.swift; sourceTree = "<group>"; };
		6693A70428408F0500164E4E /* CAView.swift */ = {isa = PBXFileReference; lastKnownFileType = sourcecode.swift; path = CAView.swift; sourceTree = "<group>"; };
		6693A70628409E3F00164E4E /* Bell_CA.swift */ = {isa = PBXFileReference; lastKnownFileType = sourcecode.swift; path = Bell_CA.swift; sourceTree = "<group>"; };
		6941161DE3BA1DBA3E676020 /* Pods_Handmade_Animaiton.framework */ = {isa = PBXFileReference; explicitFileType = wrapper.framework; includeInIndex = 0; path = Pods_Handmade_Animaiton.framework; sourceTree = BUILT_PRODUCTS_DIR; };
		8D84F0E36FB2C2DCFCFCA2E8 /* Pods-Handmade_Animaiton-Handmade_AnimaitonUITests.debug.xcconfig */ = {isa = PBXFileReference; includeInIndex = 1; lastKnownFileType = text.xcconfig; name = "Pods-Handmade_Animaiton-Handmade_AnimaitonUITests.debug.xcconfig"; path = "Target Support Files/Pods-Handmade_Animaiton-Handmade_AnimaitonUITests/Pods-Handmade_Animaiton-Handmade_AnimaitonUITests.debug.xcconfig"; sourceTree = "<group>"; };
/* End PBXFileReference section */

/* Begin PBXFrameworksBuildPhase section */
		6693A6C9283F437200164E4E /* Frameworks */ = {
			isa = PBXFrameworksBuildPhase;
			buildActionMask = 2147483647;
			files = (
				872CD9D96DE9AA8932BFF4FF /* Pods_Handmade_Animaiton.framework in Frameworks */,
			);
			runOnlyForDeploymentPostprocessing = 0;
		};
		6693A6DF283F437300164E4E /* Frameworks */ = {
			isa = PBXFrameworksBuildPhase;
			buildActionMask = 2147483647;
			files = (
				6EB87696DE18C0ABEB3A20FD /* Pods_Handmade_AnimaitonTests.framework in Frameworks */,
			);
			runOnlyForDeploymentPostprocessing = 0;
		};
		6693A6E9283F437300164E4E /* Frameworks */ = {
			isa = PBXFrameworksBuildPhase;
			buildActionMask = 2147483647;
			files = (
				CAEDA72DAD09894157286447 /* Pods_Handmade_Animaiton_Handmade_AnimaitonUITests.framework in Frameworks */,
			);
			runOnlyForDeploymentPostprocessing = 0;
		};
/* End PBXFrameworksBuildPhase section */

/* Begin PBXGroup section */
		6693A6C3283F437200164E4E = {
			isa = PBXGroup;
			children = (
				6693A6CE283F437200164E4E /* Handmade_Animaiton */,
				6693A6E5283F437300164E4E /* Handmade_AnimaitonTests */,
				6693A6EF283F437300164E4E /* Handmade_AnimaitonUITests */,
				6693A6CD283F437200164E4E /* Products */,
				79FC7C2261550F8F910253DA /* Pods */,
				E5F44CE3B7BA1189D0118A6E /* Frameworks */,
			);
			sourceTree = "<group>";
		};
		6693A6CD283F437200164E4E /* Products */ = {
			isa = PBXGroup;
			children = (
				6693A6CC283F437200164E4E /* Handmade_Animaiton.app */,
				6693A6E2283F437300164E4E /* Handmade_AnimaitonTests.xctest */,
				6693A6EC283F437300164E4E /* Handmade_AnimaitonUITests.xctest */,
			);
			name = Products;
			sourceTree = "<group>";
		};
		6693A6CE283F437200164E4E /* Handmade_Animaiton */ = {
			isa = PBXGroup;
			children = (
				6693A6CF283F437200164E4E /* AppDelegate.swift */,
				6693A6D1283F437200164E4E /* SceneDelegate.swift */,
				6693A6D3283F437200164E4E /* ViewController.swift */,
				6693A70328408EAD00164E4E /* CAView */,
				6693A6FF28408DD600164E4E /* publicExample_CAShapeLayer.swift */,
				6693A6D5283F437200164E4E /* Main.storyboard */,
				6693A6D8283F437300164E4E /* Assets.xcassets */,
				6693A6DA283F437300164E4E /* LaunchScreen.storyboard */,
				6693A6DD283F437300164E4E /* Info.plist */,
			);
			path = Handmade_Animaiton;
			sourceTree = "<group>";
		};
		6693A6E5283F437300164E4E /* Handmade_AnimaitonTests */ = {
			isa = PBXGroup;
			children = (
				6693A6E6283F437300164E4E /* Handmade_AnimaitonTests.swift */,
			);
			path = Handmade_AnimaitonTests;
			sourceTree = "<group>";
		};
		6693A6EF283F437300164E4E /* Handmade_AnimaitonUITests */ = {
			isa = PBXGroup;
			children = (
				6693A6F0283F437300164E4E /* Handmade_AnimaitonUITests.swift */,
				6693A6F2283F437300164E4E /* Handmade_AnimaitonUITestsLaunchTests.swift */,
			);
			path = Handmade_AnimaitonUITests;
			sourceTree = "<group>";
		};
		6693A70328408EAD00164E4E /* CAView */ = {
			isa = PBXGroup;
			children = (
				6693A70428408F0500164E4E /* CAView.swift */,
				6693A70628409E3F00164E4E /* Bell_CA.swift */,
			);
			path = CAView;
			sourceTree = "<group>";
		};
		79FC7C2261550F8F910253DA /* Pods */ = {
			isa = PBXGroup;
			children = (
				1907FC232E63A2ACEA37A05F /* Pods-Handmade_Animaiton.debug.xcconfig */,
				443AE6ADAE70971C0C92A691 /* Pods-Handmade_Animaiton.release.xcconfig */,
				8D84F0E36FB2C2DCFCFCA2E8 /* Pods-Handmade_Animaiton-Handmade_AnimaitonUITests.debug.xcconfig */,
				3E06943EF8F035738925A9AC /* Pods-Handmade_Animaiton-Handmade_AnimaitonUITests.release.xcconfig */,
				667E0397B81FEA613BAA4636 /* Pods-Handmade_AnimaitonTests.debug.xcconfig */,
				4E02CAB1880F7F2C8CC66697 /* Pods-Handmade_AnimaitonTests.release.xcconfig */,
			);
			path = Pods;
			sourceTree = "<group>";
		};
		E5F44CE3B7BA1189D0118A6E /* Frameworks */ = {
			isa = PBXGroup;
			children = (
				6941161DE3BA1DBA3E676020 /* Pods_Handmade_Animaiton.framework */,
				4FD5F6F4965673A337C1E149 /* Pods_Handmade_Animaiton_Handmade_AnimaitonUITests.framework */,
				4999D3C04802D7B288E765C8 /* Pods_Handmade_AnimaitonTests.framework */,
			);
			name = Frameworks;
			sourceTree = "<group>";
		};
/* End PBXGroup section */

/* Begin PBXNativeTarget section */
		6693A6CB283F437200164E4E /* Handmade_Animaiton */ = {
			isa = PBXNativeTarget;
			buildConfigurationList = 6693A6F6283F437400164E4E /* Build configuration list for PBXNativeTarget "Handmade_Animaiton" */;
			buildPhases = (
				B3F3B405BA34ADAD22DB2919 /* [CP] Check Pods Manifest.lock */,
				6693A6C8283F437200164E4E /* Sources */,
				6693A6C9283F437200164E4E /* Frameworks */,
				6693A6CA283F437200164E4E /* Resources */,
				94FC87851F35E5BD2D3A3092 /* [CP] Embed Pods Frameworks */,
			);
			buildRules = (
			);
			dependencies = (
			);
			name = Handmade_Animaiton;
			productName = Handmade_Animaiton;
			productReference = 6693A6CC283F437200164E4E /* Handmade_Animaiton.app */;
			productType = "com.apple.product-type.application";
		};
		6693A6E1283F437300164E4E /* Handmade_AnimaitonTests */ = {
			isa = PBXNativeTarget;
			buildConfigurationList = 6693A6F9283F437400164E4E /* Build configuration list for PBXNativeTarget "Handmade_AnimaitonTests" */;
			buildPhases = (
				D70996D5F73416BFD5DB48FE /* [CP] Check Pods Manifest.lock */,
				6693A6DE283F437300164E4E /* Sources */,
				6693A6DF283F437300164E4E /* Frameworks */,
				6693A6E0283F437300164E4E /* Resources */,
			);
			buildRules = (
			);
			dependencies = (
				6693A6E4283F437300164E4E /* PBXTargetDependency */,
			);
			name = Handmade_AnimaitonTests;
			productName = Handmade_AnimaitonTests;
			productReference = 6693A6E2283F437300164E4E /* Handmade_AnimaitonTests.xctest */;
			productType = "com.apple.product-type.bundle.unit-test";
		};
		6693A6EB283F437300164E4E /* Handmade_AnimaitonUITests */ = {
			isa = PBXNativeTarget;
			buildConfigurationList = 6693A6FC283F437400164E4E /* Build configuration list for PBXNativeTarget "Handmade_AnimaitonUITests" */;
			buildPhases = (
				0A063FEB35D5BAD2E39756CE /* [CP] Check Pods Manifest.lock */,
				6693A6E8283F437300164E4E /* Sources */,
				6693A6E9283F437300164E4E /* Frameworks */,
				6693A6EA283F437300164E4E /* Resources */,
				08D0E5835E8E8207CDDA7928 /* [CP] Embed Pods Frameworks */,
			);
			buildRules = (
			);
			dependencies = (
				6693A6EE283F437300164E4E /* PBXTargetDependency */,
			);
			name = Handmade_AnimaitonUITests;
			productName = Handmade_AnimaitonUITests;
			productReference = 6693A6EC283F437300164E4E /* Handmade_AnimaitonUITests.xctest */;
			productType = "com.apple.product-type.bundle.ui-testing";
		};
/* End PBXNativeTarget section */

/* Begin PBXProject section */
		6693A6C4283F437200164E4E /* Project object */ = {
			isa = PBXProject;
			attributes = {
				BuildIndependentTargetsInParallel = 1;
				LastSwiftUpdateCheck = 1330;
				LastUpgradeCheck = 1330;
				TargetAttributes = {
					6693A6CB283F437200164E4E = {
						CreatedOnToolsVersion = 13.3;
					};
					6693A6E1283F437300164E4E = {
						CreatedOnToolsVersion = 13.3;
						TestTargetID = 6693A6CB283F437200164E4E;
					};
					6693A6EB283F437300164E4E = {
						CreatedOnToolsVersion = 13.3;
						TestTargetID = 6693A6CB283F437200164E4E;
					};
				};
			};
			buildConfigurationList = 6693A6C7283F437200164E4E /* Build configuration list for PBXProject "Handmade_Animaiton" */;
			compatibilityVersion = "Xcode 13.0";
			developmentRegion = en;
			hasScannedForEncodings = 0;
			knownRegions = (
				en,
				Base,
			);
			mainGroup = 6693A6C3283F437200164E4E;
			productRefGroup = 6693A6CD283F437200164E4E /* Products */;
			projectDirPath = "";
			projectRoot = "";
			targets = (
				6693A6CB283F437200164E4E /* Handmade_Animaiton */,
				6693A6E1283F437300164E4E /* Handmade_AnimaitonTests */,
				6693A6EB283F437300164E4E /* Handmade_AnimaitonUITests */,
			);
		};
/* End PBXProject section */

/* Begin PBXResourcesBuildPhase section */
		6693A6CA283F437200164E4E /* Resources */ = {
			isa = PBXResourcesBuildPhase;
			buildActionMask = 2147483647;
			files = (
				6693A6DC283F437300164E4E /* LaunchScreen.storyboard in Resources */,
				6693A6D9283F437300164E4E /* Assets.xcassets in Resources */,
				6693A6D7283F437200164E4E /* Main.storyboard in Resources */,
			);
			runOnlyForDeploymentPostprocessing = 0;
		};
		6693A6E0283F437300164E4E /* Resources */ = {
			isa = PBXResourcesBuildPhase;
			buildActionMask = 2147483647;
			files = (
			);
			runOnlyForDeploymentPostprocessing = 0;
		};
		6693A6EA283F437300164E4E /* Resources */ = {
			isa = PBXResourcesBuildPhase;
			buildActionMask = 2147483647;
			files = (
			);
			runOnlyForDeploymentPostprocessing = 0;
		};
/* End PBXResourcesBuildPhase section */

/* Begin PBXShellScriptBuildPhase section */
		08D0E5835E8E8207CDDA7928 /* [CP] Embed Pods Frameworks */ = {
			isa = PBXShellScriptBuildPhase;
			buildActionMask = 2147483647;
			files = (
			);
			inputFileListPaths = (
				"${PODS_ROOT}/Target Support Files/Pods-Handmade_Animaiton-Handmade_AnimaitonUITests/Pods-Handmade_Animaiton-Handmade_AnimaitonUITests-frameworks-${CONFIGURATION}-input-files.xcfilelist",
			);
			name = "[CP] Embed Pods Frameworks";
			outputFileListPaths = (
				"${PODS_ROOT}/Target Support Files/Pods-Handmade_Animaiton-Handmade_AnimaitonUITests/Pods-Handmade_Animaiton-Handmade_AnimaitonUITests-frameworks-${CONFIGURATION}-output-files.xcfilelist",
			);
			runOnlyForDeploymentPostprocessing = 0;
			shellPath = /bin/sh;
			shellScript = "\"${PODS_ROOT}/Target Support Files/Pods-Handmade_Animaiton-Handmade_AnimaitonUITests/Pods-Handmade_Animaiton-Handmade_AnimaitonUITests-frameworks.sh\"\n";
			showEnvVarsInLog = 0;
		};
		0A063FEB35D5BAD2E39756CE /* [CP] Check Pods Manifest.lock */ = {
			isa = PBXShellScriptBuildPhase;
			buildActionMask = 2147483647;
			files = (
			);
			inputFileListPaths = (
			);
			inputPaths = (
				"${PODS_PODFILE_DIR_PATH}/Podfile.lock",
				"${PODS_ROOT}/Manifest.lock",
			);
			name = "[CP] Check Pods Manifest.lock";
			outputFileListPaths = (
			);
			outputPaths = (
				"$(DERIVED_FILE_DIR)/Pods-Handmade_Animaiton-Handmade_AnimaitonUITests-checkManifestLockResult.txt",
			);
			runOnlyForDeploymentPostprocessing = 0;
			shellPath = /bin/sh;
			shellScript = "diff \"${PODS_PODFILE_DIR_PATH}/Podfile.lock\" \"${PODS_ROOT}/Manifest.lock\" > /dev/null\nif [ $? != 0 ] ; then\n    # print error to STDERR\n    echo \"error: The sandbox is not in sync with the Podfile.lock. Run 'pod install' or update your CocoaPods installation.\" >&2\n    exit 1\nfi\n# This output is used by Xcode 'outputs' to avoid re-running this script phase.\necho \"SUCCESS\" > \"${SCRIPT_OUTPUT_FILE_0}\"\n";
			showEnvVarsInLog = 0;
		};
		94FC87851F35E5BD2D3A3092 /* [CP] Embed Pods Frameworks */ = {
			isa = PBXShellScriptBuildPhase;
			buildActionMask = 2147483647;
			files = (
			);
			inputFileListPaths = (
				"${PODS_ROOT}/Target Support Files/Pods-Handmade_Animaiton/Pods-Handmade_Animaiton-frameworks-${CONFIGURATION}-input-files.xcfilelist",
			);
			name = "[CP] Embed Pods Frameworks";
			outputFileListPaths = (
				"${PODS_ROOT}/Target Support Files/Pods-Handmade_Animaiton/Pods-Handmade_Animaiton-frameworks-${CONFIGURATION}-output-files.xcfilelist",
			);
			runOnlyForDeploymentPostprocessing = 0;
			shellPath = /bin/sh;
			shellScript = "\"${PODS_ROOT}/Target Support Files/Pods-Handmade_Animaiton/Pods-Handmade_Animaiton-frameworks.sh\"\n";
			showEnvVarsInLog = 0;
		};
		B3F3B405BA34ADAD22DB2919 /* [CP] Check Pods Manifest.lock */ = {
			isa = PBXShellScriptBuildPhase;
			buildActionMask = 2147483647;
			files = (
			);
			inputFileListPaths = (
			);
			inputPaths = (
				"${PODS_PODFILE_DIR_PATH}/Podfile.lock",
				"${PODS_ROOT}/Manifest.lock",
			);
			name = "[CP] Check Pods Manifest.lock";
			outputFileListPaths = (
			);
			outputPaths = (
				"$(DERIVED_FILE_DIR)/Pods-Handmade_Animaiton-checkManifestLockResult.txt",
			);
			runOnlyForDeploymentPostprocessing = 0;
			shellPath = /bin/sh;
			shellScript = "diff \"${PODS_PODFILE_DIR_PATH}/Podfile.lock\" \"${PODS_ROOT}/Manifest.lock\" > /dev/null\nif [ $? != 0 ] ; then\n    # print error to STDERR\n    echo \"error: The sandbox is not in sync with the Podfile.lock. Run 'pod install' or update your CocoaPods installation.\" >&2\n    exit 1\nfi\n# This output is used by Xcode 'outputs' to avoid re-running this script phase.\necho \"SUCCESS\" > \"${SCRIPT_OUTPUT_FILE_0}\"\n";
			showEnvVarsInLog = 0;
		};
		D70996D5F73416BFD5DB48FE /* [CP] Check Pods Manifest.lock */ = {
			isa = PBXShellScriptBuildPhase;
			buildActionMask = 2147483647;
			files = (
			);
			inputFileListPaths = (
			);
			inputPaths = (
				"${PODS_PODFILE_DIR_PATH}/Podfile.lock",
				"${PODS_ROOT}/Manifest.lock",
			);
			name = "[CP] Check Pods Manifest.lock";
			outputFileListPaths = (
			);
			outputPaths = (
				"$(DERIVED_FILE_DIR)/Pods-Handmade_AnimaitonTests-checkManifestLockResult.txt",
			);
			runOnlyForDeploymentPostprocessing = 0;
			shellPath = /bin/sh;
			shellScript = "diff \"${PODS_PODFILE_DIR_PATH}/Podfile.lock\" \"${PODS_ROOT}/Manifest.lock\" > /dev/null\nif [ $? != 0 ] ; then\n    # print error to STDERR\n    echo \"error: The sandbox is not in sync with the Podfile.lock. Run 'pod install' or update your CocoaPods installation.\" >&2\n    exit 1\nfi\n# This output is used by Xcode 'outputs' to avoid re-running this script phase.\necho \"SUCCESS\" > \"${SCRIPT_OUTPUT_FILE_0}\"\n";
			showEnvVarsInLog = 0;
		};
/* End PBXShellScriptBuildPhase section */

/* Begin PBXSourcesBuildPhase section */
		6693A6C8283F437200164E4E /* Sources */ = {
			isa = PBXSourcesBuildPhase;
			buildActionMask = 2147483647;
			files = (
				6693A6D4283F437200164E4E /* ViewController.swift in Sources */,
				6693A6D0283F437200164E4E /* AppDelegate.swift in Sources */,
				6693A70728409E3F00164E4E /* Bell_CA.swift in Sources */,
				6693A70028408DD600164E4E /* publicExample_CAShapeLayer.swift in Sources */,
				6693A6D2283F437200164E4E /* SceneDelegate.swift in Sources */,
				6693A70528408F0500164E4E /* CAView.swift in Sources */,
			);
			runOnlyForDeploymentPostprocessing = 0;
		};
		6693A6DE283F437300164E4E /* Sources */ = {
			isa = PBXSourcesBuildPhase;
			buildActionMask = 2147483647;
			files = (
				6693A6E7283F437300164E4E /* Handmade_AnimaitonTests.swift in Sources */,
			);
			runOnlyForDeploymentPostprocessing = 0;
		};
		6693A6E8283F437300164E4E /* Sources */ = {
			isa = PBXSourcesBuildPhase;
			buildActionMask = 2147483647;
			files = (
				6693A6F1283F437300164E4E /* Handmade_AnimaitonUITests.swift in Sources */,
				6693A6F3283F437300164E4E /* Handmade_AnimaitonUITestsLaunchTests.swift in Sources */,
			);
			runOnlyForDeploymentPostprocessing = 0;
		};
/* End PBXSourcesBuildPhase section */

/* Begin PBXTargetDependency section */
		6693A6E4283F437300164E4E /* PBXTargetDependency */ = {
			isa = PBXTargetDependency;
			target = 6693A6CB283F437200164E4E /* Handmade_Animaiton */;
			targetProxy = 6693A6E3283F437300164E4E /* PBXContainerItemProxy */;
		};
		6693A6EE283F437300164E4E /* PBXTargetDependency */ = {
			isa = PBXTargetDependency;
			target = 6693A6CB283F437200164E4E /* Handmade_Animaiton */;
			targetProxy = 6693A6ED283F437300164E4E /* PBXContainerItemProxy */;
		};
/* End PBXTargetDependency section */

/* Begin PBXVariantGroup section */
		6693A6D5283F437200164E4E /* Main.storyboard */ = {
			isa = PBXVariantGroup;
			children = (
				6693A6D6283F437200164E4E /* Base */,
			);
			name = Main.storyboard;
			sourceTree = "<group>";
		};
		6693A6DA283F437300164E4E /* LaunchScreen.storyboard */ = {
			isa = PBXVariantGroup;
			children = (
				6693A6DB283F437300164E4E /* Base */,
			);
			name = LaunchScreen.storyboard;
			sourceTree = "<group>";
		};
/* End PBXVariantGroup section */

/* Begin XCBuildConfiguration section */
		6693A6F4283F437400164E4E /* Debug */ = {
			isa = XCBuildConfiguration;
			buildSettings = {
				ALWAYS_SEARCH_USER_PATHS = NO;
				CLANG_ANALYZER_NONNULL = YES;
				CLANG_ANALYZER_NUMBER_OBJECT_CONVERSION = YES_AGGRESSIVE;
				CLANG_CXX_LANGUAGE_STANDARD = "gnu++17";
				CLANG_ENABLE_MODULES = YES;
				CLANG_ENABLE_OBJC_ARC = YES;
				CLANG_ENABLE_OBJC_WEAK = YES;
				CLANG_WARN_BLOCK_CAPTURE_AUTORELEASING = YES;
				CLANG_WARN_BOOL_CONVERSION = YES;
				CLANG_WARN_COMMA = YES;
				CLANG_WARN_CONSTANT_CONVERSION = YES;
				CLANG_WARN_DEPRECATED_OBJC_IMPLEMENTATIONS = YES;
				CLANG_WARN_DIRECT_OBJC_ISA_USAGE = YES_ERROR;
				CLANG_WARN_DOCUMENTATION_COMMENTS = YES;
				CLANG_WARN_EMPTY_BODY = YES;
				CLANG_WARN_ENUM_CONVERSION = YES;
				CLANG_WARN_INFINITE_RECURSION = YES;
				CLANG_WARN_INT_CONVERSION = YES;
				CLANG_WARN_NON_LITERAL_NULL_CONVERSION = YES;
				CLANG_WARN_OBJC_IMPLICIT_RETAIN_SELF = YES;
				CLANG_WARN_OBJC_LITERAL_CONVERSION = YES;
				CLANG_WARN_OBJC_ROOT_CLASS = YES_ERROR;
				CLANG_WARN_QUOTED_INCLUDE_IN_FRAMEWORK_HEADER = YES;
				CLANG_WARN_RANGE_LOOP_ANALYSIS = YES;
				CLANG_WARN_STRICT_PROTOTYPES = YES;
				CLANG_WARN_SUSPICIOUS_MOVE = YES;
				CLANG_WARN_UNGUARDED_AVAILABILITY = YES_AGGRESSIVE;
				CLANG_WARN_UNREACHABLE_CODE = YES;
				CLANG_WARN__DUPLICATE_METHOD_MATCH = YES;
				COPY_PHASE_STRIP = NO;
				DEBUG_INFORMATION_FORMAT = dwarf;
				ENABLE_STRICT_OBJC_MSGSEND = YES;
				ENABLE_TESTABILITY = YES;
				GCC_C_LANGUAGE_STANDARD = gnu11;
				GCC_DYNAMIC_NO_PIC = NO;
				GCC_NO_COMMON_BLOCKS = YES;
				GCC_OPTIMIZATION_LEVEL = 0;
				GCC_PREPROCESSOR_DEFINITIONS = (
					"DEBUG=1",
					"$(inherited)",
				);
				GCC_WARN_64_TO_32_BIT_CONVERSION = YES;
				GCC_WARN_ABOUT_RETURN_TYPE = YES_ERROR;
				GCC_WARN_UNDECLARED_SELECTOR = YES;
				GCC_WARN_UNINITIALIZED_AUTOS = YES_AGGRESSIVE;
				GCC_WARN_UNUSED_FUNCTION = YES;
				GCC_WARN_UNUSED_VARIABLE = YES;
				IPHONEOS_DEPLOYMENT_TARGET = 15.4;
				MTL_ENABLE_DEBUG_INFO = INCLUDE_SOURCE;
				MTL_FAST_MATH = YES;
				ONLY_ACTIVE_ARCH = YES;
				SDKROOT = iphoneos;
				SWIFT_ACTIVE_COMPILATION_CONDITIONS = DEBUG;
				SWIFT_OPTIMIZATION_LEVEL = "-Onone";
			};
			name = Debug;
		};
		6693A6F5283F437400164E4E /* Release */ = {
			isa = XCBuildConfiguration;
			buildSettings = {
				ALWAYS_SEARCH_USER_PATHS = NO;
				CLANG_ANALYZER_NONNULL = YES;
				CLANG_ANALYZER_NUMBER_OBJECT_CONVERSION = YES_AGGRESSIVE;
				CLANG_CXX_LANGUAGE_STANDARD = "gnu++17";
				CLANG_ENABLE_MODULES = YES;
				CLANG_ENABLE_OBJC_ARC = YES;
				CLANG_ENABLE_OBJC_WEAK = YES;
				CLANG_WARN_BLOCK_CAPTURE_AUTORELEASING = YES;
				CLANG_WARN_BOOL_CONVERSION = YES;
				CLANG_WARN_COMMA = YES;
				CLANG_WARN_CONSTANT_CONVERSION = YES;
				CLANG_WARN_DEPRECATED_OBJC_IMPLEMENTATIONS = YES;
				CLANG_WARN_DIRECT_OBJC_ISA_USAGE = YES_ERROR;
				CLANG_WARN_DOCUMENTATION_COMMENTS = YES;
				CLANG_WARN_EMPTY_BODY = YES;
				CLANG_WARN_ENUM_CONVERSION = YES;
				CLANG_WARN_INFINITE_RECURSION = YES;
				CLANG_WARN_INT_CONVERSION = YES;
				CLANG_WARN_NON_LITERAL_NULL_CONVERSION = YES;
				CLANG_WARN_OBJC_IMPLICIT_RETAIN_SELF = YES;
				CLANG_WARN_OBJC_LITERAL_CONVERSION = YES;
				CLANG_WARN_OBJC_ROOT_CLASS = YES_ERROR;
				CLANG_WARN_QUOTED_INCLUDE_IN_FRAMEWORK_HEADER = YES;
				CLANG_WARN_RANGE_LOOP_ANALYSIS = YES;
				CLANG_WARN_STRICT_PROTOTYPES = YES;
				CLANG_WARN_SUSPICIOUS_MOVE = YES;
				CLANG_WARN_UNGUARDED_AVAILABILITY = YES_AGGRESSIVE;
				CLANG_WARN_UNREACHABLE_CODE = YES;
				CLANG_WARN__DUPLICATE_METHOD_MATCH = YES;
				COPY_PHASE_STRIP = NO;
				DEBUG_INFORMATION_FORMAT = "dwarf-with-dsym";
				ENABLE_NS_ASSERTIONS = NO;
				ENABLE_STRICT_OBJC_MSGSEND = YES;
				GCC_C_LANGUAGE_STANDARD = gnu11;
				GCC_NO_COMMON_BLOCKS = YES;
				GCC_WARN_64_TO_32_BIT_CONVERSION = YES;
				GCC_WARN_ABOUT_RETURN_TYPE = YES_ERROR;
				GCC_WARN_UNDECLARED_SELECTOR = YES;
				GCC_WARN_UNINITIALIZED_AUTOS = YES_AGGRESSIVE;
				GCC_WARN_UNUSED_FUNCTION = YES;
				GCC_WARN_UNUSED_VARIABLE = YES;
				IPHONEOS_DEPLOYMENT_TARGET = 15.4;
				MTL_ENABLE_DEBUG_INFO = NO;
				MTL_FAST_MATH = YES;
				SDKROOT = iphoneos;
				SWIFT_COMPILATION_MODE = wholemodule;
				SWIFT_OPTIMIZATION_LEVEL = "-O";
				VALIDATE_PRODUCT = YES;
			};
			name = Release;
		};
		6693A6F7283F437400164E4E /* Debug */ = {
			isa = XCBuildConfiguration;
			baseConfigurationReference = 1907FC232E63A2ACEA37A05F /* Pods-Handmade_Animaiton.debug.xcconfig */;
			buildSettings = {
				ASSETCATALOG_COMPILER_APPICON_NAME = AppIcon;
				ASSETCATALOG_COMPILER_GLOBAL_ACCENT_COLOR_NAME = AccentColor;
				CODE_SIGN_STYLE = Automatic;
				CURRENT_PROJECT_VERSION = 1;
				DEVELOPMENT_TEAM = 4LSK5RV54C;
				GENERATE_INFOPLIST_FILE = YES;
				INFOPLIST_FILE = Handmade_Animaiton/Info.plist;
				INFOPLIST_KEY_UIApplicationSupportsIndirectInputEvents = YES;
				INFOPLIST_KEY_UILaunchStoryboardName = LaunchScreen;
				INFOPLIST_KEY_UIMainStoryboardFile = Main;
				INFOPLIST_KEY_UISupportedInterfaceOrientations_iPad = "UIInterfaceOrientationPortrait UIInterfaceOrientationPortraitUpsideDown UIInterfaceOrientationLandscapeLeft UIInterfaceOrientationLandscapeRight";
				INFOPLIST_KEY_UISupportedInterfaceOrientations_iPhone = "UIInterfaceOrientationPortrait UIInterfaceOrientationLandscapeLeft UIInterfaceOrientationLandscapeRight";
				LD_RUNPATH_SEARCH_PATHS = (
					"$(inherited)",
					"@executable_path/Frameworks",
				);
				MARKETING_VERSION = 1.0;
				PRODUCT_BUNDLE_IDENTIFIER = "com.yeong.Handmade-Animaiton";
				PRODUCT_NAME = "$(TARGET_NAME)";
				SWIFT_EMIT_LOC_STRINGS = YES;
				SWIFT_VERSION = 5.0;
				TARGETED_DEVICE_FAMILY = "1,2";
			};
			name = Debug;
		};
		6693A6F8283F437400164E4E /* Release */ = {
			isa = XCBuildConfiguration;
			baseConfigurationReference = 443AE6ADAE70971C0C92A691 /* Pods-Handmade_Animaiton.release.xcconfig */;
			buildSettings = {
				ASSETCATALOG_COMPILER_APPICON_NAME = AppIcon;
				ASSETCATALOG_COMPILER_GLOBAL_ACCENT_COLOR_NAME = AccentColor;
				CODE_SIGN_STYLE = Automatic;
				CURRENT_PROJECT_VERSION = 1;
				DEVELOPMENT_TEAM = 4LSK5RV54C;
				GENERATE_INFOPLIST_FILE = YES;
				INFOPLIST_FILE = Handmade_Animaiton/Info.plist;
				INFOPLIST_KEY_UIApplicationSupportsIndirectInputEvents = YES;
				INFOPLIST_KEY_UILaunchStoryboardName = LaunchScreen;
				INFOPLIST_KEY_UIMainStoryboardFile = Main;
				INFOPLIST_KEY_UISupportedInterfaceOrientations_iPad = "UIInterfaceOrientationPortrait UIInterfaceOrientationPortraitUpsideDown UIInterfaceOrientationLandscapeLeft UIInterfaceOrientationLandscapeRight";
				INFOPLIST_KEY_UISupportedInterfaceOrientations_iPhone = "UIInterfaceOrientationPortrait UIInterfaceOrientationLandscapeLeft UIInterfaceOrientationLandscapeRight";
				LD_RUNPATH_SEARCH_PATHS = (
					"$(inherited)",
					"@executable_path/Frameworks",
				);
				MARKETING_VERSION = 1.0;
				PRODUCT_BUNDLE_IDENTIFIER = "com.yeong.Handmade-Animaiton";
				PRODUCT_NAME = "$(TARGET_NAME)";
				SWIFT_EMIT_LOC_STRINGS = YES;
				SWIFT_VERSION = 5.0;
				TARGETED_DEVICE_FAMILY = "1,2";
			};
			name = Release;
		};
		6693A6FA283F437400164E4E /* Debug */ = {
			isa = XCBuildConfiguration;
			baseConfigurationReference = 667E0397B81FEA613BAA4636 /* Pods-Handmade_AnimaitonTests.debug.xcconfig */;
			buildSettings = {
				ALWAYS_EMBED_SWIFT_STANDARD_LIBRARIES = YES;
				BUNDLE_LOADER = "$(TEST_HOST)";
				CODE_SIGN_STYLE = Automatic;
				CURRENT_PROJECT_VERSION = 1;
				DEVELOPMENT_TEAM = 4LSK5RV54C;
				GENERATE_INFOPLIST_FILE = YES;
				IPHONEOS_DEPLOYMENT_TARGET = 15.4;
				MARKETING_VERSION = 1.0;
				PRODUCT_BUNDLE_IDENTIFIER = "com.yeong.Handmade-AnimaitonTests";
				PRODUCT_NAME = "$(TARGET_NAME)";
				SWIFT_EMIT_LOC_STRINGS = NO;
				SWIFT_VERSION = 5.0;
				TARGETED_DEVICE_FAMILY = "1,2";
				TEST_HOST = "$(BUILT_PRODUCTS_DIR)/Handmade_Animaiton.app/Handmade_Animaiton";
			};
			name = Debug;
		};
		6693A6FB283F437400164E4E /* Release */ = {
			isa = XCBuildConfiguration;
			baseConfigurationReference = 4E02CAB1880F7F2C8CC66697 /* Pods-Handmade_AnimaitonTests.release.xcconfig */;
			buildSettings = {
				ALWAYS_EMBED_SWIFT_STANDARD_LIBRARIES = YES;
				BUNDLE_LOADER = "$(TEST_HOST)";
				CODE_SIGN_STYLE = Automatic;
				CURRENT_PROJECT_VERSION = 1;
				DEVELOPMENT_TEAM = 4LSK5RV54C;
				GENERATE_INFOPLIST_FILE = YES;
				IPHONEOS_DEPLOYMENT_TARGET = 15.4;
				MARKETING_VERSION = 1.0;
				PRODUCT_BUNDLE_IDENTIFIER = "com.yeong.Handmade-AnimaitonTests";
				PRODUCT_NAME = "$(TARGET_NAME)";
				SWIFT_EMIT_LOC_STRINGS = NO;
				SWIFT_VERSION = 5.0;
				TARGETED_DEVICE_FAMILY = "1,2";
				TEST_HOST = "$(BUILT_PRODUCTS_DIR)/Handmade_Animaiton.app/Handmade_Animaiton";
			};
			name = Release;
		};
		6693A6FD283F437400164E4E /* Debug */ = {
			isa = XCBuildConfiguration;
			baseConfigurationReference = 8D84F0E36FB2C2DCFCFCA2E8 /* Pods-Handmade_Animaiton-Handmade_AnimaitonUITests.debug.xcconfig */;
			buildSettings = {
				ALWAYS_EMBED_SWIFT_STANDARD_LIBRARIES = YES;
				CODE_SIGN_STYLE = Automatic;
				CURRENT_PROJECT_VERSION = 1;
				DEVELOPMENT_TEAM = 4LSK5RV54C;
				GENERATE_INFOPLIST_FILE = YES;
				MARKETING_VERSION = 1.0;
				PRODUCT_BUNDLE_IDENTIFIER = "com.yeong.Handmade-AnimaitonUITests";
				PRODUCT_NAME = "$(TARGET_NAME)";
				SWIFT_EMIT_LOC_STRINGS = NO;
				SWIFT_VERSION = 5.0;
				TARGETED_DEVICE_FAMILY = "1,2";
				TEST_TARGET_NAME = Handmade_Animaiton;
			};
			name = Debug;
		};
		6693A6FE283F437400164E4E /* Release */ = {
			isa = XCBuildConfiguration;
			baseConfigurationReference = 3E06943EF8F035738925A9AC /* Pods-Handmade_Animaiton-Handmade_AnimaitonUITests.release.xcconfig */;
			buildSettings = {
				ALWAYS_EMBED_SWIFT_STANDARD_LIBRARIES = YES;
				CODE_SIGN_STYLE = Automatic;
				CURRENT_PROJECT_VERSION = 1;
				DEVELOPMENT_TEAM = 4LSK5RV54C;
				GENERATE_INFOPLIST_FILE = YES;
				MARKETING_VERSION = 1.0;
				PRODUCT_BUNDLE_IDENTIFIER = "com.yeong.Handmade-AnimaitonUITests";
				PRODUCT_NAME = "$(TARGET_NAME)";
				SWIFT_EMIT_LOC_STRINGS = NO;
				SWIFT_VERSION = 5.0;
				TARGETED_DEVICE_FAMILY = "1,2";
				TEST_TARGET_NAME = Handmade_Animaiton;
			};
			name = Release;
		};
/* End XCBuildConfiguration section */

/* Begin XCConfigurationList section */
		6693A6C7283F437200164E4E /* Build configuration list for PBXProject "Handmade_Animaiton" */ = {
			isa = XCConfigurationList;
			buildConfigurations = (
				6693A6F4283F437400164E4E /* Debug */,
				6693A6F5283F437400164E4E /* Release */,
			);
			defaultConfigurationIsVisible = 0;
			defaultConfigurationName = Release;
		};
		6693A6F6283F437400164E4E /* Build configuration list for PBXNativeTarget "Handmade_Animaiton" */ = {
			isa = XCConfigurationList;
			buildConfigurations = (
				6693A6F7283F437400164E4E /* Debug */,
				6693A6F8283F437400164E4E /* Release */,
			);
			defaultConfigurationIsVisible = 0;
			defaultConfigurationName = Release;
		};
		6693A6F9283F437400164E4E /* Build configuration list for PBXNativeTarget "Handmade_AnimaitonTests" */ = {
			isa = XCConfigurationList;
			buildConfigurations = (
				6693A6FA283F437400164E4E /* Debug */,
				6693A6FB283F437400164E4E /* Release */,
			);
			defaultConfigurationIsVisible = 0;
			defaultConfigurationName = Release;
		};
		6693A6FC283F437400164E4E /* Build configuration list for PBXNativeTarget "Handmade_AnimaitonUITests" */ = {
			isa = XCConfigurationList;
			buildConfigurations = (
				6693A6FD283F437400164E4E /* Debug */,
				6693A6FE283F437400164E4E /* Release */,
			);
			defaultConfigurationIsVisible = 0;
			defaultConfigurationName = Release;
		};
/* End XCConfigurationList section */
	};
	rootObject = 6693A6C4283F437200164E4E /* Project object */;
}
