// !$*UTF8*$!
{
	archiveVersion = 1;
	classes = {
	};
	objectVersion = 56;
	objects = {

/* Begin PBXBuildFile section */
		665C69602A3313140074B6D7 /* R.swift in Sources */ = {isa = PBXBuildFile; fileRef = 665C695F2A3313140074B6D7 /* R.swift */; };
		665C69622A3314BD0074B6D7 /* MyChat.swift in Sources */ = {isa = PBXBuildFile; fileRef = 665C69612A3314BD0074B6D7 /* MyChat.swift */; };
		665C69662A33160D0074B6D7 /* Kingfisher in Frameworks */ = {isa = PBXBuildFile; productRef = 665C69652A33160D0074B6D7 /* Kingfisher */; };
		665C69682A36917A0074B6D7 /* YourChat.swift in Sources */ = {isa = PBXBuildFile; fileRef = 665C69672A36917A0074B6D7 /* YourChat.swift */; };
		66862A562A2D72F200776946 /* AppDelegate.swift in Sources */ = {isa = PBXBuildFile; fileRef = 66862A552A2D72F200776946 /* AppDelegate.swift */; };
		66862A582A2D72F200776946 /* SceneDelegate.swift in Sources */ = {isa = PBXBuildFile; fileRef = 66862A572A2D72F200776946 /* SceneDelegate.swift */; };
		66862A5A2A2D72F200776946 /* ViewController.swift in Sources */ = {isa = PBXBuildFile; fileRef = 66862A592A2D72F200776946 /* ViewController.swift */; };
		66862A5D2A2D72F200776946 /* Main.storyboard in Resources */ = {isa = PBXBuildFile; fileRef = 66862A5B2A2D72F200776946 /* Main.storyboard */; };
		66862A5F2A2D72F300776946 /* Assets.xcassets in Resources */ = {isa = PBXBuildFile; fileRef = 66862A5E2A2D72F300776946 /* Assets.xcassets */; };
		66862A622A2D72F300776946 /* LaunchScreen.storyboard in Resources */ = {isa = PBXBuildFile; fileRef = 66862A602A2D72F300776946 /* LaunchScreen.storyboard */; };
		66862A6D2A2D72F400776946 /* ChattingLayoutUsingColleciontViewTests.swift in Sources */ = {isa = PBXBuildFile; fileRef = 66862A6C2A2D72F400776946 /* ChattingLayoutUsingColleciontViewTests.swift */; };
		66862A772A2D72F400776946 /* ChattingLayoutUsingColleciontViewUITests.swift in Sources */ = {isa = PBXBuildFile; fileRef = 66862A762A2D72F400776946 /* ChattingLayoutUsingColleciontViewUITests.swift */; };
		66862A792A2D72F400776946 /* ChattingLayoutUsingColleciontViewUITestsLaunchTests.swift in Sources */ = {isa = PBXBuildFile; fileRef = 66862A782A2D72F400776946 /* ChattingLayoutUsingColleciontViewUITestsLaunchTests.swift */; };
		66862A872A2D732F00776946 /* SnapKit in Frameworks */ = {isa = PBXBuildFile; productRef = 66862A862A2D732F00776946 /* SnapKit */; };
		66862A8A2A2D733C00776946 /* Then in Frameworks */ = {isa = PBXBuildFile; productRef = 66862A892A2D733C00776946 /* Then */; };
		66862A8D2A2D735A00776946 /* RxCocoa in Frameworks */ = {isa = PBXBuildFile; productRef = 66862A8C2A2D735A00776946 /* RxCocoa */; };
		66862A8F2A2D735A00776946 /* RxRelay in Frameworks */ = {isa = PBXBuildFile; productRef = 66862A8E2A2D735A00776946 /* RxRelay */; };
		66862A912A2D735A00776946 /* RxSwift in Frameworks */ = {isa = PBXBuildFile; productRef = 66862A902A2D735A00776946 /* RxSwift */; };
/* End PBXBuildFile section */

/* Begin PBXContainerItemProxy section */
		66862A692A2D72F400776946 /* PBXContainerItemProxy */ = {
			isa = PBXContainerItemProxy;
			containerPortal = 66862A4A2A2D72F200776946 /* Project object */;
			proxyType = 1;
			remoteGlobalIDString = 66862A512A2D72F200776946;
			remoteInfo = ChattingLayoutUsingColleciontView;
		};
		66862A732A2D72F400776946 /* PBXContainerItemProxy */ = {
			isa = PBXContainerItemProxy;
			containerPortal = 66862A4A2A2D72F200776946 /* Project object */;
			proxyType = 1;
			remoteGlobalIDString = 66862A512A2D72F200776946;
			remoteInfo = ChattingLayoutUsingColleciontView;
		};
/* End PBXContainerItemProxy section */

/* Begin PBXFileReference section */
		665C695F2A3313140074B6D7 /* R.swift */ = {isa = PBXFileReference; lastKnownFileType = sourcecode.swift; path = R.swift; sourceTree = "<group>"; };
		665C69612A3314BD0074B6D7 /* MyChat.swift */ = {isa = PBXFileReference; lastKnownFileType = sourcecode.swift; path = MyChat.swift; sourceTree = "<group>"; };
		665C69672A36917A0074B6D7 /* YourChat.swift */ = {isa = PBXFileReference; lastKnownFileType = sourcecode.swift; path = YourChat.swift; sourceTree = "<group>"; };
		66862A522A2D72F200776946 /* ChattingLayoutUsingColleciontView.app */ = {isa = PBXFileReference; explicitFileType = wrapper.application; includeInIndex = 0; path = ChattingLayoutUsingColleciontView.app; sourceTree = BUILT_PRODUCTS_DIR; };
		66862A552A2D72F200776946 /* AppDelegate.swift */ = {isa = PBXFileReference; lastKnownFileType = sourcecode.swift; path = AppDelegate.swift; sourceTree = "<group>"; };
		66862A572A2D72F200776946 /* SceneDelegate.swift */ = {isa = PBXFileReference; lastKnownFileType = sourcecode.swift; path = SceneDelegate.swift; sourceTree = "<group>"; };
		66862A592A2D72F200776946 /* ViewController.swift */ = {isa = PBXFileReference; lastKnownFileType = sourcecode.swift; path = ViewController.swift; sourceTree = "<group>"; };
		66862A5C2A2D72F200776946 /* Base */ = {isa = PBXFileReference; lastKnownFileType = file.storyboard; name = Base; path = Base.lproj/Main.storyboard; sourceTree = "<group>"; };
		66862A5E2A2D72F300776946 /* Assets.xcassets */ = {isa = PBXFileReference; lastKnownFileType = folder.assetcatalog; path = Assets.xcassets; sourceTree = "<group>"; };
		66862A612A2D72F300776946 /* Base */ = {isa = PBXFileReference; lastKnownFileType = file.storyboard; name = Base; path = Base.lproj/LaunchScreen.storyboard; sourceTree = "<group>"; };
		66862A632A2D72F300776946 /* Info.plist */ = {isa = PBXFileReference; lastKnownFileType = text.plist.xml; path = Info.plist; sourceTree = "<group>"; };
		66862A682A2D72F400776946 /* ChattingLayoutUsingColleciontViewTests.xctest */ = {isa = PBXFileReference; explicitFileType = wrapper.cfbundle; includeInIndex = 0; path = ChattingLayoutUsingColleciontViewTests.xctest; sourceTree = BUILT_PRODUCTS_DIR; };
		66862A6C2A2D72F400776946 /* ChattingLayoutUsingColleciontViewTests.swift */ = {isa = PBXFileReference; lastKnownFileType = sourcecode.swift; path = ChattingLayoutUsingColleciontViewTests.swift; sourceTree = "<group>"; };
		66862A722A2D72F400776946 /* ChattingLayoutUsingColleciontViewUITests.xctest */ = {isa = PBXFileReference; explicitFileType = wrapper.cfbundle; includeInIndex = 0; path = ChattingLayoutUsingColleciontViewUITests.xctest; sourceTree = BUILT_PRODUCTS_DIR; };
		66862A762A2D72F400776946 /* ChattingLayoutUsingColleciontViewUITests.swift */ = {isa = PBXFileReference; lastKnownFileType = sourcecode.swift; path = ChattingLayoutUsingColleciontViewUITests.swift; sourceTree = "<group>"; };
		66862A782A2D72F400776946 /* ChattingLayoutUsingColleciontViewUITestsLaunchTests.swift */ = {isa = PBXFileReference; lastKnownFileType = sourcecode.swift; path = ChattingLayoutUsingColleciontViewUITestsLaunchTests.swift; sourceTree = "<group>"; };
		66862A942A2D789B00776946 /* README.md */ = {isa = PBXFileReference; lastKnownFileType = net.daringfireball.markdown; path = README.md; sourceTree = "<group>"; };
/* End PBXFileReference section */

/* Begin PBXFrameworksBuildPhase section */
		66862A4F2A2D72F200776946 /* Frameworks */ = {
			isa = PBXFrameworksBuildPhase;
			buildActionMask = 2147483647;
			files = (
				66862A8D2A2D735A00776946 /* RxCocoa in Frameworks */,
				66862A872A2D732F00776946 /* SnapKit in Frameworks */,
				665C69662A33160D0074B6D7 /* Kingfisher in Frameworks */,
				66862A912A2D735A00776946 /* RxSwift in Frameworks */,
				66862A8F2A2D735A00776946 /* RxRelay in Frameworks */,
				66862A8A2A2D733C00776946 /* Then in Frameworks */,
			);
			runOnlyForDeploymentPostprocessing = 0;
		};
		66862A652A2D72F400776946 /* Frameworks */ = {
			isa = PBXFrameworksBuildPhase;
			buildActionMask = 2147483647;
			files = (
			);
			runOnlyForDeploymentPostprocessing = 0;
		};
		66862A6F2A2D72F400776946 /* Frameworks */ = {
			isa = PBXFrameworksBuildPhase;
			buildActionMask = 2147483647;
			files = (
			);
			runOnlyForDeploymentPostprocessing = 0;
		};
/* End PBXFrameworksBuildPhase section */

/* Begin PBXGroup section */
		665C69632A3314C20074B6D7 /* Cell */ = {
			isa = PBXGroup;
			children = (
				665C69612A3314BD0074B6D7 /* MyChat.swift */,
				665C69672A36917A0074B6D7 /* YourChat.swift */,
			);
			path = Cell;
			sourceTree = "<group>";
		};
		66862A492A2D72F200776946 = {
			isa = PBXGroup;
			children = (
				66862A942A2D789B00776946 /* README.md */,
				66862A542A2D72F200776946 /* ChattingLayoutUsingColleciontView */,
				66862A6B2A2D72F400776946 /* ChattingLayoutUsingColleciontViewTests */,
				66862A752A2D72F400776946 /* ChattingLayoutUsingColleciontViewUITests */,
				66862A532A2D72F200776946 /* Products */,
			);
			sourceTree = "<group>";
		};
		66862A532A2D72F200776946 /* Products */ = {
			isa = PBXGroup;
			children = (
				66862A522A2D72F200776946 /* ChattingLayoutUsingColleciontView.app */,
				66862A682A2D72F400776946 /* ChattingLayoutUsingColleciontViewTests.xctest */,
				66862A722A2D72F400776946 /* ChattingLayoutUsingColleciontViewUITests.xctest */,
			);
			name = Products;
			sourceTree = "<group>";
		};
		66862A542A2D72F200776946 /* ChattingLayoutUsingColleciontView */ = {
			isa = PBXGroup;
			children = (
				665C69632A3314C20074B6D7 /* Cell */,
				66862A552A2D72F200776946 /* AppDelegate.swift */,
				66862A572A2D72F200776946 /* SceneDelegate.swift */,
				66862A592A2D72F200776946 /* ViewController.swift */,
				665C695F2A3313140074B6D7 /* R.swift */,
				66862A5B2A2D72F200776946 /* Main.storyboard */,
				66862A5E2A2D72F300776946 /* Assets.xcassets */,
				66862A602A2D72F300776946 /* LaunchScreen.storyboard */,
				66862A632A2D72F300776946 /* Info.plist */,
			);
			path = ChattingLayoutUsingColleciontView;
			sourceTree = "<group>";
		};
		66862A6B2A2D72F400776946 /* ChattingLayoutUsingColleciontViewTests */ = {
			isa = PBXGroup;
			children = (
				66862A6C2A2D72F400776946 /* ChattingLayoutUsingColleciontViewTests.swift */,
			);
			path = ChattingLayoutUsingColleciontViewTests;
			sourceTree = "<group>";
		};
		66862A752A2D72F400776946 /* ChattingLayoutUsingColleciontViewUITests */ = {
			isa = PBXGroup;
			children = (
				66862A762A2D72F400776946 /* ChattingLayoutUsingColleciontViewUITests.swift */,
				66862A782A2D72F400776946 /* ChattingLayoutUsingColleciontViewUITestsLaunchTests.swift */,
			);
			path = ChattingLayoutUsingColleciontViewUITests;
			sourceTree = "<group>";
		};
/* End PBXGroup section */

/* Begin PBXNativeTarget section */
		66862A512A2D72F200776946 /* ChattingLayoutUsingColleciontView */ = {
			isa = PBXNativeTarget;
			buildConfigurationList = 66862A7C2A2D72F400776946 /* Build configuration list for PBXNativeTarget "ChattingLayoutUsingColleciontView" */;
			buildPhases = (
				66862A4E2A2D72F200776946 /* Sources */,
				66862A4F2A2D72F200776946 /* Frameworks */,
				66862A502A2D72F200776946 /* Resources */,
			);
			buildRules = (
			);
			dependencies = (
			);
			name = ChattingLayoutUsingColleciontView;
			packageProductDependencies = (
				66862A862A2D732F00776946 /* SnapKit */,
				66862A892A2D733C00776946 /* Then */,
				66862A8C2A2D735A00776946 /* RxCocoa */,
				66862A8E2A2D735A00776946 /* RxRelay */,
				66862A902A2D735A00776946 /* RxSwift */,
				665C69652A33160D0074B6D7 /* Kingfisher */,
			);
			productName = ChattingLayoutUsingColleciontView;
			productReference = 66862A522A2D72F200776946 /* ChattingLayoutUsingColleciontView.app */;
			productType = "com.apple.product-type.application";
		};
		66862A672A2D72F400776946 /* ChattingLayoutUsingColleciontViewTests */ = {
			isa = PBXNativeTarget;
			buildConfigurationList = 66862A7F2A2D72F400776946 /* Build configuration list for PBXNativeTarget "ChattingLayoutUsingColleciontViewTests" */;
			buildPhases = (
				66862A642A2D72F400776946 /* Sources */,
				66862A652A2D72F400776946 /* Frameworks */,
				66862A662A2D72F400776946 /* Resources */,
			);
			buildRules = (
			);
			dependencies = (
				66862A6A2A2D72F400776946 /* PBXTargetDependency */,
			);
			name = ChattingLayoutUsingColleciontViewTests;
			productName = ChattingLayoutUsingColleciontViewTests;
			productReference = 66862A682A2D72F400776946 /* ChattingLayoutUsingColleciontViewTests.xctest */;
			productType = "com.apple.product-type.bundle.unit-test";
		};
		66862A712A2D72F400776946 /* ChattingLayoutUsingColleciontViewUITests */ = {
			isa = PBXNativeTarget;
			buildConfigurationList = 66862A822A2D72F400776946 /* Build configuration list for PBXNativeTarget "ChattingLayoutUsingColleciontViewUITests" */;
			buildPhases = (
				66862A6E2A2D72F400776946 /* Sources */,
				66862A6F2A2D72F400776946 /* Frameworks */,
				66862A702A2D72F400776946 /* Resources */,
			);
			buildRules = (
			);
			dependencies = (
				66862A742A2D72F400776946 /* PBXTargetDependency */,
			);
			name = ChattingLayoutUsingColleciontViewUITests;
			productName = ChattingLayoutUsingColleciontViewUITests;
			productReference = 66862A722A2D72F400776946 /* ChattingLayoutUsingColleciontViewUITests.xctest */;
			productType = "com.apple.product-type.bundle.ui-testing";
		};
/* End PBXNativeTarget section */

/* Begin PBXProject section */
		66862A4A2A2D72F200776946 /* Project object */ = {
			isa = PBXProject;
			attributes = {
				BuildIndependentTargetsInParallel = 1;
				LastSwiftUpdateCheck = 1430;
				LastUpgradeCheck = 1430;
				TargetAttributes = {
					66862A512A2D72F200776946 = {
						CreatedOnToolsVersion = 14.3;
					};
					66862A672A2D72F400776946 = {
						CreatedOnToolsVersion = 14.3;
						TestTargetID = 66862A512A2D72F200776946;
					};
					66862A712A2D72F400776946 = {
						CreatedOnToolsVersion = 14.3;
						TestTargetID = 66862A512A2D72F200776946;
					};
				};
			};
			buildConfigurationList = 66862A4D2A2D72F200776946 /* Build configuration list for PBXProject "ChattingLayoutUsingColleciontView" */;
			compatibilityVersion = "Xcode 14.0";
			developmentRegion = en;
			hasScannedForEncodings = 0;
			knownRegions = (
				en,
				Base,
			);
			mainGroup = 66862A492A2D72F200776946;
			packageReferences = (
				66862A852A2D732F00776946 /* XCRemoteSwiftPackageReference "SnapKit" */,
				66862A882A2D733C00776946 /* XCRemoteSwiftPackageReference "Then" */,
				66862A8B2A2D735A00776946 /* XCRemoteSwiftPackageReference "RxSwift" */,
				665C69642A33160D0074B6D7 /* XCRemoteSwiftPackageReference "Kingfisher" */,
			);
			productRefGroup = 66862A532A2D72F200776946 /* Products */;
			projectDirPath = "";
			projectRoot = "";
			targets = (
				66862A512A2D72F200776946 /* ChattingLayoutUsingColleciontView */,
				66862A672A2D72F400776946 /* ChattingLayoutUsingColleciontViewTests */,
				66862A712A2D72F400776946 /* ChattingLayoutUsingColleciontViewUITests */,
			);
		};
/* End PBXProject section */

/* Begin PBXResourcesBuildPhase section */
		66862A502A2D72F200776946 /* Resources */ = {
			isa = PBXResourcesBuildPhase;
			buildActionMask = 2147483647;
			files = (
				66862A622A2D72F300776946 /* LaunchScreen.storyboard in Resources */,
				66862A5F2A2D72F300776946 /* Assets.xcassets in Resources */,
				66862A5D2A2D72F200776946 /* Main.storyboard in Resources */,
			);
			runOnlyForDeploymentPostprocessing = 0;
		};
		66862A662A2D72F400776946 /* Resources */ = {
			isa = PBXResourcesBuildPhase;
			buildActionMask = 2147483647;
			files = (
			);
			runOnlyForDeploymentPostprocessing = 0;
		};
		66862A702A2D72F400776946 /* Resources */ = {
			isa = PBXResourcesBuildPhase;
			buildActionMask = 2147483647;
			files = (
			);
			runOnlyForDeploymentPostprocessing = 0;
		};
/* End PBXResourcesBuildPhase section */

/* Begin PBXSourcesBuildPhase section */
		66862A4E2A2D72F200776946 /* Sources */ = {
			isa = PBXSourcesBuildPhase;
			buildActionMask = 2147483647;
			files = (
				665C69602A3313140074B6D7 /* R.swift in Sources */,
				665C69622A3314BD0074B6D7 /* MyChat.swift in Sources */,
				66862A5A2A2D72F200776946 /* ViewController.swift in Sources */,
				66862A562A2D72F200776946 /* AppDelegate.swift in Sources */,
				665C69682A36917A0074B6D7 /* YourChat.swift in Sources */,
				66862A582A2D72F200776946 /* SceneDelegate.swift in Sources */,
			);
			runOnlyForDeploymentPostprocessing = 0;
		};
		66862A642A2D72F400776946 /* Sources */ = {
			isa = PBXSourcesBuildPhase;
			buildActionMask = 2147483647;
			files = (
				66862A6D2A2D72F400776946 /* ChattingLayoutUsingColleciontViewTests.swift in Sources */,
			);
			runOnlyForDeploymentPostprocessing = 0;
		};
		66862A6E2A2D72F400776946 /* Sources */ = {
			isa = PBXSourcesBuildPhase;
			buildActionMask = 2147483647;
			files = (
				66862A792A2D72F400776946 /* ChattingLayoutUsingColleciontViewUITestsLaunchTests.swift in Sources */,
				66862A772A2D72F400776946 /* ChattingLayoutUsingColleciontViewUITests.swift in Sources */,
			);
			runOnlyForDeploymentPostprocessing = 0;
		};
/* End PBXSourcesBuildPhase section */

/* Begin PBXTargetDependency section */
		66862A6A2A2D72F400776946 /* PBXTargetDependency */ = {
			isa = PBXTargetDependency;
			target = 66862A512A2D72F200776946 /* ChattingLayoutUsingColleciontView */;
			targetProxy = 66862A692A2D72F400776946 /* PBXContainerItemProxy */;
		};
		66862A742A2D72F400776946 /* PBXTargetDependency */ = {
			isa = PBXTargetDependency;
			target = 66862A512A2D72F200776946 /* ChattingLayoutUsingColleciontView */;
			targetProxy = 66862A732A2D72F400776946 /* PBXContainerItemProxy */;
		};
/* End PBXTargetDependency section */

/* Begin PBXVariantGroup section */
		66862A5B2A2D72F200776946 /* Main.storyboard */ = {
			isa = PBXVariantGroup;
			children = (
				66862A5C2A2D72F200776946 /* Base */,
			);
			name = Main.storyboard;
			sourceTree = "<group>";
		};
		66862A602A2D72F300776946 /* LaunchScreen.storyboard */ = {
			isa = PBXVariantGroup;
			children = (
				66862A612A2D72F300776946 /* Base */,
			);
			name = LaunchScreen.storyboard;
			sourceTree = "<group>";
		};
/* End PBXVariantGroup section */

/* Begin XCBuildConfiguration section */
		66862A7A2A2D72F400776946 /* Debug */ = {
			isa = XCBuildConfiguration;
			buildSettings = {
				ALWAYS_SEARCH_USER_PATHS = NO;
				CLANG_ANALYZER_NONNULL = YES;
				CLANG_ANALYZER_NUMBER_OBJECT_CONVERSION = YES_AGGRESSIVE;
				CLANG_CXX_LANGUAGE_STANDARD = "gnu++20";
				CLANG_ENABLE_MODULES = YES;
				CLANG_ENABLE_OBJC_ARC = YES;
				CLANG_ENABLE_OBJC_WEAK = YES;
				CLANG_WARN_BLOCK_CAPTURE_AUTORELEASING = YES;
				CLANG_WARN_BOOL_CONVERSION = YES;
				CLANG_WARN_COMMA = YES;
				CLANG_WARN_CONSTANT_CONVERSION = YES;
				CLANG_WARN_DEPRECATED_OBJC_IMPLEMENTATIONS = YES;
				CLANG_WARN_DIRECT_OBJC_ISA_USAGE = YES_ERROR;
				CLANG_WARN_DOCUMENTATION_COMMENTS = YES;
				CLANG_WARN_EMPTY_BODY = YES;
				CLANG_WARN_ENUM_CONVERSION = YES;
				CLANG_WARN_INFINITE_RECURSION = YES;
				CLANG_WARN_INT_CONVERSION = YES;
				CLANG_WARN_NON_LITERAL_NULL_CONVERSION = YES;
				CLANG_WARN_OBJC_IMPLICIT_RETAIN_SELF = YES;
				CLANG_WARN_OBJC_LITERAL_CONVERSION = YES;
				CLANG_WARN_OBJC_ROOT_CLASS = YES_ERROR;
				CLANG_WARN_QUOTED_INCLUDE_IN_FRAMEWORK_HEADER = YES;
				CLANG_WARN_RANGE_LOOP_ANALYSIS = YES;
				CLANG_WARN_STRICT_PROTOTYPES = YES;
				CLANG_WARN_SUSPICIOUS_MOVE = YES;
				CLANG_WARN_UNGUARDED_AVAILABILITY = YES_AGGRESSIVE;
				CLANG_WARN_UNREACHABLE_CODE = YES;
				CLANG_WARN__DUPLICATE_METHOD_MATCH = YES;
				COPY_PHASE_STRIP = NO;
				DEBUG_INFORMATION_FORMAT = dwarf;
				ENABLE_STRICT_OBJC_MSGSEND = YES;
				ENABLE_TESTABILITY = YES;
				GCC_C_LANGUAGE_STANDARD = gnu11;
				GCC_DYNAMIC_NO_PIC = NO;
				GCC_NO_COMMON_BLOCKS = YES;
				GCC_OPTIMIZATION_LEVEL = 0;
				GCC_PREPROCESSOR_DEFINITIONS = (
					"DEBUG=1",
					"$(inherited)",
				);
				GCC_WARN_64_TO_32_BIT_CONVERSION = YES;
				GCC_WARN_ABOUT_RETURN_TYPE = YES_ERROR;
				GCC_WARN_UNDECLARED_SELECTOR = YES;
				GCC_WARN_UNINITIALIZED_AUTOS = YES_AGGRESSIVE;
				GCC_WARN_UNUSED_FUNCTION = YES;
				GCC_WARN_UNUSED_VARIABLE = YES;
				IPHONEOS_DEPLOYMENT_TARGET = 16.4;
				MTL_ENABLE_DEBUG_INFO = INCLUDE_SOURCE;
				MTL_FAST_MATH = YES;
				ONLY_ACTIVE_ARCH = YES;
				SDKROOT = iphoneos;
				SWIFT_ACTIVE_COMPILATION_CONDITIONS = DEBUG;
				SWIFT_OPTIMIZATION_LEVEL = "-Onone";
			};
			name = Debug;
		};
		66862A7B2A2D72F400776946 /* Release */ = {
			isa = XCBuildConfiguration;
			buildSettings = {
				ALWAYS_SEARCH_USER_PATHS = NO;
				CLANG_ANALYZER_NONNULL = YES;
				CLANG_ANALYZER_NUMBER_OBJECT_CONVERSION = YES_AGGRESSIVE;
				CLANG_CXX_LANGUAGE_STANDARD = "gnu++20";
				CLANG_ENABLE_MODULES = YES;
				CLANG_ENABLE_OBJC_ARC = YES;
				CLANG_ENABLE_OBJC_WEAK = YES;
				CLANG_WARN_BLOCK_CAPTURE_AUTORELEASING = YES;
				CLANG_WARN_BOOL_CONVERSION = YES;
				CLANG_WARN_COMMA = YES;
				CLANG_WARN_CONSTANT_CONVERSION = YES;
				CLANG_WARN_DEPRECATED_OBJC_IMPLEMENTATIONS = YES;
				CLANG_WARN_DIRECT_OBJC_ISA_USAGE = YES_ERROR;
				CLANG_WARN_DOCUMENTATION_COMMENTS = YES;
				CLANG_WARN_EMPTY_BODY = YES;
				CLANG_WARN_ENUM_CONVERSION = YES;
				CLANG_WARN_INFINITE_RECURSION = YES;
				CLANG_WARN_INT_CONVERSION = YES;
				CLANG_WARN_NON_LITERAL_NULL_CONVERSION = YES;
				CLANG_WARN_OBJC_IMPLICIT_RETAIN_SELF = YES;
				CLANG_WARN_OBJC_LITERAL_CONVERSION = YES;
				CLANG_WARN_OBJC_ROOT_CLASS = YES_ERROR;
				CLANG_WARN_QUOTED_INCLUDE_IN_FRAMEWORK_HEADER = YES;
				CLANG_WARN_RANGE_LOOP_ANALYSIS = YES;
				CLANG_WARN_STRICT_PROTOTYPES = YES;
				CLANG_WARN_SUSPICIOUS_MOVE = YES;
				CLANG_WARN_UNGUARDED_AVAILABILITY = YES_AGGRESSIVE;
				CLANG_WARN_UNREACHABLE_CODE = YES;
				CLANG_WARN__DUPLICATE_METHOD_MATCH = YES;
				COPY_PHASE_STRIP = NO;
				DEBUG_INFORMATION_FORMAT = "dwarf-with-dsym";
				ENABLE_NS_ASSERTIONS = NO;
				ENABLE_STRICT_OBJC_MSGSEND = YES;
				GCC_C_LANGUAGE_STANDARD = gnu11;
				GCC_NO_COMMON_BLOCKS = YES;
				GCC_WARN_64_TO_32_BIT_CONVERSION = YES;
				GCC_WARN_ABOUT_RETURN_TYPE = YES_ERROR;
				GCC_WARN_UNDECLARED_SELECTOR = YES;
				GCC_WARN_UNINITIALIZED_AUTOS = YES_AGGRESSIVE;
				GCC_WARN_UNUSED_FUNCTION = YES;
				GCC_WARN_UNUSED_VARIABLE = YES;
				IPHONEOS_DEPLOYMENT_TARGET = 16.4;
				MTL_ENABLE_DEBUG_INFO = NO;
				MTL_FAST_MATH = YES;
				SDKROOT = iphoneos;
				SWIFT_COMPILATION_MODE = wholemodule;
				SWIFT_OPTIMIZATION_LEVEL = "-O";
				VALIDATE_PRODUCT = YES;
			};
			name = Release;
		};
		66862A7D2A2D72F400776946 /* Debug */ = {
			isa = XCBuildConfiguration;
			buildSettings = {
				ASSETCATALOG_COMPILER_APPICON_NAME = AppIcon;
				ASSETCATALOG_COMPILER_GLOBAL_ACCENT_COLOR_NAME = AccentColor;
				CODE_SIGN_STYLE = Automatic;
				CURRENT_PROJECT_VERSION = 1;
				DEVELOPMENT_TEAM = 4LSK5RV54C;
				GENERATE_INFOPLIST_FILE = YES;
				INFOPLIST_FILE = ChattingLayoutUsingColleciontView/Info.plist;
				INFOPLIST_KEY_UIApplicationSupportsIndirectInputEvents = YES;
				INFOPLIST_KEY_UILaunchStoryboardName = LaunchScreen;
				INFOPLIST_KEY_UIMainStoryboardFile = Main;
				INFOPLIST_KEY_UISupportedInterfaceOrientations_iPad = "UIInterfaceOrientationPortrait UIInterfaceOrientationPortraitUpsideDown UIInterfaceOrientationLandscapeLeft UIInterfaceOrientationLandscapeRight";
				INFOPLIST_KEY_UISupportedInterfaceOrientations_iPhone = "UIInterfaceOrientationPortrait UIInterfaceOrientationLandscapeLeft UIInterfaceOrientationLandscapeRight";
				LD_RUNPATH_SEARCH_PATHS = (
					"$(inherited)",
					"@executable_path/Frameworks",
				);
				MARKETING_VERSION = 1.0;
				PRODUCT_BUNDLE_IDENTIFIER = com.yeong.ChattingLayoutUsingColleciontView;
				PRODUCT_NAME = "$(TARGET_NAME)";
				SWIFT_EMIT_LOC_STRINGS = YES;
				SWIFT_VERSION = 5.0;
				TARGETED_DEVICE_FAMILY = "1,2";
			};
			name = Debug;
		};
		66862A7E2A2D72F400776946 /* Release */ = {
			isa = XCBuildConfiguration;
			buildSettings = {
				ASSETCATALOG_COMPILER_APPICON_NAME = AppIcon;
				ASSETCATALOG_COMPILER_GLOBAL_ACCENT_COLOR_NAME = AccentColor;
				CODE_SIGN_STYLE = Automatic;
				CURRENT_PROJECT_VERSION = 1;
				DEVELOPMENT_TEAM = 4LSK5RV54C;
				GENERATE_INFOPLIST_FILE = YES;
				INFOPLIST_FILE = ChattingLayoutUsingColleciontView/Info.plist;
				INFOPLIST_KEY_UIApplicationSupportsIndirectInputEvents = YES;
				INFOPLIST_KEY_UILaunchStoryboardName = LaunchScreen;
				INFOPLIST_KEY_UIMainStoryboardFile = Main;
				INFOPLIST_KEY_UISupportedInterfaceOrientations_iPad = "UIInterfaceOrientationPortrait UIInterfaceOrientationPortraitUpsideDown UIInterfaceOrientationLandscapeLeft UIInterfaceOrientationLandscapeRight";
				INFOPLIST_KEY_UISupportedInterfaceOrientations_iPhone = "UIInterfaceOrientationPortrait UIInterfaceOrientationLandscapeLeft UIInterfaceOrientationLandscapeRight";
				LD_RUNPATH_SEARCH_PATHS = (
					"$(inherited)",
					"@executable_path/Frameworks",
				);
				MARKETING_VERSION = 1.0;
				PRODUCT_BUNDLE_IDENTIFIER = com.yeong.ChattingLayoutUsingColleciontView;
				PRODUCT_NAME = "$(TARGET_NAME)";
				SWIFT_EMIT_LOC_STRINGS = YES;
				SWIFT_VERSION = 5.0;
				TARGETED_DEVICE_FAMILY = "1,2";
			};
			name = Release;
		};
		66862A802A2D72F400776946 /* Debug */ = {
			isa = XCBuildConfiguration;
			buildSettings = {
				ALWAYS_EMBED_SWIFT_STANDARD_LIBRARIES = YES;
				CODE_SIGN_STYLE = Automatic;
				CURRENT_PROJECT_VERSION = 1;
				DEVELOPMENT_TEAM = 4LSK5RV54C;
				GENERATE_INFOPLIST_FILE = YES;
				IPHONEOS_DEPLOYMENT_TARGET = 16.4;
				MARKETING_VERSION = 1.0;
				PRODUCT_BUNDLE_IDENTIFIER = com.yeong.ChattingLayoutUsingColleciontViewTests;
				PRODUCT_NAME = "$(TARGET_NAME)";
				SWIFT_EMIT_LOC_STRINGS = NO;
				SWIFT_VERSION = 5.0;
				TARGETED_DEVICE_FAMILY = "1,2";
				TEST_HOST = "$(BUILT_PRODUCTS_DIR)/ChattingLayoutUsingColleciontView.app/$(BUNDLE_EXECUTABLE_FOLDER_PATH)/ChattingLayoutUsingColleciontView";
			};
			name = Debug;
		};
		66862A812A2D72F400776946 /* Release */ = {
			isa = XCBuildConfiguration;
			buildSettings = {
				ALWAYS_EMBED_SWIFT_STANDARD_LIBRARIES = YES;
				CODE_SIGN_STYLE = Automatic;
				CURRENT_PROJECT_VERSION = 1;
				DEVELOPMENT_TEAM = 4LSK5RV54C;
				GENERATE_INFOPLIST_FILE = YES;
				IPHONEOS_DEPLOYMENT_TARGET = 16.4;
				MARKETING_VERSION = 1.0;
				PRODUCT_BUNDLE_IDENTIFIER = com.yeong.ChattingLayoutUsingColleciontViewTests;
				PRODUCT_NAME = "$(TARGET_NAME)";
				SWIFT_EMIT_LOC_STRINGS = NO;
				SWIFT_VERSION = 5.0;
				TARGETED_DEVICE_FAMILY = "1,2";
				TEST_HOST = "$(BUILT_PRODUCTS_DIR)/ChattingLayoutUsingColleciontView.app/$(BUNDLE_EXECUTABLE_FOLDER_PATH)/ChattingLayoutUsingColleciontView";
			};
			name = Release;
		};
		66862A832A2D72F400776946 /* Debug */ = {
			isa = XCBuildConfiguration;
			buildSettings = {
				ALWAYS_EMBED_SWIFT_STANDARD_LIBRARIES = YES;
				CODE_SIGN_STYLE = Automatic;
				CURRENT_PROJECT_VERSION = 1;
				DEVELOPMENT_TEAM = 4LSK5RV54C;
				GENERATE_INFOPLIST_FILE = YES;
				MARKETING_VERSION = 1.0;
				PRODUCT_BUNDLE_IDENTIFIER = com.yeong.ChattingLayoutUsingColleciontViewUITests;
				PRODUCT_NAME = "$(TARGET_NAME)";
				SWIFT_EMIT_LOC_STRINGS = NO;
				SWIFT_VERSION = 5.0;
				TARGETED_DEVICE_FAMILY = "1,2";
				TEST_TARGET_NAME = ChattingLayoutUsingColleciontView;
			};
			name = Debug;
		};
		66862A842A2D72F400776946 /* Release */ = {
			isa = XCBuildConfiguration;
			buildSettings = {
				ALWAYS_EMBED_SWIFT_STANDARD_LIBRARIES = YES;
				CODE_SIGN_STYLE = Automatic;
				CURRENT_PROJECT_VERSION = 1;
				DEVELOPMENT_TEAM = 4LSK5RV54C;
				GENERATE_INFOPLIST_FILE = YES;
				MARKETING_VERSION = 1.0;
				PRODUCT_BUNDLE_IDENTIFIER = com.yeong.ChattingLayoutUsingColleciontViewUITests;
				PRODUCT_NAME = "$(TARGET_NAME)";
				SWIFT_EMIT_LOC_STRINGS = NO;
				SWIFT_VERSION = 5.0;
				TARGETED_DEVICE_FAMILY = "1,2";
				TEST_TARGET_NAME = ChattingLayoutUsingColleciontView;
			};
			name = Release;
		};
/* End XCBuildConfiguration section */

/* Begin XCConfigurationList section */
		66862A4D2A2D72F200776946 /* Build configuration list for PBXProject "ChattingLayoutUsingColleciontView" */ = {
			isa = XCConfigurationList;
			buildConfigurations = (
				66862A7A2A2D72F400776946 /* Debug */,
				66862A7B2A2D72F400776946 /* Release */,
			);
			defaultConfigurationIsVisible = 0;
			defaultConfigurationName = Release;
		};
		66862A7C2A2D72F400776946 /* Build configuration list for PBXNativeTarget "ChattingLayoutUsingColleciontView" */ = {
			isa = XCConfigurationList;
			buildConfigurations = (
				66862A7D2A2D72F400776946 /* Debug */,
				66862A7E2A2D72F400776946 /* Release */,
			);
			defaultConfigurationIsVisible = 0;
			defaultConfigurationName = Release;
		};
		66862A7F2A2D72F400776946 /* Build configuration list for PBXNativeTarget "ChattingLayoutUsingColleciontViewTests" */ = {
			isa = XCConfigurationList;
			buildConfigurations = (
				66862A802A2D72F400776946 /* Debug */,
				66862A812A2D72F400776946 /* Release */,
			);
			defaultConfigurationIsVisible = 0;
			defaultConfigurationName = Release;
		};
		66862A822A2D72F400776946 /* Build configuration list for PBXNativeTarget "ChattingLayoutUsingColleciontViewUITests" */ = {
			isa = XCConfigurationList;
			buildConfigurations = (
				66862A832A2D72F400776946 /* Debug */,
				66862A842A2D72F400776946 /* Release */,
			);
			defaultConfigurationIsVisible = 0;
			defaultConfigurationName = Release;
		};
/* End XCConfigurationList section */

/* Begin XCRemoteSwiftPackageReference section */
		665C69642A33160D0074B6D7 /* XCRemoteSwiftPackageReference "Kingfisher" */ = {
			isa = XCRemoteSwiftPackageReference;
			repositoryURL = "https://github.com/onevcat/Kingfisher.git";
			requirement = {
				kind = upToNextMajorVersion;
				minimumVersion = 7.0.0;
			};
		};
		66862A852A2D732F00776946 /* XCRemoteSwiftPackageReference "SnapKit" */ = {
			isa = XCRemoteSwiftPackageReference;
			repositoryURL = "https://github.com/SnapKit/SnapKit.git";
			requirement = {
				kind = upToNextMajorVersion;
				minimumVersion = 5.0.0;
			};
		};
		66862A882A2D733C00776946 /* XCRemoteSwiftPackageReference "Then" */ = {
			isa = XCRemoteSwiftPackageReference;
			repositoryURL = "https://github.com/devxoul/Then.git";
			requirement = {
				kind = upToNextMajorVersion;
				minimumVersion = 3.0.0;
			};
		};
		66862A8B2A2D735A00776946 /* XCRemoteSwiftPackageReference "RxSwift" */ = {
			isa = XCRemoteSwiftPackageReference;
			repositoryURL = "https://github.com/ReactiveX/RxSwift.git";
			requirement = {
				kind = upToNextMajorVersion;
				minimumVersion = 6.0.0;
			};
		};
/* End XCRemoteSwiftPackageReference section */

/* Begin XCSwiftPackageProductDependency section */
		665C69652A33160D0074B6D7 /* Kingfisher */ = {
			isa = XCSwiftPackageProductDependency;
			package = 665C69642A33160D0074B6D7 /* XCRemoteSwiftPackageReference "Kingfisher" */;
			productName = Kingfisher;
		};
		66862A862A2D732F00776946 /* SnapKit */ = {
			isa = XCSwiftPackageProductDependency;
			package = 66862A852A2D732F00776946 /* XCRemoteSwiftPackageReference "SnapKit" */;
			productName = SnapKit;
		};
		66862A892A2D733C00776946 /* Then */ = {
			isa = XCSwiftPackageProductDependency;
			package = 66862A882A2D733C00776946 /* XCRemoteSwiftPackageReference "Then" */;
			productName = Then;
		};
		66862A8C2A2D735A00776946 /* RxCocoa */ = {
			isa = XCSwiftPackageProductDependency;
			package = 66862A8B2A2D735A00776946 /* XCRemoteSwiftPackageReference "RxSwift" */;
			productName = RxCocoa;
		};
		66862A8E2A2D735A00776946 /* RxRelay */ = {
			isa = XCSwiftPackageProductDependency;
			package = 66862A8B2A2D735A00776946 /* XCRemoteSwiftPackageReference "RxSwift" */;
			productName = RxRelay;
		};
		66862A902A2D735A00776946 /* RxSwift */ = {
			isa = XCSwiftPackageProductDependency;
			package = 66862A8B2A2D735A00776946 /* XCRemoteSwiftPackageReference "RxSwift" */;
			productName = RxSwift;
		};
/* End XCSwiftPackageProductDependency section */
	};
	rootObject = 66862A4A2A2D72F200776946 /* Project object */;
}
