// !$*UTF8*$!
{
	archiveVersion = 1;
	classes = {
	};
	objectVersion = 55;
	objects = {

/* Begin PBXBuildFile section */
		668AF395285B24C100F88EF4 /* LandmarksApp.swift in Sources */ = {isa = PBXBuildFile; fileRef = 668AF394285B24C100F88EF4 /* LandmarksApp.swift */; };
		668AF397285B24C100F88EF4 /* ContentView.swift in Sources */ = {isa = PBXBuildFile; fileRef = 668AF396285B24C100F88EF4 /* ContentView.swift */; };
		668AF399285B24C200F88EF4 /* Assets.xcassets in Resources */ = {isa = PBXBuildFile; fileRef = 668AF398285B24C200F88EF4 /* Assets.xcassets */; };
		668AF39C285B24C200F88EF4 /* Preview Assets.xcassets in Resources */ = {isa = PBXBuildFile; fileRef = 668AF39B285B24C200F88EF4 /* Preview Assets.xcassets */; };
		668AF3A3285B281800F88EF4 /* CircleImage.swift in Sources */ = {isa = PBXBuildFile; fileRef = 668AF3A2285B281800F88EF4 /* CircleImage.swift */; };
		668AF3A5285B28DE00F88EF4 /* MapView.swift in Sources */ = {isa = PBXBuildFile; fileRef = 668AF3A4285B28DE00F88EF4 /* MapView.swift */; };
		668AF3B6285B2D9200F88EF4 /* LICENSE.txt in Resources */ = {isa = PBXBuildFile; fileRef = 668AF3A8285B2D9100F88EF4 /* LICENSE.txt */; };
		668AF3C4285B2DAC00F88EF4 /* Landmark.swift in Sources */ = {isa = PBXBuildFile; fileRef = 668AF3C3285B2DAC00F88EF4 /* Landmark.swift */; };
		668AF3C6285B2EE300F88EF4 /* ModelData.swift in Sources */ = {isa = PBXBuildFile; fileRef = 668AF3C5285B2EE300F88EF4 /* ModelData.swift */; };
		668AF3CE285BFBE700F88EF4 /* LandmarkRow.swift in Sources */ = {isa = PBXBuildFile; fileRef = 668AF3C9285BF7CD00F88EF4 /* LandmarkRow.swift */; };
		668AF3D1285BFD8900F88EF4 /* landmarkData.json in Resources */ = {isa = PBXBuildFile; fileRef = 668AF3D0285BFD8900F88EF4 /* landmarkData.json */; };
		668AF3D3285C1AFA00F88EF4 /* LandmarkList.swift in Sources */ = {isa = PBXBuildFile; fileRef = 668AF3D2285C1AF900F88EF4 /* LandmarkList.swift */; };
		668AF3D5285C1C4C00F88EF4 /* LandmarkDetail.swift in Sources */ = {isa = PBXBuildFile; fileRef = 668AF3D4285C1C4C00F88EF4 /* LandmarkDetail.swift */; };
		668AF3D9285C401400F88EF4 /* FavoriteButton.swift in Sources */ = {isa = PBXBuildFile; fileRef = 668AF3D8285C401400F88EF4 /* FavoriteButton.swift */; };
		668AF3DB285C436B00F88EF4 /* HexagonParameters.swift in Sources */ = {isa = PBXBuildFile; fileRef = 668AF3DA285C436B00F88EF4 /* HexagonParameters.swift */; };
		668AF3DE285C44FA00F88EF4 /* BadgeBackground.swift in Sources */ = {isa = PBXBuildFile; fileRef = 668AF3DD285C44FA00F88EF4 /* BadgeBackground.swift */; };
		668AF3E0285C626800F88EF4 /* BadgeSymbol.swift in Sources */ = {isa = PBXBuildFile; fileRef = 668AF3DF285C626800F88EF4 /* BadgeSymbol.swift */; };
		668AF3E2285C679400F88EF4 /* RotatedBadgeSymbol.swift in Sources */ = {isa = PBXBuildFile; fileRef = 668AF3E1285C679400F88EF4 /* RotatedBadgeSymbol.swift */; };
		668AF3E4285C67F400F88EF4 /* Badge.swift in Sources */ = {isa = PBXBuildFile; fileRef = 668AF3E3285C67F400F88EF4 /* Badge.swift */; };
		668AF3E6285C6CC100F88EF4 /* hikeData.json in Resources */ = {isa = PBXBuildFile; fileRef = 668AF3E5285C6CC100F88EF4 /* hikeData.json */; };
		668AF3E8285C6CDB00F88EF4 /* Hike.swift in Sources */ = {isa = PBXBuildFile; fileRef = 668AF3E7285C6CDB00F88EF4 /* Hike.swift */; };
		668AF3EE285C732700F88EF4 /* GraphCapsule.swift in Sources */ = {isa = PBXBuildFile; fileRef = 668AF3EA285C732600F88EF4 /* GraphCapsule.swift */; };
		668AF3EF285C732700F88EF4 /* HikeGraph.swift in Sources */ = {isa = PBXBuildFile; fileRef = 668AF3EB285C732600F88EF4 /* HikeGraph.swift */; };
		668AF3F0285C732700F88EF4 /* HikeDetail.swift in Sources */ = {isa = PBXBuildFile; fileRef = 668AF3EC285C732700F88EF4 /* HikeDetail.swift */; };
		668AF3F1285C732700F88EF4 /* HikeView.swift in Sources */ = {isa = PBXBuildFile; fileRef = 668AF3ED285C732700F88EF4 /* HikeView.swift */; };
/* End PBXBuildFile section */

/* Begin PBXFileReference section */
		668AF391285B24C100F88EF4 /* Landmarks.app */ = {isa = PBXFileReference; explicitFileType = wrapper.application; includeInIndex = 0; path = Landmarks.app; sourceTree = BUILT_PRODUCTS_DIR; };
		668AF394285B24C100F88EF4 /* LandmarksApp.swift */ = {isa = PBXFileReference; lastKnownFileType = sourcecode.swift; path = LandmarksApp.swift; sourceTree = "<group>"; };
		668AF396285B24C100F88EF4 /* ContentView.swift */ = {isa = PBXFileReference; lastKnownFileType = sourcecode.swift; path = ContentView.swift; sourceTree = "<group>"; };
		668AF398285B24C200F88EF4 /* Assets.xcassets */ = {isa = PBXFileReference; lastKnownFileType = folder.assetcatalog; path = Assets.xcassets; sourceTree = "<group>"; };
		668AF39B285B24C200F88EF4 /* Preview Assets.xcassets */ = {isa = PBXFileReference; lastKnownFileType = folder.assetcatalog; path = "Preview Assets.xcassets"; sourceTree = "<group>"; };
		668AF3A2285B281800F88EF4 /* CircleImage.swift */ = {isa = PBXFileReference; lastKnownFileType = sourcecode.swift; path = CircleImage.swift; sourceTree = "<group>"; };
		668AF3A4285B28DE00F88EF4 /* MapView.swift */ = {isa = PBXFileReference; lastKnownFileType = sourcecode.swift; path = MapView.swift; sourceTree = "<group>"; };
		668AF3A8285B2D9100F88EF4 /* LICENSE.txt */ = {isa = PBXFileReference; fileEncoding = 4; lastKnownFileType = text; path = LICENSE.txt; sourceTree = "<group>"; };
		668AF3C3285B2DAC00F88EF4 /* Landmark.swift */ = {isa = PBXFileReference; lastKnownFileType = sourcecode.swift; path = Landmark.swift; sourceTree = "<group>"; };
		668AF3C5285B2EE300F88EF4 /* ModelData.swift */ = {isa = PBXFileReference; lastKnownFileType = sourcecode.swift; path = ModelData.swift; sourceTree = "<group>"; };
		668AF3C9285BF7CD00F88EF4 /* LandmarkRow.swift */ = {isa = PBXFileReference; lastKnownFileType = sourcecode.swift; path = LandmarkRow.swift; sourceTree = "<group>"; };
		668AF3D0285BFD8900F88EF4 /* landmarkData.json */ = {isa = PBXFileReference; fileEncoding = 4; lastKnownFileType = text.json; name = landmarkData.json; path = Landmarks/Resources/landmarkData.json; sourceTree = SOURCE_ROOT; };
		668AF3D2285C1AF900F88EF4 /* LandmarkList.swift */ = {isa = PBXFileReference; lastKnownFileType = sourcecode.swift; path = LandmarkList.swift; sourceTree = "<group>"; };
		668AF3D4285C1C4C00F88EF4 /* LandmarkDetail.swift */ = {isa = PBXFileReference; lastKnownFileType = sourcecode.swift; path = LandmarkDetail.swift; sourceTree = "<group>"; };
		668AF3D8285C401400F88EF4 /* FavoriteButton.swift */ = {isa = PBXFileReference; lastKnownFileType = sourcecode.swift; path = FavoriteButton.swift; sourceTree = "<group>"; };
		668AF3DA285C436B00F88EF4 /* HexagonParameters.swift */ = {isa = PBXFileReference; lastKnownFileType = sourcecode.swift; path = HexagonParameters.swift; sourceTree = "<group>"; };
		668AF3DD285C44FA00F88EF4 /* BadgeBackground.swift */ = {isa = PBXFileReference; lastKnownFileType = sourcecode.swift; path = BadgeBackground.swift; sourceTree = "<group>"; };
		668AF3DF285C626800F88EF4 /* BadgeSymbol.swift */ = {isa = PBXFileReference; lastKnownFileType = sourcecode.swift; path = BadgeSymbol.swift; sourceTree = "<group>"; };
		668AF3E1285C679400F88EF4 /* RotatedBadgeSymbol.swift */ = {isa = PBXFileReference; lastKnownFileType = sourcecode.swift; path = RotatedBadgeSymbol.swift; sourceTree = "<group>"; };
		668AF3E3285C67F400F88EF4 /* Badge.swift */ = {isa = PBXFileReference; lastKnownFileType = sourcecode.swift; path = Badge.swift; sourceTree = "<group>"; };
		668AF3E5285C6CC100F88EF4 /* hikeData.json */ = {isa = PBXFileReference; fileEncoding = 4; lastKnownFileType = text.json; path = hikeData.json; sourceTree = "<group>"; };
		668AF3E7285C6CDB00F88EF4 /* Hike.swift */ = {isa = PBXFileReference; lastKnownFileType = sourcecode.swift; path = Hike.swift; sourceTree = "<group>"; };
		668AF3EA285C732600F88EF4 /* GraphCapsule.swift */ = {isa = PBXFileReference; fileEncoding = 4; lastKnownFileType = sourcecode.swift; path = GraphCapsule.swift; sourceTree = "<group>"; };
		668AF3EB285C732600F88EF4 /* HikeGraph.swift */ = {isa = PBXFileReference; fileEncoding = 4; lastKnownFileType = sourcecode.swift; path = HikeGraph.swift; sourceTree = "<group>"; };
		668AF3EC285C732700F88EF4 /* HikeDetail.swift */ = {isa = PBXFileReference; fileEncoding = 4; lastKnownFileType = sourcecode.swift; path = HikeDetail.swift; sourceTree = "<group>"; };
		668AF3ED285C732700F88EF4 /* HikeView.swift */ = {isa = PBXFileReference; fileEncoding = 4; lastKnownFileType = sourcecode.swift; path = HikeView.swift; sourceTree = "<group>"; };
/* End PBXFileReference section */

/* Begin PBXFrameworksBuildPhase section */
		668AF38E285B24C100F88EF4 /* Frameworks */ = {
			isa = PBXFrameworksBuildPhase;
			buildActionMask = 2147483647;
			files = (
			);
			runOnlyForDeploymentPostprocessing = 0;
		};
/* End PBXFrameworksBuildPhase section */

/* Begin PBXGroup section */
		668AF388285B24C100F88EF4 = {
			isa = PBXGroup;
			children = (
				668AF393285B24C100F88EF4 /* Landmarks */,
				668AF392285B24C100F88EF4 /* Products */,
			);
			sourceTree = "<group>";
		};
		668AF392285B24C100F88EF4 /* Products */ = {
			isa = PBXGroup;
			children = (
				668AF391285B24C100F88EF4 /* Landmarks.app */,
			);
			name = Products;
			sourceTree = "<group>";
		};
		668AF393285B24C100F88EF4 /* Landmarks */ = {
			isa = PBXGroup;
			children = (
				668AF394285B24C100F88EF4 /* LandmarksApp.swift */,
				668AF3C8285B2FC500F88EF4 /* Model */,
				668AF3C7285B2FBB00F88EF4 /* Views */,
				668AF3A6285B2D9100F88EF4 /* Resources */,
				668AF398285B24C200F88EF4 /* Assets.xcassets */,
				668AF39A285B24C200F88EF4 /* Preview Content */,
			);
			path = Landmarks;
			sourceTree = "<group>";
		};
		668AF39A285B24C200F88EF4 /* Preview Content */ = {
			isa = PBXGroup;
			children = (
				668AF39B285B24C200F88EF4 /* Preview Assets.xcassets */,
			);
			path = "Preview Content";
			sourceTree = "<group>";
		};
		668AF3A6285B2D9100F88EF4 /* Resources */ = {
			isa = PBXGroup;
			children = (
				668AF3E5285C6CC100F88EF4 /* hikeData.json */,
				668AF3D0285BFD8900F88EF4 /* landmarkData.json */,
				668AF3A7285B2D9100F88EF4 /* LICENSE */,
			);
			path = Resources;
			sourceTree = "<group>";
		};
		668AF3A7285B2D9100F88EF4 /* LICENSE */ = {
			isa = PBXGroup;
			children = (
				668AF3A8285B2D9100F88EF4 /* LICENSE.txt */,
			);
			path = LICENSE;
			sourceTree = "<group>";
		};
		668AF3C7285B2FBB00F88EF4 /* Views */ = {
			isa = PBXGroup;
			children = (
				668AF396285B24C100F88EF4 /* ContentView.swift */,
				668AF3E9285C732600F88EF4 /* Hikes */,
				668AF3D7285C3FF800F88EF4 /* Landmarks */,
				668AF3DC285C436F00F88EF4 /* Badges */,
				668AF3D6285C3FE000F88EF4 /* Helpers */,
			);
			path = Views;
			sourceTree = "<group>";
		};
		668AF3C8285B2FC500F88EF4 /* Model */ = {
			isa = PBXGroup;
			children = (
				668AF3C5285B2EE300F88EF4 /* ModelData.swift */,
				668AF3C3285B2DAC00F88EF4 /* Landmark.swift */,
				668AF3E7285C6CDB00F88EF4 /* Hike.swift */,
			);
			path = Model;
			sourceTree = "<group>";
		};
		668AF3D6285C3FE000F88EF4 /* Helpers */ = {
			isa = PBXGroup;
			children = (
				668AF3A2285B281800F88EF4 /* CircleImage.swift */,
				668AF3A4285B28DE00F88EF4 /* MapView.swift */,
				668AF3D8285C401400F88EF4 /* FavoriteButton.swift */,
			);
			path = Helpers;
			sourceTree = "<group>";
		};
		668AF3D7285C3FF800F88EF4 /* Landmarks */ = {
			isa = PBXGroup;
			children = (
				668AF3D2285C1AF900F88EF4 /* LandmarkList.swift */,
				668AF3C9285BF7CD00F88EF4 /* LandmarkRow.swift */,
				668AF3D4285C1C4C00F88EF4 /* LandmarkDetail.swift */,
			);
			path = Landmarks;
			sourceTree = "<group>";
		};
		668AF3DC285C436F00F88EF4 /* Badges */ = {
			isa = PBXGroup;
			children = (
				668AF3E3285C67F400F88EF4 /* Badge.swift */,
				668AF3DD285C44FA00F88EF4 /* BadgeBackground.swift */,
				668AF3DF285C626800F88EF4 /* BadgeSymbol.swift */,
				668AF3E1285C679400F88EF4 /* RotatedBadgeSymbol.swift */,
				668AF3DA285C436B00F88EF4 /* HexagonParameters.swift */,
			);
			path = Badges;
			sourceTree = "<group>";
		};
		668AF3E9285C732600F88EF4 /* Hikes */ = {
			isa = PBXGroup;
			children = (
				668AF3EA285C732600F88EF4 /* GraphCapsule.swift */,
				668AF3EB285C732600F88EF4 /* HikeGraph.swift */,
				668AF3EC285C732700F88EF4 /* HikeDetail.swift */,
				668AF3ED285C732700F88EF4 /* HikeView.swift */,
			);
			path = Hikes;
			sourceTree = "<group>";
		};
/* End PBXGroup section */

/* Begin PBXNativeTarget section */
		668AF390285B24C100F88EF4 /* Landmarks */ = {
			isa = PBXNativeTarget;
			buildConfigurationList = 668AF39F285B24C200F88EF4 /* Build configuration list for PBXNativeTarget "Landmarks" */;
			buildPhases = (
				668AF38D285B24C100F88EF4 /* Sources */,
				668AF38E285B24C100F88EF4 /* Frameworks */,
				668AF38F285B24C100F88EF4 /* Resources */,
			);
			buildRules = (
			);
			dependencies = (
			);
			name = Landmarks;
			productName = Landmarks;
			productReference = 668AF391285B24C100F88EF4 /* Landmarks.app */;
			productType = "com.apple.product-type.application";
		};
/* End PBXNativeTarget section */

/* Begin PBXProject section */
		668AF389285B24C100F88EF4 /* Project object */ = {
			isa = PBXProject;
			attributes = {
				BuildIndependentTargetsInParallel = 1;
				LastSwiftUpdateCheck = 1340;
				LastUpgradeCheck = 1340;
				TargetAttributes = {
					668AF390285B24C100F88EF4 = {
						CreatedOnToolsVersion = 13.4.1;
					};
				};
			};
			buildConfigurationList = 668AF38C285B24C100F88EF4 /* Build configuration list for PBXProject "Landmarks" */;
			compatibilityVersion = "Xcode 13.0";
			developmentRegion = en;
			hasScannedForEncodings = 0;
			knownRegions = (
				en,
				Base,
			);
			mainGroup = 668AF388285B24C100F88EF4;
			productRefGroup = 668AF392285B24C100F88EF4 /* Products */;
			projectDirPath = "";
			projectRoot = "";
			targets = (
				668AF390285B24C100F88EF4 /* Landmarks */,
			);
		};
/* End PBXProject section */

/* Begin PBXResourcesBuildPhase section */
		668AF38F285B24C100F88EF4 /* Resources */ = {
			isa = PBXResourcesBuildPhase;
			buildActionMask = 2147483647;
			files = (
				668AF3B6285B2D9200F88EF4 /* LICENSE.txt in Resources */,
				668AF3D1285BFD8900F88EF4 /* landmarkData.json in Resources */,
				668AF39C285B24C200F88EF4 /* Preview Assets.xcassets in Resources */,
				668AF399285B24C200F88EF4 /* Assets.xcassets in Resources */,
				668AF3E6285C6CC100F88EF4 /* hikeData.json in Resources */,
			);
			runOnlyForDeploymentPostprocessing = 0;
		};
/* End PBXResourcesBuildPhase section */

/* Begin PBXSourcesBuildPhase section */
		668AF38D285B24C100F88EF4 /* Sources */ = {
			isa = PBXSourcesBuildPhase;
			buildActionMask = 2147483647;
			files = (
				668AF397285B24C100F88EF4 /* ContentView.swift in Sources */,
				668AF3EF285C732700F88EF4 /* HikeGraph.swift in Sources */,
				668AF3E4285C67F400F88EF4 /* Badge.swift in Sources */,
				668AF3A5285B28DE00F88EF4 /* MapView.swift in Sources */,
				668AF3EE285C732700F88EF4 /* GraphCapsule.swift in Sources */,
				668AF395285B24C100F88EF4 /* LandmarksApp.swift in Sources */,
				668AF3D9285C401400F88EF4 /* FavoriteButton.swift in Sources */,
				668AF3F0285C732700F88EF4 /* HikeDetail.swift in Sources */,
				668AF3DB285C436B00F88EF4 /* HexagonParameters.swift in Sources */,
				668AF3E8285C6CDB00F88EF4 /* Hike.swift in Sources */,
				668AF3E2285C679400F88EF4 /* RotatedBadgeSymbol.swift in Sources */,
				668AF3E0285C626800F88EF4 /* BadgeSymbol.swift in Sources */,
				668AF3D3285C1AFA00F88EF4 /* LandmarkList.swift in Sources */,
				668AF3F1285C732700F88EF4 /* HikeView.swift in Sources */,
				668AF3D5285C1C4C00F88EF4 /* LandmarkDetail.swift in Sources */,
				668AF3DE285C44FA00F88EF4 /* BadgeBackground.swift in Sources */,
				668AF3A3285B281800F88EF4 /* CircleImage.swift in Sources */,
				668AF3C4285B2DAC00F88EF4 /* Landmark.swift in Sources */,
				668AF3CE285BFBE700F88EF4 /* LandmarkRow.swift in Sources */,
				668AF3C6285B2EE300F88EF4 /* ModelData.swift in Sources */,
			);
			runOnlyForDeploymentPostprocessing = 0;
		};
/* End PBXSourcesBuildPhase section */

/* Begin XCBuildConfiguration section */
		668AF39D285B24C200F88EF4 /* Debug */ = {
			isa = XCBuildConfiguration;
			buildSettings = {
				ALWAYS_SEARCH_USER_PATHS = NO;
				CLANG_ANALYZER_NONNULL = YES;
				CLANG_ANALYZER_NUMBER_OBJECT_CONVERSION = YES_AGGRESSIVE;
				CLANG_CXX_LANGUAGE_STANDARD = "gnu++17";
				CLANG_ENABLE_MODULES = YES;
				CLANG_ENABLE_OBJC_ARC = YES;
				CLANG_ENABLE_OBJC_WEAK = YES;
				CLANG_WARN_BLOCK_CAPTURE_AUTORELEASING = YES;
				CLANG_WARN_BOOL_CONVERSION = YES;
				CLANG_WARN_COMMA = YES;
				CLANG_WARN_CONSTANT_CONVERSION = YES;
				CLANG_WARN_DEPRECATED_OBJC_IMPLEMENTATIONS = YES;
				CLANG_WARN_DIRECT_OBJC_ISA_USAGE = YES_ERROR;
				CLANG_WARN_DOCUMENTATION_COMMENTS = YES;
				CLANG_WARN_EMPTY_BODY = YES;
				CLANG_WARN_ENUM_CONVERSION = YES;
				CLANG_WARN_INFINITE_RECURSION = YES;
				CLANG_WARN_INT_CONVERSION = YES;
				CLANG_WARN_NON_LITERAL_NULL_CONVERSION = YES;
				CLANG_WARN_OBJC_IMPLICIT_RETAIN_SELF = YES;
				CLANG_WARN_OBJC_LITERAL_CONVERSION = YES;
				CLANG_WARN_OBJC_ROOT_CLASS = YES_ERROR;
				CLANG_WARN_QUOTED_INCLUDE_IN_FRAMEWORK_HEADER = YES;
				CLANG_WARN_RANGE_LOOP_ANALYSIS = YES;
				CLANG_WARN_STRICT_PROTOTYPES = YES;
				CLANG_WARN_SUSPICIOUS_MOVE = YES;
				CLANG_WARN_UNGUARDED_AVAILABILITY = YES_AGGRESSIVE;
				CLANG_WARN_UNREACHABLE_CODE = YES;
				CLANG_WARN__DUPLICATE_METHOD_MATCH = YES;
				COPY_PHASE_STRIP = NO;
				DEBUG_INFORMATION_FORMAT = dwarf;
				ENABLE_STRICT_OBJC_MSGSEND = YES;
				ENABLE_TESTABILITY = YES;
				GCC_C_LANGUAGE_STANDARD = gnu11;
				GCC_DYNAMIC_NO_PIC = NO;
				GCC_NO_COMMON_BLOCKS = YES;
				GCC_OPTIMIZATION_LEVEL = 0;
				GCC_PREPROCESSOR_DEFINITIONS = (
					"DEBUG=1",
					"$(inherited)",
				);
				GCC_WARN_64_TO_32_BIT_CONVERSION = YES;
				GCC_WARN_ABOUT_RETURN_TYPE = YES_ERROR;
				GCC_WARN_UNDECLARED_SELECTOR = YES;
				GCC_WARN_UNINITIALIZED_AUTOS = YES_AGGRESSIVE;
				GCC_WARN_UNUSED_FUNCTION = YES;
				GCC_WARN_UNUSED_VARIABLE = YES;
				IPHONEOS_DEPLOYMENT_TARGET = 15.5;
				MTL_ENABLE_DEBUG_INFO = INCLUDE_SOURCE;
				MTL_FAST_MATH = YES;
				ONLY_ACTIVE_ARCH = YES;
				SDKROOT = iphoneos;
				SWIFT_ACTIVE_COMPILATION_CONDITIONS = DEBUG;
				SWIFT_OPTIMIZATION_LEVEL = "-Onone";
			};
			name = Debug;
		};
		668AF39E285B24C200F88EF4 /* Release */ = {
			isa = XCBuildConfiguration;
			buildSettings = {
				ALWAYS_SEARCH_USER_PATHS = NO;
				CLANG_ANALYZER_NONNULL = YES;
				CLANG_ANALYZER_NUMBER_OBJECT_CONVERSION = YES_AGGRESSIVE;
				CLANG_CXX_LANGUAGE_STANDARD = "gnu++17";
				CLANG_ENABLE_MODULES = YES;
				CLANG_ENABLE_OBJC_ARC = YES;
				CLANG_ENABLE_OBJC_WEAK = YES;
				CLANG_WARN_BLOCK_CAPTURE_AUTORELEASING = YES;
				CLANG_WARN_BOOL_CONVERSION = YES;
				CLANG_WARN_COMMA = YES;
				CLANG_WARN_CONSTANT_CONVERSION = YES;
				CLANG_WARN_DEPRECATED_OBJC_IMPLEMENTATIONS = YES;
				CLANG_WARN_DIRECT_OBJC_ISA_USAGE = YES_ERROR;
				CLANG_WARN_DOCUMENTATION_COMMENTS = YES;
				CLANG_WARN_EMPTY_BODY = YES;
				CLANG_WARN_ENUM_CONVERSION = YES;
				CLANG_WARN_INFINITE_RECURSION = YES;
				CLANG_WARN_INT_CONVERSION = YES;
				CLANG_WARN_NON_LITERAL_NULL_CONVERSION = YES;
				CLANG_WARN_OBJC_IMPLICIT_RETAIN_SELF = YES;
				CLANG_WARN_OBJC_LITERAL_CONVERSION = YES;
				CLANG_WARN_OBJC_ROOT_CLASS = YES_ERROR;
				CLANG_WARN_QUOTED_INCLUDE_IN_FRAMEWORK_HEADER = YES;
				CLANG_WARN_RANGE_LOOP_ANALYSIS = YES;
				CLANG_WARN_STRICT_PROTOTYPES = YES;
				CLANG_WARN_SUSPICIOUS_MOVE = YES;
				CLANG_WARN_UNGUARDED_AVAILABILITY = YES_AGGRESSIVE;
				CLANG_WARN_UNREACHABLE_CODE = YES;
				CLANG_WARN__DUPLICATE_METHOD_MATCH = YES;
				COPY_PHASE_STRIP = NO;
				DEBUG_INFORMATION_FORMAT = "dwarf-with-dsym";
				ENABLE_NS_ASSERTIONS = NO;
				ENABLE_STRICT_OBJC_MSGSEND = YES;
				GCC_C_LANGUAGE_STANDARD = gnu11;
				GCC_NO_COMMON_BLOCKS = YES;
				GCC_WARN_64_TO_32_BIT_CONVERSION = YES;
				GCC_WARN_ABOUT_RETURN_TYPE = YES_ERROR;
				GCC_WARN_UNDECLARED_SELECTOR = YES;
				GCC_WARN_UNINITIALIZED_AUTOS = YES_AGGRESSIVE;
				GCC_WARN_UNUSED_FUNCTION = YES;
				GCC_WARN_UNUSED_VARIABLE = YES;
				IPHONEOS_DEPLOYMENT_TARGET = 15.5;
				MTL_ENABLE_DEBUG_INFO = NO;
				MTL_FAST_MATH = YES;
				SDKROOT = iphoneos;
				SWIFT_COMPILATION_MODE = wholemodule;
				SWIFT_OPTIMIZATION_LEVEL = "-O";
				VALIDATE_PRODUCT = YES;
			};
			name = Release;
		};
		668AF3A0285B24C200F88EF4 /* Debug */ = {
			isa = XCBuildConfiguration;
			buildSettings = {
				ASSETCATALOG_COMPILER_APPICON_NAME = AppIcon;
				ASSETCATALOG_COMPILER_GLOBAL_ACCENT_COLOR_NAME = AccentColor;
				CODE_SIGN_STYLE = Automatic;
				CURRENT_PROJECT_VERSION = 1;
				DEVELOPMENT_ASSET_PATHS = "\"Landmarks/Preview Content\"";
				DEVELOPMENT_TEAM = 4LSK5RV54C;
				ENABLE_PREVIEWS = YES;
				GENERATE_INFOPLIST_FILE = YES;
				INFOPLIST_KEY_UIApplicationSceneManifest_Generation = YES;
				INFOPLIST_KEY_UIApplicationSupportsIndirectInputEvents = YES;
				INFOPLIST_KEY_UILaunchScreen_Generation = YES;
				INFOPLIST_KEY_UISupportedInterfaceOrientations_iPad = "UIInterfaceOrientationPortrait UIInterfaceOrientationPortraitUpsideDown UIInterfaceOrientationLandscapeLeft UIInterfaceOrientationLandscapeRight";
				INFOPLIST_KEY_UISupportedInterfaceOrientations_iPhone = "UIInterfaceOrientationPortrait UIInterfaceOrientationLandscapeLeft UIInterfaceOrientationLandscapeRight";
				LD_RUNPATH_SEARCH_PATHS = (
					"$(inherited)",
					"@executable_path/Frameworks",
				);
				MARKETING_VERSION = 1.0;
				PRODUCT_BUNDLE_IDENTIFIER = com.yeong.Landmarks.Landmarks;
				PRODUCT_NAME = "$(TARGET_NAME)";
				SWIFT_EMIT_LOC_STRINGS = YES;
				SWIFT_VERSION = 5.0;
				TARGETED_DEVICE_FAMILY = "1,2";
			};
			name = Debug;
		};
		668AF3A1285B24C200F88EF4 /* Release */ = {
			isa = XCBuildConfiguration;
			buildSettings = {
				ASSETCATALOG_COMPILER_APPICON_NAME = AppIcon;
				ASSETCATALOG_COMPILER_GLOBAL_ACCENT_COLOR_NAME = AccentColor;
				CODE_SIGN_STYLE = Automatic;
				CURRENT_PROJECT_VERSION = 1;
				DEVELOPMENT_ASSET_PATHS = "\"Landmarks/Preview Content\"";
				DEVELOPMENT_TEAM = 4LSK5RV54C;
				ENABLE_PREVIEWS = YES;
				GENERATE_INFOPLIST_FILE = YES;
				INFOPLIST_KEY_UIApplicationSceneManifest_Generation = YES;
				INFOPLIST_KEY_UIApplicationSupportsIndirectInputEvents = YES;
				INFOPLIST_KEY_UILaunchScreen_Generation = YES;
				INFOPLIST_KEY_UISupportedInterfaceOrientations_iPad = "UIInterfaceOrientationPortrait UIInterfaceOrientationPortraitUpsideDown UIInterfaceOrientationLandscapeLeft UIInterfaceOrientationLandscapeRight";
				INFOPLIST_KEY_UISupportedInterfaceOrientations_iPhone = "UIInterfaceOrientationPortrait UIInterfaceOrientationLandscapeLeft UIInterfaceOrientationLandscapeRight";
				LD_RUNPATH_SEARCH_PATHS = (
					"$(inherited)",
					"@executable_path/Frameworks",
				);
				MARKETING_VERSION = 1.0;
				PRODUCT_BUNDLE_IDENTIFIER = com.yeong.Landmarks.Landmarks;
				PRODUCT_NAME = "$(TARGET_NAME)";
				SWIFT_EMIT_LOC_STRINGS = YES;
				SWIFT_VERSION = 5.0;
				TARGETED_DEVICE_FAMILY = "1,2";
			};
			name = Release;
		};
/* End XCBuildConfiguration section */

/* Begin XCConfigurationList section */
		668AF38C285B24C100F88EF4 /* Build configuration list for PBXProject "Landmarks" */ = {
			isa = XCConfigurationList;
			buildConfigurations = (
				668AF39D285B24C200F88EF4 /* Debug */,
				668AF39E285B24C200F88EF4 /* Release */,
			);
			defaultConfigurationIsVisible = 0;
			defaultConfigurationName = Release;
		};
		668AF39F285B24C200F88EF4 /* Build configuration list for PBXNativeTarget "Landmarks" */ = {
			isa = XCConfigurationList;
			buildConfigurations = (
				668AF3A0285B24C200F88EF4 /* Debug */,
				668AF3A1285B24C200F88EF4 /* Release */,
			);
			defaultConfigurationIsVisible = 0;
			defaultConfigurationName = Release;
		};
/* End XCConfigurationList section */
	};
	rootObject = 668AF389285B24C100F88EF4 /* Project object */;
}
